// !$*UTF8*$!
{
	archiveVersion = 1;
	classes = {
	};
	objectVersion = 46;
	objects = {

/* Begin PBXBuildFile section */
		OBJ_102 /* main.swift in Sources */ = {isa = PBXBuildFile; fileRef = OBJ_45 /* main.swift */; };
		OBJ_104 /* AdventLib.framework in Frameworks */ = {isa = PBXBuildFile; fileRef = "AdventOfCode::AdventLib::Product" /* AdventLib.framework */; };
		OBJ_111 /* main.swift in Sources */ = {isa = PBXBuildFile; fileRef = OBJ_43 /* main.swift */; };
		OBJ_113 /* AdventLib.framework in Frameworks */ = {isa = PBXBuildFile; fileRef = "AdventOfCode::AdventLib::Product" /* AdventLib.framework */; };
		OBJ_120 /* main.swift in Sources */ = {isa = PBXBuildFile; fileRef = OBJ_41 /* main.swift */; };
		OBJ_122 /* AdventLib.framework in Frameworks */ = {isa = PBXBuildFile; fileRef = "AdventOfCode::AdventLib::Product" /* AdventLib.framework */; };
		OBJ_129 /* main.swift in Sources */ = {isa = PBXBuildFile; fileRef = OBJ_39 /* main.swift */; };
		OBJ_131 /* AdventLib.framework in Frameworks */ = {isa = PBXBuildFile; fileRef = "AdventOfCode::AdventLib::Product" /* AdventLib.framework */; };
		OBJ_138 /* main.swift in Sources */ = {isa = PBXBuildFile; fileRef = OBJ_37 /* main.swift */; };
		OBJ_140 /* AdventLib.framework in Frameworks */ = {isa = PBXBuildFile; fileRef = "AdventOfCode::AdventLib::Product" /* AdventLib.framework */; };
		OBJ_147 /* main.swift in Sources */ = {isa = PBXBuildFile; fileRef = OBJ_35 /* main.swift */; };
		OBJ_149 /* AdventLib.framework in Frameworks */ = {isa = PBXBuildFile; fileRef = "AdventOfCode::AdventLib::Product" /* AdventLib.framework */; };
		OBJ_156 /* main.swift in Sources */ = {isa = PBXBuildFile; fileRef = OBJ_33 /* main.swift */; };
		OBJ_158 /* AdventLib.framework in Frameworks */ = {isa = PBXBuildFile; fileRef = "AdventOfCode::AdventLib::Product" /* AdventLib.framework */; };
		OBJ_165 /* main.swift in Sources */ = {isa = PBXBuildFile; fileRef = OBJ_31 /* main.swift */; };
		OBJ_167 /* AdventLib.framework in Frameworks */ = {isa = PBXBuildFile; fileRef = "AdventOfCode::AdventLib::Product" /* AdventLib.framework */; };
		OBJ_174 /* main.swift in Sources */ = {isa = PBXBuildFile; fileRef = OBJ_29 /* main.swift */; };
		OBJ_176 /* AdventLib.framework in Frameworks */ = {isa = PBXBuildFile; fileRef = "AdventOfCode::AdventLib::Product" /* AdventLib.framework */; };
		OBJ_183 /* main.swift in Sources */ = {isa = PBXBuildFile; fileRef = OBJ_27 /* main.swift */; };
		OBJ_185 /* AdventLib.framework in Frameworks */ = {isa = PBXBuildFile; fileRef = "AdventOfCode::AdventLib::Product" /* AdventLib.framework */; };
		OBJ_192 /* main.swift in Sources */ = {isa = PBXBuildFile; fileRef = OBJ_25 /* main.swift */; };
		OBJ_194 /* AdventLib.framework in Frameworks */ = {isa = PBXBuildFile; fileRef = "AdventOfCode::AdventLib::Product" /* AdventLib.framework */; };
		OBJ_201 /* main.swift in Sources */ = {isa = PBXBuildFile; fileRef = OBJ_23 /* main.swift */; };
		OBJ_203 /* AdventLib.framework in Frameworks */ = {isa = PBXBuildFile; fileRef = "AdventOfCode::AdventLib::Product" /* AdventLib.framework */; };
		OBJ_210 /* main.swift in Sources */ = {isa = PBXBuildFile; fileRef = OBJ_21 /* main.swift */; };
		OBJ_212 /* AdventLib.framework in Frameworks */ = {isa = PBXBuildFile; fileRef = "AdventOfCode::AdventLib::Product" /* AdventLib.framework */; };
		OBJ_219 /* main.swift in Sources */ = {isa = PBXBuildFile; fileRef = OBJ_19 /* main.swift */; };
		OBJ_221 /* AdventLib.framework in Frameworks */ = {isa = PBXBuildFile; fileRef = "AdventOfCode::AdventLib::Product" /* AdventLib.framework */; };
		OBJ_228 /* main.swift in Sources */ = {isa = PBXBuildFile; fileRef = OBJ_17 /* main.swift */; };
		OBJ_230 /* AdventLib.framework in Frameworks */ = {isa = PBXBuildFile; fileRef = "AdventOfCode::AdventLib::Product" /* AdventLib.framework */; };
		OBJ_237 /* main.swift in Sources */ = {isa = PBXBuildFile; fileRef = OBJ_15 /* main.swift */; };
		OBJ_239 /* AdventLib.framework in Frameworks */ = {isa = PBXBuildFile; fileRef = "AdventOfCode::AdventLib::Product" /* AdventLib.framework */; };
		OBJ_246 /* main.swift in Sources */ = {isa = PBXBuildFile; fileRef = OBJ_13 /* main.swift */; };
		OBJ_248 /* AdventLib.framework in Frameworks */ = {isa = PBXBuildFile; fileRef = "AdventOfCode::AdventLib::Product" /* AdventLib.framework */; };
		OBJ_254 /* Heap.swift in Sources */ = {isa = PBXBuildFile; fileRef = OBJ_9 /* Heap.swift */; };
		OBJ_255 /* Regex.swift in Sources */ = {isa = PBXBuildFile; fileRef = OBJ_10 /* Regex.swift */; };
		OBJ_256 /* TextFile.swift in Sources */ = {isa = PBXBuildFile; fileRef = OBJ_11 /* TextFile.swift */; };
		OBJ_77 /* Package.swift in Sources */ = {isa = PBXBuildFile; fileRef = OBJ_6 /* Package.swift */; };
		OBJ_83 /* main.swift in Sources */ = {isa = PBXBuildFile; fileRef = OBJ_49 /* main.swift */; };
		OBJ_85 /* AdventLib.framework in Frameworks */ = {isa = PBXBuildFile; fileRef = "AdventOfCode::AdventLib::Product" /* AdventLib.framework */; };
		OBJ_93 /* main.swift in Sources */ = {isa = PBXBuildFile; fileRef = OBJ_47 /* main.swift */; };
		OBJ_95 /* AdventLib.framework in Frameworks */ = {isa = PBXBuildFile; fileRef = "AdventOfCode::AdventLib::Product" /* AdventLib.framework */; };
/* End PBXBuildFile section */

/* Begin PBXContainerItemProxy section */
		6BF3F205200C976300ABCF3D /* PBXContainerItemProxy */ = {
			isa = PBXContainerItemProxy;
			containerPortal = OBJ_1 /* Project object */;
			proxyType = 1;
			remoteGlobalIDString = "AdventOfCode::AdventLib";
			remoteInfo = AdventLib;
		};
		6BF3F206200C976300ABCF3D /* PBXContainerItemProxy */ = {
			isa = PBXContainerItemProxy;
			containerPortal = OBJ_1 /* Project object */;
			proxyType = 1;
			remoteGlobalIDString = "AdventOfCode::AdventLib";
			remoteInfo = AdventLib;
		};
		6BF3F207200C976300ABCF3D /* PBXContainerItemProxy */ = {
			isa = PBXContainerItemProxy;
			containerPortal = OBJ_1 /* Project object */;
			proxyType = 1;
			remoteGlobalIDString = "AdventOfCode::AdventLib";
			remoteInfo = AdventLib;
		};
		6BF3F208200C976300ABCF3D /* PBXContainerItemProxy */ = {
			isa = PBXContainerItemProxy;
			containerPortal = OBJ_1 /* Project object */;
			proxyType = 1;
			remoteGlobalIDString = "AdventOfCode::AdventLib";
			remoteInfo = AdventLib;
		};
		6BF3F209200C976300ABCF3D /* PBXContainerItemProxy */ = {
			isa = PBXContainerItemProxy;
			containerPortal = OBJ_1 /* Project object */;
			proxyType = 1;
			remoteGlobalIDString = "AdventOfCode::AdventLib";
			remoteInfo = AdventLib;
		};
		6BF3F20A200C976300ABCF3D /* PBXContainerItemProxy */ = {
			isa = PBXContainerItemProxy;
			containerPortal = OBJ_1 /* Project object */;
			proxyType = 1;
			remoteGlobalIDString = "AdventOfCode::AdventLib";
			remoteInfo = AdventLib;
		};
		6BF3F20B200C976300ABCF3D /* PBXContainerItemProxy */ = {
			isa = PBXContainerItemProxy;
			containerPortal = OBJ_1 /* Project object */;
			proxyType = 1;
			remoteGlobalIDString = "AdventOfCode::AdventLib";
			remoteInfo = AdventLib;
		};
		6BF3F20C200C976300ABCF3D /* PBXContainerItemProxy */ = {
			isa = PBXContainerItemProxy;
			containerPortal = OBJ_1 /* Project object */;
			proxyType = 1;
			remoteGlobalIDString = "AdventOfCode::AdventLib";
			remoteInfo = AdventLib;
		};
		6BF3F20D200C976300ABCF3D /* PBXContainerItemProxy */ = {
			isa = PBXContainerItemProxy;
			containerPortal = OBJ_1 /* Project object */;
			proxyType = 1;
			remoteGlobalIDString = "AdventOfCode::AdventLib";
			remoteInfo = AdventLib;
		};
		6BF3F20E200C976300ABCF3D /* PBXContainerItemProxy */ = {
			isa = PBXContainerItemProxy;
			containerPortal = OBJ_1 /* Project object */;
			proxyType = 1;
			remoteGlobalIDString = "AdventOfCode::AdventLib";
			remoteInfo = AdventLib;
		};
		6BF3F20F200C976300ABCF3D /* PBXContainerItemProxy */ = {
			isa = PBXContainerItemProxy;
			containerPortal = OBJ_1 /* Project object */;
			proxyType = 1;
			remoteGlobalIDString = "AdventOfCode::AdventLib";
			remoteInfo = AdventLib;
		};
		6BF3F210200C976300ABCF3D /* PBXContainerItemProxy */ = {
			isa = PBXContainerItemProxy;
			containerPortal = OBJ_1 /* Project object */;
			proxyType = 1;
			remoteGlobalIDString = "AdventOfCode::AdventLib";
			remoteInfo = AdventLib;
		};
		6BF3F211200C976300ABCF3D /* PBXContainerItemProxy */ = {
			isa = PBXContainerItemProxy;
			containerPortal = OBJ_1 /* Project object */;
			proxyType = 1;
			remoteGlobalIDString = "AdventOfCode::AdventLib";
			remoteInfo = AdventLib;
		};
		6BF3F212200C976300ABCF3D /* PBXContainerItemProxy */ = {
			isa = PBXContainerItemProxy;
			containerPortal = OBJ_1 /* Project object */;
			proxyType = 1;
			remoteGlobalIDString = "AdventOfCode::AdventLib";
			remoteInfo = AdventLib;
		};
		6BF3F213200C976300ABCF3D /* PBXContainerItemProxy */ = {
			isa = PBXContainerItemProxy;
			containerPortal = OBJ_1 /* Project object */;
			proxyType = 1;
			remoteGlobalIDString = "AdventOfCode::AdventLib";
			remoteInfo = AdventLib;
		};
		6BF3F214200C976300ABCF3D /* PBXContainerItemProxy */ = {
			isa = PBXContainerItemProxy;
			containerPortal = OBJ_1 /* Project object */;
			proxyType = 1;
			remoteGlobalIDString = "AdventOfCode::AdventLib";
			remoteInfo = AdventLib;
		};
		6BF3F215200C976300ABCF3D /* PBXContainerItemProxy */ = {
			isa = PBXContainerItemProxy;
			containerPortal = OBJ_1 /* Project object */;
			proxyType = 1;
			remoteGlobalIDString = "AdventOfCode::AdventLib";
			remoteInfo = AdventLib;
		};
		6BF3F216200C976300ABCF3D /* PBXContainerItemProxy */ = {
			isa = PBXContainerItemProxy;
			containerPortal = OBJ_1 /* Project object */;
			proxyType = 1;
			remoteGlobalIDString = "AdventOfCode::AdventLib";
			remoteInfo = AdventLib;
		};
		6BF3F217200C976300ABCF3D /* PBXContainerItemProxy */ = {
			isa = PBXContainerItemProxy;
			containerPortal = OBJ_1 /* Project object */;
			proxyType = 1;
			remoteGlobalIDString = "AdventOfCode::AdventLib";
			remoteInfo = AdventLib;
		};
/* End PBXContainerItemProxy section */

/* Begin PBXFileReference section */
		"AdventOfCode::02-Presents::Product" /* 02-Presents */ = {isa = PBXFileReference; lastKnownFileType = text; path = "02-Presents"; sourceTree = BUILT_PRODUCTS_DIR; };
		"AdventOfCode::03-Visits::Product" /* 03-Visits */ = {isa = PBXFileReference; lastKnownFileType = text; path = "03-Visits"; sourceTree = BUILT_PRODUCTS_DIR; };
		"AdventOfCode::04-Hashing::Product" /* 04-Hashing */ = {isa = PBXFileReference; lastKnownFileType = text; path = "04-Hashing"; sourceTree = BUILT_PRODUCTS_DIR; };
		"AdventOfCode::05-Nice::Product" /* 05-Nice */ = {isa = PBXFileReference; lastKnownFileType = text; path = "05-Nice"; sourceTree = BUILT_PRODUCTS_DIR; };
		"AdventOfCode::06-Lights::Product" /* 06-Lights */ = {isa = PBXFileReference; lastKnownFileType = text; path = "06-Lights"; sourceTree = BUILT_PRODUCTS_DIR; };
		"AdventOfCode::07-Wires::Product" /* 07-Wires */ = {isa = PBXFileReference; lastKnownFileType = text; path = "07-Wires"; sourceTree = BUILT_PRODUCTS_DIR; };
		"AdventOfCode::08-Matchsticks::Product" /* 08-Matchsticks */ = {isa = PBXFileReference; lastKnownFileType = text; path = "08-Matchsticks"; sourceTree = BUILT_PRODUCTS_DIR; };
		"AdventOfCode::09-Routes::Product" /* 09-Routes */ = {isa = PBXFileReference; lastKnownFileType = text; path = "09-Routes"; sourceTree = BUILT_PRODUCTS_DIR; };
		"AdventOfCode::10-LookAndSay::Product" /* 10-LookAndSay */ = {isa = PBXFileReference; lastKnownFileType = text; path = "10-LookAndSay"; sourceTree = BUILT_PRODUCTS_DIR; };
		"AdventOfCode::11-Passwords::Product" /* 11-Passwords */ = {isa = PBXFileReference; lastKnownFileType = text; path = "11-Passwords"; sourceTree = BUILT_PRODUCTS_DIR; };
		"AdventOfCode::13-Seating::Product" /* 13-Seating */ = {isa = PBXFileReference; lastKnownFileType = text; path = "13-Seating"; sourceTree = BUILT_PRODUCTS_DIR; };
		"AdventOfCode::14-Reindeer::Product" /* 14-Reindeer */ = {isa = PBXFileReference; lastKnownFileType = text; path = "14-Reindeer"; sourceTree = BUILT_PRODUCTS_DIR; };
		"AdventOfCode::15-Cookie::Product" /* 15-Cookie */ = {isa = PBXFileReference; lastKnownFileType = text; path = "15-Cookie"; sourceTree = BUILT_PRODUCTS_DIR; };
		"AdventOfCode::16-Sues::Product" /* 16-Sues */ = {isa = PBXFileReference; lastKnownFileType = text; path = "16-Sues"; sourceTree = BUILT_PRODUCTS_DIR; };
		"AdventOfCode::17-Eggnog::Product" /* 17-Eggnog */ = {isa = PBXFileReference; lastKnownFileType = text; path = "17-Eggnog"; sourceTree = BUILT_PRODUCTS_DIR; };
		"AdventOfCode::18-GIF::Product" /* 18-GIF */ = {isa = PBXFileReference; lastKnownFileType = text; path = "18-GIF"; sourceTree = BUILT_PRODUCTS_DIR; };
		"AdventOfCode::AdventLib::Product" /* AdventLib.framework */ = {isa = PBXFileReference; explicitFileType = wrapper.framework; path = AdventLib.framework; sourceTree = BUILT_PRODUCTS_DIR; };
		"AdventOfCode::Day01Floors::Product" /* Day01Floors */ = {isa = PBXFileReference; lastKnownFileType = text; path = Day01Floors; sourceTree = BUILT_PRODUCTS_DIR; };
		"AdventOfCode::Day19Molecules::Product" /* Day19Molecules */ = {isa = PBXFileReference; lastKnownFileType = text; path = Day19Molecules; sourceTree = BUILT_PRODUCTS_DIR; };
		"AdventOfCode::Day20Elves::Product" /* Day20Elves */ = {isa = PBXFileReference; lastKnownFileType = text; path = Day20Elves; sourceTree = BUILT_PRODUCTS_DIR; };
		OBJ_10 /* Regex.swift */ = {isa = PBXFileReference; lastKnownFileType = sourcecode.swift; path = Regex.swift; sourceTree = "<group>"; };
		OBJ_11 /* TextFile.swift */ = {isa = PBXFileReference; lastKnownFileType = sourcecode.swift; path = TextFile.swift; sourceTree = "<group>"; };
		OBJ_13 /* main.swift */ = {isa = PBXFileReference; lastKnownFileType = sourcecode.swift; path = main.swift; sourceTree = "<group>"; };
		OBJ_15 /* main.swift */ = {isa = PBXFileReference; lastKnownFileType = sourcecode.swift; path = main.swift; sourceTree = "<group>"; };
		OBJ_17 /* main.swift */ = {isa = PBXFileReference; lastKnownFileType = sourcecode.swift; path = main.swift; sourceTree = "<group>"; };
		OBJ_19 /* main.swift */ = {isa = PBXFileReference; lastKnownFileType = sourcecode.swift; path = main.swift; sourceTree = "<group>"; };
		OBJ_21 /* main.swift */ = {isa = PBXFileReference; lastKnownFileType = sourcecode.swift; path = main.swift; sourceTree = "<group>"; };
		OBJ_23 /* main.swift */ = {isa = PBXFileReference; lastKnownFileType = sourcecode.swift; path = main.swift; sourceTree = "<group>"; };
		OBJ_25 /* main.swift */ = {isa = PBXFileReference; lastKnownFileType = sourcecode.swift; path = main.swift; sourceTree = "<group>"; };
		OBJ_27 /* main.swift */ = {isa = PBXFileReference; lastKnownFileType = sourcecode.swift; path = main.swift; sourceTree = "<group>"; };
		OBJ_29 /* main.swift */ = {isa = PBXFileReference; lastKnownFileType = sourcecode.swift; path = main.swift; sourceTree = "<group>"; };
		OBJ_31 /* main.swift */ = {isa = PBXFileReference; lastKnownFileType = sourcecode.swift; path = main.swift; sourceTree = "<group>"; };
		OBJ_33 /* main.swift */ = {isa = PBXFileReference; lastKnownFileType = sourcecode.swift; path = main.swift; sourceTree = "<group>"; };
		OBJ_35 /* main.swift */ = {isa = PBXFileReference; lastKnownFileType = sourcecode.swift; path = main.swift; sourceTree = "<group>"; };
		OBJ_37 /* main.swift */ = {isa = PBXFileReference; lastKnownFileType = sourcecode.swift; path = main.swift; sourceTree = "<group>"; };
		OBJ_39 /* main.swift */ = {isa = PBXFileReference; lastKnownFileType = sourcecode.swift; path = main.swift; sourceTree = "<group>"; };
		OBJ_41 /* main.swift */ = {isa = PBXFileReference; lastKnownFileType = sourcecode.swift; path = main.swift; sourceTree = "<group>"; };
		OBJ_43 /* main.swift */ = {isa = PBXFileReference; lastKnownFileType = sourcecode.swift; path = main.swift; sourceTree = "<group>"; };
		OBJ_45 /* main.swift */ = {isa = PBXFileReference; lastKnownFileType = sourcecode.swift; path = main.swift; sourceTree = "<group>"; };
		OBJ_47 /* main.swift */ = {isa = PBXFileReference; lastKnownFileType = sourcecode.swift; path = main.swift; sourceTree = "<group>"; };
		OBJ_49 /* main.swift */ = {isa = PBXFileReference; lastKnownFileType = sourcecode.swift; path = main.swift; sourceTree = "<group>"; };
		OBJ_6 /* Package.swift */ = {isa = PBXFileReference; explicitFileType = sourcecode.swift; path = Package.swift; sourceTree = "<group>"; };
		OBJ_9 /* Heap.swift */ = {isa = PBXFileReference; lastKnownFileType = sourcecode.swift; path = Heap.swift; sourceTree = "<group>"; };
/* End PBXFileReference section */

/* Begin PBXFrameworksBuildPhase section */
		OBJ_103 /* Frameworks */ = {
			isa = PBXFrameworksBuildPhase;
			buildActionMask = 0;
			files = (
				OBJ_104 /* AdventLib.framework in Frameworks */,
			);
			runOnlyForDeploymentPostprocessing = 0;
		};
		OBJ_112 /* Frameworks */ = {
			isa = PBXFrameworksBuildPhase;
			buildActionMask = 0;
			files = (
				OBJ_113 /* AdventLib.framework in Frameworks */,
			);
			runOnlyForDeploymentPostprocessing = 0;
		};
		OBJ_121 /* Frameworks */ = {
			isa = PBXFrameworksBuildPhase;
			buildActionMask = 0;
			files = (
				OBJ_122 /* AdventLib.framework in Frameworks */,
			);
			runOnlyForDeploymentPostprocessing = 0;
		};
		OBJ_130 /* Frameworks */ = {
			isa = PBXFrameworksBuildPhase;
			buildActionMask = 0;
			files = (
				OBJ_131 /* AdventLib.framework in Frameworks */,
			);
			runOnlyForDeploymentPostprocessing = 0;
		};
		OBJ_139 /* Frameworks */ = {
			isa = PBXFrameworksBuildPhase;
			buildActionMask = 0;
			files = (
				OBJ_140 /* AdventLib.framework in Frameworks */,
			);
			runOnlyForDeploymentPostprocessing = 0;
		};
		OBJ_148 /* Frameworks */ = {
			isa = PBXFrameworksBuildPhase;
			buildActionMask = 0;
			files = (
				OBJ_149 /* AdventLib.framework in Frameworks */,
			);
			runOnlyForDeploymentPostprocessing = 0;
		};
		OBJ_157 /* Frameworks */ = {
			isa = PBXFrameworksBuildPhase;
			buildActionMask = 0;
			files = (
				OBJ_158 /* AdventLib.framework in Frameworks */,
			);
			runOnlyForDeploymentPostprocessing = 0;
		};
		OBJ_166 /* Frameworks */ = {
			isa = PBXFrameworksBuildPhase;
			buildActionMask = 0;
			files = (
				OBJ_167 /* AdventLib.framework in Frameworks */,
			);
			runOnlyForDeploymentPostprocessing = 0;
		};
		OBJ_175 /* Frameworks */ = {
			isa = PBXFrameworksBuildPhase;
			buildActionMask = 0;
			files = (
				OBJ_176 /* AdventLib.framework in Frameworks */,
			);
			runOnlyForDeploymentPostprocessing = 0;
		};
		OBJ_184 /* Frameworks */ = {
			isa = PBXFrameworksBuildPhase;
			buildActionMask = 0;
			files = (
				OBJ_185 /* AdventLib.framework in Frameworks */,
			);
			runOnlyForDeploymentPostprocessing = 0;
		};
		OBJ_193 /* Frameworks */ = {
			isa = PBXFrameworksBuildPhase;
			buildActionMask = 0;
			files = (
				OBJ_194 /* AdventLib.framework in Frameworks */,
			);
			runOnlyForDeploymentPostprocessing = 0;
		};
		OBJ_202 /* Frameworks */ = {
			isa = PBXFrameworksBuildPhase;
			buildActionMask = 0;
			files = (
				OBJ_203 /* AdventLib.framework in Frameworks */,
			);
			runOnlyForDeploymentPostprocessing = 0;
		};
		OBJ_211 /* Frameworks */ = {
			isa = PBXFrameworksBuildPhase;
			buildActionMask = 0;
			files = (
				OBJ_212 /* AdventLib.framework in Frameworks */,
			);
			runOnlyForDeploymentPostprocessing = 0;
		};
		OBJ_220 /* Frameworks */ = {
			isa = PBXFrameworksBuildPhase;
			buildActionMask = 0;
			files = (
				OBJ_221 /* AdventLib.framework in Frameworks */,
			);
			runOnlyForDeploymentPostprocessing = 0;
		};
		OBJ_229 /* Frameworks */ = {
			isa = PBXFrameworksBuildPhase;
			buildActionMask = 0;
			files = (
				OBJ_230 /* AdventLib.framework in Frameworks */,
			);
			runOnlyForDeploymentPostprocessing = 0;
		};
		OBJ_238 /* Frameworks */ = {
			isa = PBXFrameworksBuildPhase;
			buildActionMask = 0;
			files = (
				OBJ_239 /* AdventLib.framework in Frameworks */,
			);
			runOnlyForDeploymentPostprocessing = 0;
		};
		OBJ_247 /* Frameworks */ = {
			isa = PBXFrameworksBuildPhase;
			buildActionMask = 0;
			files = (
				OBJ_248 /* AdventLib.framework in Frameworks */,
			);
			runOnlyForDeploymentPostprocessing = 0;
		};
		OBJ_257 /* Frameworks */ = {
			isa = PBXFrameworksBuildPhase;
			buildActionMask = 0;
			files = (
			);
			runOnlyForDeploymentPostprocessing = 0;
		};
		OBJ_84 /* Frameworks */ = {
			isa = PBXFrameworksBuildPhase;
			buildActionMask = 0;
			files = (
				OBJ_85 /* AdventLib.framework in Frameworks */,
			);
			runOnlyForDeploymentPostprocessing = 0;
		};
		OBJ_94 /* Frameworks */ = {
			isa = PBXFrameworksBuildPhase;
			buildActionMask = 0;
			files = (
				OBJ_95 /* AdventLib.framework in Frameworks */,
			);
			runOnlyForDeploymentPostprocessing = 0;
		};
/* End PBXFrameworksBuildPhase section */

/* Begin PBXGroup section */
		OBJ_12 /* Day01Floors */ = {
			isa = PBXGroup;
			children = (
				OBJ_13 /* main.swift */,
			);
			name = Day01Floors;
			path = Sources/Day01Floors;
			sourceTree = SOURCE_ROOT;
		};
		OBJ_14 /* 02-Presents */ = {
			isa = PBXGroup;
			children = (
				OBJ_15 /* main.swift */,
			);
			name = "02-Presents";
			path = "Sources/02-Presents";
			sourceTree = SOURCE_ROOT;
		};
		OBJ_16 /* 18-GIF */ = {
			isa = PBXGroup;
			children = (
				OBJ_17 /* main.swift */,
			);
			name = "18-GIF";
			path = "Sources/18-GIF";
			sourceTree = SOURCE_ROOT;
		};
		OBJ_18 /* 08-Matchsticks */ = {
			isa = PBXGroup;
			children = (
				OBJ_19 /* main.swift */,
			);
			name = "08-Matchsticks";
			path = "Sources/08-Matchsticks";
			sourceTree = SOURCE_ROOT;
		};
		OBJ_20 /* 06-Lights */ = {
			isa = PBXGroup;
			children = (
				OBJ_21 /* main.swift */,
			);
			name = "06-Lights";
			path = "Sources/06-Lights";
			sourceTree = SOURCE_ROOT;
		};
		OBJ_22 /* 17-Eggnog */ = {
			isa = PBXGroup;
			children = (
				OBJ_23 /* main.swift */,
			);
			name = "17-Eggnog";
			path = "Sources/17-Eggnog";
			sourceTree = SOURCE_ROOT;
		};
		OBJ_24 /* 07-Wires */ = {
			isa = PBXGroup;
			children = (
				OBJ_25 /* main.swift */,
			);
			name = "07-Wires";
			path = "Sources/07-Wires";
			sourceTree = SOURCE_ROOT;
		};
		OBJ_26 /* Day20Elves */ = {
			isa = PBXGroup;
			children = (
				OBJ_27 /* main.swift */,
			);
			name = Day20Elves;
			path = Sources/Day20Elves;
			sourceTree = SOURCE_ROOT;
		};
		OBJ_28 /* 10-LookAndSay */ = {
			isa = PBXGroup;
			children = (
				OBJ_29 /* main.swift */,
			);
			name = "10-LookAndSay";
			path = "Sources/10-LookAndSay";
			sourceTree = SOURCE_ROOT;
		};
		OBJ_30 /* Day19Molecules */ = {
			isa = PBXGroup;
			children = (
				OBJ_31 /* main.swift */,
			);
			name = Day19Molecules;
			path = Sources/Day19Molecules;
			sourceTree = SOURCE_ROOT;
		};
		OBJ_32 /* 14-Reindeer */ = {
			isa = PBXGroup;
			children = (
				OBJ_33 /* main.swift */,
			);
			name = "14-Reindeer";
			path = "Sources/14-Reindeer";
			sourceTree = SOURCE_ROOT;
		};
		OBJ_34 /* 13-Seating */ = {
			isa = PBXGroup;
			children = (
				OBJ_35 /* main.swift */,
			);
			name = "13-Seating";
			path = "Sources/13-Seating";
			sourceTree = SOURCE_ROOT;
		};
		OBJ_36 /* 11-Passwords */ = {
			isa = PBXGroup;
			children = (
				OBJ_37 /* main.swift */,
			);
			name = "11-Passwords";
			path = "Sources/11-Passwords";
			sourceTree = SOURCE_ROOT;
		};
		OBJ_38 /* 16-Sues */ = {
			isa = PBXGroup;
			children = (
				OBJ_39 /* main.swift */,
			);
			name = "16-Sues";
			path = "Sources/16-Sues";
			sourceTree = SOURCE_ROOT;
		};
		OBJ_40 /* 09-Routes */ = {
			isa = PBXGroup;
			children = (
				OBJ_41 /* main.swift */,
			);
			name = "09-Routes";
			path = "Sources/09-Routes";
			sourceTree = SOURCE_ROOT;
		};
		OBJ_42 /* 04-Hashing */ = {
			isa = PBXGroup;
			children = (
				OBJ_43 /* main.swift */,
			);
			name = "04-Hashing";
			path = "Sources/04-Hashing";
			sourceTree = SOURCE_ROOT;
		};
		OBJ_44 /* 05-Nice */ = {
			isa = PBXGroup;
			children = (
				OBJ_45 /* main.swift */,
			);
			name = "05-Nice";
			path = "Sources/05-Nice";
			sourceTree = SOURCE_ROOT;
		};
		OBJ_46 /* 15-Cookie */ = {
			isa = PBXGroup;
			children = (
				OBJ_47 /* main.swift */,
			);
			name = "15-Cookie";
			path = "Sources/15-Cookie";
			sourceTree = SOURCE_ROOT;
		};
		OBJ_48 /* 03-Visits */ = {
			isa = PBXGroup;
			children = (
				OBJ_49 /* main.swift */,
			);
			name = "03-Visits";
			path = "Sources/03-Visits";
			sourceTree = SOURCE_ROOT;
		};
		OBJ_5 /*  */ = {
			isa = PBXGroup;
			children = (
				OBJ_6 /* Package.swift */,
				OBJ_7 /* Sources */,
				OBJ_50 /* Tests */,
				OBJ_51 /* Products */,
			);
			name = "";
			sourceTree = "<group>";
		};
		OBJ_50 /* Tests */ = {
			isa = PBXGroup;
			children = (
			);
			name = Tests;
			sourceTree = SOURCE_ROOT;
		};
		OBJ_51 /* Products */ = {
			isa = PBXGroup;
			children = (
				"AdventOfCode::03-Visits::Product" /* 03-Visits */,
				"AdventOfCode::15-Cookie::Product" /* 15-Cookie */,
				"AdventOfCode::05-Nice::Product" /* 05-Nice */,
				"AdventOfCode::04-Hashing::Product" /* 04-Hashing */,
				"AdventOfCode::09-Routes::Product" /* 09-Routes */,
				"AdventOfCode::16-Sues::Product" /* 16-Sues */,
				"AdventOfCode::11-Passwords::Product" /* 11-Passwords */,
				"AdventOfCode::13-Seating::Product" /* 13-Seating */,
				"AdventOfCode::14-Reindeer::Product" /* 14-Reindeer */,
				"AdventOfCode::Day19Molecules::Product" /* Day19Molecules */,
				"AdventOfCode::10-LookAndSay::Product" /* 10-LookAndSay */,
				"AdventOfCode::Day20Elves::Product" /* Day20Elves */,
				"AdventOfCode::07-Wires::Product" /* 07-Wires */,
				"AdventOfCode::17-Eggnog::Product" /* 17-Eggnog */,
				"AdventOfCode::06-Lights::Product" /* 06-Lights */,
				"AdventOfCode::08-Matchsticks::Product" /* 08-Matchsticks */,
				"AdventOfCode::18-GIF::Product" /* 18-GIF */,
				"AdventOfCode::02-Presents::Product" /* 02-Presents */,
				"AdventOfCode::Day01Floors::Product" /* Day01Floors */,
				"AdventOfCode::AdventLib::Product" /* AdventLib.framework */,
			);
			name = Products;
			sourceTree = BUILT_PRODUCTS_DIR;
		};
		OBJ_7 /* Sources */ = {
			isa = PBXGroup;
			children = (
				OBJ_8 /* AdventLib */,
				OBJ_12 /* Day01Floors */,
				OBJ_14 /* 02-Presents */,
				OBJ_16 /* 18-GIF */,
				OBJ_18 /* 08-Matchsticks */,
				OBJ_20 /* 06-Lights */,
				OBJ_22 /* 17-Eggnog */,
				OBJ_24 /* 07-Wires */,
				OBJ_26 /* Day20Elves */,
				OBJ_28 /* 10-LookAndSay */,
				OBJ_30 /* Day19Molecules */,
				OBJ_32 /* 14-Reindeer */,
				OBJ_34 /* 13-Seating */,
				OBJ_36 /* 11-Passwords */,
				OBJ_38 /* 16-Sues */,
				OBJ_40 /* 09-Routes */,
				OBJ_42 /* 04-Hashing */,
				OBJ_44 /* 05-Nice */,
				OBJ_46 /* 15-Cookie */,
				OBJ_48 /* 03-Visits */,
			);
			name = Sources;
			sourceTree = SOURCE_ROOT;
		};
		OBJ_8 /* AdventLib */ = {
			isa = PBXGroup;
			children = (
				OBJ_9 /* Heap.swift */,
				OBJ_10 /* Regex.swift */,
				OBJ_11 /* TextFile.swift */,
			);
			name = AdventLib;
			path = Sources/AdventLib;
			sourceTree = SOURCE_ROOT;
		};
/* End PBXGroup section */

/* Begin PBXNativeTarget section */
		"AdventOfCode::02-Presents" /* 02-Presents */ = {
			isa = PBXNativeTarget;
			buildConfigurationList = OBJ_233 /* Build configuration list for PBXNativeTarget "02-Presents" */;
			buildPhases = (
				OBJ_236 /* Sources */,
				OBJ_238 /* Frameworks */,
			);
			buildRules = (
			);
			dependencies = (
				OBJ_240 /* PBXTargetDependency */,
			);
			name = "02-Presents";
			productName = _2_Presents;
			productReference = "AdventOfCode::02-Presents::Product" /* 02-Presents */;
			productType = "com.apple.product-type.tool";
		};
		"AdventOfCode::03-Visits" /* 03-Visits */ = {
			isa = PBXNativeTarget;
			buildConfigurationList = OBJ_79 /* Build configuration list for PBXNativeTarget "03-Visits" */;
			buildPhases = (
				OBJ_82 /* Sources */,
				OBJ_84 /* Frameworks */,
			);
			buildRules = (
			);
			dependencies = (
				OBJ_86 /* PBXTargetDependency */,
			);
			name = "03-Visits";
			productName = _3_Visits;
			productReference = "AdventOfCode::03-Visits::Product" /* 03-Visits */;
			productType = "com.apple.product-type.tool";
		};
		"AdventOfCode::04-Hashing" /* 04-Hashing */ = {
			isa = PBXNativeTarget;
			buildConfigurationList = OBJ_107 /* Build configuration list for PBXNativeTarget "04-Hashing" */;
			buildPhases = (
				OBJ_110 /* Sources */,
				OBJ_112 /* Frameworks */,
			);
			buildRules = (
			);
			dependencies = (
				OBJ_114 /* PBXTargetDependency */,
			);
			name = "04-Hashing";
			productName = _4_Hashing;
			productReference = "AdventOfCode::04-Hashing::Product" /* 04-Hashing */;
			productType = "com.apple.product-type.tool";
		};
		"AdventOfCode::05-Nice" /* 05-Nice */ = {
			isa = PBXNativeTarget;
			buildConfigurationList = OBJ_98 /* Build configuration list for PBXNativeTarget "05-Nice" */;
			buildPhases = (
				OBJ_101 /* Sources */,
				OBJ_103 /* Frameworks */,
			);
			buildRules = (
			);
			dependencies = (
				OBJ_105 /* PBXTargetDependency */,
			);
			name = "05-Nice";
			productName = _5_Nice;
			productReference = "AdventOfCode::05-Nice::Product" /* 05-Nice */;
			productType = "com.apple.product-type.tool";
		};
		"AdventOfCode::06-Lights" /* 06-Lights */ = {
			isa = PBXNativeTarget;
			buildConfigurationList = OBJ_206 /* Build configuration list for PBXNativeTarget "06-Lights" */;
			buildPhases = (
				OBJ_209 /* Sources */,
				OBJ_211 /* Frameworks */,
			);
			buildRules = (
			);
			dependencies = (
				OBJ_213 /* PBXTargetDependency */,
			);
			name = "06-Lights";
			productName = _6_Lights;
			productReference = "AdventOfCode::06-Lights::Product" /* 06-Lights */;
			productType = "com.apple.product-type.tool";
		};
		"AdventOfCode::07-Wires" /* 07-Wires */ = {
			isa = PBXNativeTarget;
			buildConfigurationList = OBJ_188 /* Build configuration list for PBXNativeTarget "07-Wires" */;
			buildPhases = (
				OBJ_191 /* Sources */,
				OBJ_193 /* Frameworks */,
			);
			buildRules = (
			);
			dependencies = (
				OBJ_195 /* PBXTargetDependency */,
			);
			name = "07-Wires";
			productName = _7_Wires;
			productReference = "AdventOfCode::07-Wires::Product" /* 07-Wires */;
			productType = "com.apple.product-type.tool";
		};
		"AdventOfCode::08-Matchsticks" /* 08-Matchsticks */ = {
			isa = PBXNativeTarget;
			buildConfigurationList = OBJ_215 /* Build configuration list for PBXNativeTarget "08-Matchsticks" */;
			buildPhases = (
				OBJ_218 /* Sources */,
				OBJ_220 /* Frameworks */,
			);
			buildRules = (
			);
			dependencies = (
				OBJ_222 /* PBXTargetDependency */,
			);
			name = "08-Matchsticks";
			productName = _8_Matchsticks;
			productReference = "AdventOfCode::08-Matchsticks::Product" /* 08-Matchsticks */;
			productType = "com.apple.product-type.tool";
		};
		"AdventOfCode::09-Routes" /* 09-Routes */ = {
			isa = PBXNativeTarget;
			buildConfigurationList = OBJ_116 /* Build configuration list for PBXNativeTarget "09-Routes" */;
			buildPhases = (
				OBJ_119 /* Sources */,
				OBJ_121 /* Frameworks */,
			);
			buildRules = (
			);
			dependencies = (
				OBJ_123 /* PBXTargetDependency */,
			);
			name = "09-Routes";
			productName = _9_Routes;
			productReference = "AdventOfCode::09-Routes::Product" /* 09-Routes */;
			productType = "com.apple.product-type.tool";
		};
		"AdventOfCode::10-LookAndSay" /* 10-LookAndSay */ = {
			isa = PBXNativeTarget;
			buildConfigurationList = OBJ_170 /* Build configuration list for PBXNativeTarget "10-LookAndSay" */;
			buildPhases = (
				OBJ_173 /* Sources */,
				OBJ_175 /* Frameworks */,
			);
			buildRules = (
			);
			dependencies = (
				OBJ_177 /* PBXTargetDependency */,
			);
			name = "10-LookAndSay";
			productName = _0_LookAndSay;
			productReference = "AdventOfCode::10-LookAndSay::Product" /* 10-LookAndSay */;
			productType = "com.apple.product-type.tool";
		};
		"AdventOfCode::11-Passwords" /* 11-Passwords */ = {
			isa = PBXNativeTarget;
			buildConfigurationList = OBJ_134 /* Build configuration list for PBXNativeTarget "11-Passwords" */;
			buildPhases = (
				OBJ_137 /* Sources */,
				OBJ_139 /* Frameworks */,
			);
			buildRules = (
			);
			dependencies = (
				OBJ_141 /* PBXTargetDependency */,
			);
			name = "11-Passwords";
			productName = _1_Passwords;
			productReference = "AdventOfCode::11-Passwords::Product" /* 11-Passwords */;
			productType = "com.apple.product-type.tool";
		};
		"AdventOfCode::13-Seating" /* 13-Seating */ = {
			isa = PBXNativeTarget;
			buildConfigurationList = OBJ_143 /* Build configuration list for PBXNativeTarget "13-Seating" */;
			buildPhases = (
				OBJ_146 /* Sources */,
				OBJ_148 /* Frameworks */,
			);
			buildRules = (
			);
			dependencies = (
				OBJ_150 /* PBXTargetDependency */,
			);
			name = "13-Seating";
			productName = _3_Seating;
			productReference = "AdventOfCode::13-Seating::Product" /* 13-Seating */;
			productType = "com.apple.product-type.tool";
		};
		"AdventOfCode::14-Reindeer" /* 14-Reindeer */ = {
			isa = PBXNativeTarget;
			buildConfigurationList = OBJ_152 /* Build configuration list for PBXNativeTarget "14-Reindeer" */;
			buildPhases = (
				OBJ_155 /* Sources */,
				OBJ_157 /* Frameworks */,
			);
			buildRules = (
			);
			dependencies = (
				OBJ_159 /* PBXTargetDependency */,
			);
			name = "14-Reindeer";
			productName = _4_Reindeer;
			productReference = "AdventOfCode::14-Reindeer::Product" /* 14-Reindeer */;
			productType = "com.apple.product-type.tool";
		};
		"AdventOfCode::15-Cookie" /* 15-Cookie */ = {
			isa = PBXNativeTarget;
			buildConfigurationList = OBJ_89 /* Build configuration list for PBXNativeTarget "15-Cookie" */;
			buildPhases = (
				OBJ_92 /* Sources */,
				OBJ_94 /* Frameworks */,
			);
			buildRules = (
			);
			dependencies = (
				OBJ_96 /* PBXTargetDependency */,
			);
			name = "15-Cookie";
			productName = _5_Cookie;
			productReference = "AdventOfCode::15-Cookie::Product" /* 15-Cookie */;
			productType = "com.apple.product-type.tool";
		};
		"AdventOfCode::16-Sues" /* 16-Sues */ = {
			isa = PBXNativeTarget;
			buildConfigurationList = OBJ_125 /* Build configuration list for PBXNativeTarget "16-Sues" */;
			buildPhases = (
				OBJ_128 /* Sources */,
				OBJ_130 /* Frameworks */,
			);
			buildRules = (
			);
			dependencies = (
				OBJ_132 /* PBXTargetDependency */,
			);
			name = "16-Sues";
			productName = _6_Sues;
			productReference = "AdventOfCode::16-Sues::Product" /* 16-Sues */;
			productType = "com.apple.product-type.tool";
		};
		"AdventOfCode::17-Eggnog" /* 17-Eggnog */ = {
			isa = PBXNativeTarget;
			buildConfigurationList = OBJ_197 /* Build configuration list for PBXNativeTarget "17-Eggnog" */;
			buildPhases = (
				OBJ_200 /* Sources */,
				OBJ_202 /* Frameworks */,
			);
			buildRules = (
			);
			dependencies = (
				OBJ_204 /* PBXTargetDependency */,
			);
			name = "17-Eggnog";
			productName = _7_Eggnog;
			productReference = "AdventOfCode::17-Eggnog::Product" /* 17-Eggnog */;
			productType = "com.apple.product-type.tool";
		};
		"AdventOfCode::18-GIF" /* 18-GIF */ = {
			isa = PBXNativeTarget;
			buildConfigurationList = OBJ_224 /* Build configuration list for PBXNativeTarget "18-GIF" */;
			buildPhases = (
				OBJ_227 /* Sources */,
				OBJ_229 /* Frameworks */,
			);
			buildRules = (
			);
			dependencies = (
				OBJ_231 /* PBXTargetDependency */,
			);
			name = "18-GIF";
			productName = _8_GIF;
			productReference = "AdventOfCode::18-GIF::Product" /* 18-GIF */;
			productType = "com.apple.product-type.tool";
		};
		"AdventOfCode::AdventLib" /* AdventLib */ = {
			isa = PBXNativeTarget;
			buildConfigurationList = OBJ_250 /* Build configuration list for PBXNativeTarget "AdventLib" */;
			buildPhases = (
				OBJ_253 /* Sources */,
				OBJ_257 /* Frameworks */,
			);
			buildRules = (
			);
			dependencies = (
			);
			name = AdventLib;
			productName = AdventLib;
			productReference = "AdventOfCode::AdventLib::Product" /* AdventLib.framework */;
			productType = "com.apple.product-type.framework";
		};
		"AdventOfCode::Day01Floors" /* Day01Floors */ = {
			isa = PBXNativeTarget;
			buildConfigurationList = OBJ_242 /* Build configuration list for PBXNativeTarget "Day01Floors" */;
			buildPhases = (
				OBJ_245 /* Sources */,
				OBJ_247 /* Frameworks */,
			);
			buildRules = (
			);
			dependencies = (
				OBJ_249 /* PBXTargetDependency */,
			);
			name = Day01Floors;
			productName = Day01Floors;
			productReference = "AdventOfCode::Day01Floors::Product" /* Day01Floors */;
			productType = "com.apple.product-type.tool";
		};
		"AdventOfCode::Day19Molecules" /* Day19Molecules */ = {
			isa = PBXNativeTarget;
			buildConfigurationList = OBJ_161 /* Build configuration list for PBXNativeTarget "Day19Molecules" */;
			buildPhases = (
				OBJ_164 /* Sources */,
				OBJ_166 /* Frameworks */,
			);
			buildRules = (
			);
			dependencies = (
				OBJ_168 /* PBXTargetDependency */,
			);
			name = Day19Molecules;
			productName = Day19Molecules;
			productReference = "AdventOfCode::Day19Molecules::Product" /* Day19Molecules */;
			productType = "com.apple.product-type.tool";
		};
		"AdventOfCode::Day20Elves" /* Day20Elves */ = {
			isa = PBXNativeTarget;
			buildConfigurationList = OBJ_179 /* Build configuration list for PBXNativeTarget "Day20Elves" */;
			buildPhases = (
				OBJ_182 /* Sources */,
				OBJ_184 /* Frameworks */,
			);
			buildRules = (
			);
			dependencies = (
				OBJ_186 /* PBXTargetDependency */,
			);
			name = Day20Elves;
			productName = Day20Elves;
			productReference = "AdventOfCode::Day20Elves::Product" /* Day20Elves */;
			productType = "com.apple.product-type.tool";
		};
		"AdventOfCode::SwiftPMPackageDescription" /* AdventOfCodePackageDescription */ = {
			isa = PBXNativeTarget;
			buildConfigurationList = OBJ_73 /* Build configuration list for PBXNativeTarget "AdventOfCodePackageDescription" */;
			buildPhases = (
				OBJ_76 /* Sources */,
			);
			buildRules = (
			);
			dependencies = (
			);
			name = AdventOfCodePackageDescription;
			productName = AdventOfCodePackageDescription;
			productType = "com.apple.product-type.framework";
		};
/* End PBXNativeTarget section */

/* Begin PBXProject section */
		OBJ_1 /* Project object */ = {
			isa = PBXProject;
			attributes = {
				LastUpgradeCheck = 9999;
			};
			buildConfigurationList = OBJ_2 /* Build configuration list for PBXProject "AdventOfCode" */;
			compatibilityVersion = "Xcode 3.2";
			developmentRegion = English;
			hasScannedForEncodings = 0;
			knownRegions = (
				en,
			);
			mainGroup = OBJ_5 /*  */;
			productRefGroup = OBJ_51 /* Products */;
			projectDirPath = "";
			projectRoot = "";
			targets = (
				"AdventOfCode::SwiftPMPackageDescription" /* AdventOfCodePackageDescription */,
				"AdventOfCode::03-Visits" /* 03-Visits */,
				"AdventOfCode::15-Cookie" /* 15-Cookie */,
				"AdventOfCode::05-Nice" /* 05-Nice */,
				"AdventOfCode::04-Hashing" /* 04-Hashing */,
				"AdventOfCode::09-Routes" /* 09-Routes */,
				"AdventOfCode::16-Sues" /* 16-Sues */,
				"AdventOfCode::11-Passwords" /* 11-Passwords */,
				"AdventOfCode::13-Seating" /* 13-Seating */,
				"AdventOfCode::14-Reindeer" /* 14-Reindeer */,
				"AdventOfCode::Day19Molecules" /* Day19Molecules */,
				"AdventOfCode::10-LookAndSay" /* 10-LookAndSay */,
				"AdventOfCode::Day20Elves" /* Day20Elves */,
				"AdventOfCode::07-Wires" /* 07-Wires */,
				"AdventOfCode::17-Eggnog" /* 17-Eggnog */,
				"AdventOfCode::06-Lights" /* 06-Lights */,
				"AdventOfCode::08-Matchsticks" /* 08-Matchsticks */,
				"AdventOfCode::18-GIF" /* 18-GIF */,
				"AdventOfCode::02-Presents" /* 02-Presents */,
				"AdventOfCode::Day01Floors" /* Day01Floors */,
				"AdventOfCode::AdventLib" /* AdventLib */,
			);
		};
/* End PBXProject section */

/* Begin PBXSourcesBuildPhase section */
		OBJ_101 /* Sources */ = {
			isa = PBXSourcesBuildPhase;
			buildActionMask = 0;
			files = (
				OBJ_102 /* main.swift in Sources */,
			);
			runOnlyForDeploymentPostprocessing = 0;
		};
		OBJ_110 /* Sources */ = {
			isa = PBXSourcesBuildPhase;
			buildActionMask = 0;
			files = (
				OBJ_111 /* main.swift in Sources */,
			);
			runOnlyForDeploymentPostprocessing = 0;
		};
		OBJ_119 /* Sources */ = {
			isa = PBXSourcesBuildPhase;
			buildActionMask = 0;
			files = (
				OBJ_120 /* main.swift in Sources */,
			);
			runOnlyForDeploymentPostprocessing = 0;
		};
		OBJ_128 /* Sources */ = {
			isa = PBXSourcesBuildPhase;
			buildActionMask = 0;
			files = (
				OBJ_129 /* main.swift in Sources */,
			);
			runOnlyForDeploymentPostprocessing = 0;
		};
		OBJ_137 /* Sources */ = {
			isa = PBXSourcesBuildPhase;
			buildActionMask = 0;
			files = (
				OBJ_138 /* main.swift in Sources */,
			);
			runOnlyForDeploymentPostprocessing = 0;
		};
		OBJ_146 /* Sources */ = {
			isa = PBXSourcesBuildPhase;
			buildActionMask = 0;
			files = (
				OBJ_147 /* main.swift in Sources */,
			);
			runOnlyForDeploymentPostprocessing = 0;
		};
		OBJ_155 /* Sources */ = {
			isa = PBXSourcesBuildPhase;
			buildActionMask = 0;
			files = (
				OBJ_156 /* main.swift in Sources */,
			);
			runOnlyForDeploymentPostprocessing = 0;
		};
		OBJ_164 /* Sources */ = {
			isa = PBXSourcesBuildPhase;
			buildActionMask = 0;
			files = (
				OBJ_165 /* main.swift in Sources */,
			);
			runOnlyForDeploymentPostprocessing = 0;
		};
		OBJ_173 /* Sources */ = {
			isa = PBXSourcesBuildPhase;
			buildActionMask = 0;
			files = (
				OBJ_174 /* main.swift in Sources */,
			);
			runOnlyForDeploymentPostprocessing = 0;
		};
		OBJ_182 /* Sources */ = {
			isa = PBXSourcesBuildPhase;
			buildActionMask = 0;
			files = (
				OBJ_183 /* main.swift in Sources */,
			);
			runOnlyForDeploymentPostprocessing = 0;
		};
		OBJ_191 /* Sources */ = {
			isa = PBXSourcesBuildPhase;
			buildActionMask = 0;
			files = (
				OBJ_192 /* main.swift in Sources */,
			);
			runOnlyForDeploymentPostprocessing = 0;
		};
		OBJ_200 /* Sources */ = {
			isa = PBXSourcesBuildPhase;
			buildActionMask = 0;
			files = (
				OBJ_201 /* main.swift in Sources */,
			);
			runOnlyForDeploymentPostprocessing = 0;
		};
		OBJ_209 /* Sources */ = {
			isa = PBXSourcesBuildPhase;
			buildActionMask = 0;
			files = (
				OBJ_210 /* main.swift in Sources */,
			);
			runOnlyForDeploymentPostprocessing = 0;
		};
		OBJ_218 /* Sources */ = {
			isa = PBXSourcesBuildPhase;
			buildActionMask = 0;
			files = (
				OBJ_219 /* main.swift in Sources */,
			);
			runOnlyForDeploymentPostprocessing = 0;
		};
		OBJ_227 /* Sources */ = {
			isa = PBXSourcesBuildPhase;
			buildActionMask = 0;
			files = (
				OBJ_228 /* main.swift in Sources */,
			);
			runOnlyForDeploymentPostprocessing = 0;
		};
		OBJ_236 /* Sources */ = {
			isa = PBXSourcesBuildPhase;
			buildActionMask = 0;
			files = (
				OBJ_237 /* main.swift in Sources */,
			);
			runOnlyForDeploymentPostprocessing = 0;
		};
		OBJ_245 /* Sources */ = {
			isa = PBXSourcesBuildPhase;
			buildActionMask = 0;
			files = (
				OBJ_246 /* main.swift in Sources */,
			);
			runOnlyForDeploymentPostprocessing = 0;
		};
		OBJ_253 /* Sources */ = {
			isa = PBXSourcesBuildPhase;
			buildActionMask = 0;
			files = (
				OBJ_254 /* Heap.swift in Sources */,
				OBJ_255 /* Regex.swift in Sources */,
				OBJ_256 /* TextFile.swift in Sources */,
			);
			runOnlyForDeploymentPostprocessing = 0;
		};
		OBJ_76 /* Sources */ = {
			isa = PBXSourcesBuildPhase;
			buildActionMask = 0;
			files = (
				OBJ_77 /* Package.swift in Sources */,
			);
			runOnlyForDeploymentPostprocessing = 0;
		};
		OBJ_82 /* Sources */ = {
			isa = PBXSourcesBuildPhase;
			buildActionMask = 0;
			files = (
				OBJ_83 /* main.swift in Sources */,
			);
			runOnlyForDeploymentPostprocessing = 0;
		};
		OBJ_92 /* Sources */ = {
			isa = PBXSourcesBuildPhase;
			buildActionMask = 0;
			files = (
				OBJ_93 /* main.swift in Sources */,
			);
			runOnlyForDeploymentPostprocessing = 0;
		};
/* End PBXSourcesBuildPhase section */

/* Begin PBXTargetDependency section */
		OBJ_105 /* PBXTargetDependency */ = {
			isa = PBXTargetDependency;
			target = "AdventOfCode::AdventLib" /* AdventLib */;
			targetProxy = 6BF3F207200C976300ABCF3D /* PBXContainerItemProxy */;
		};
		OBJ_114 /* PBXTargetDependency */ = {
			isa = PBXTargetDependency;
			target = "AdventOfCode::AdventLib" /* AdventLib */;
			targetProxy = 6BF3F208200C976300ABCF3D /* PBXContainerItemProxy */;
		};
		OBJ_123 /* PBXTargetDependency */ = {
			isa = PBXTargetDependency;
			target = "AdventOfCode::AdventLib" /* AdventLib */;
			targetProxy = 6BF3F209200C976300ABCF3D /* PBXContainerItemProxy */;
		};
		OBJ_132 /* PBXTargetDependency */ = {
			isa = PBXTargetDependency;
			target = "AdventOfCode::AdventLib" /* AdventLib */;
			targetProxy = 6BF3F20A200C976300ABCF3D /* PBXContainerItemProxy */;
		};
		OBJ_141 /* PBXTargetDependency */ = {
			isa = PBXTargetDependency;
			target = "AdventOfCode::AdventLib" /* AdventLib */;
			targetProxy = 6BF3F20B200C976300ABCF3D /* PBXContainerItemProxy */;
		};
		OBJ_150 /* PBXTargetDependency */ = {
			isa = PBXTargetDependency;
			target = "AdventOfCode::AdventLib" /* AdventLib */;
			targetProxy = 6BF3F20C200C976300ABCF3D /* PBXContainerItemProxy */;
		};
		OBJ_159 /* PBXTargetDependency */ = {
			isa = PBXTargetDependency;
			target = "AdventOfCode::AdventLib" /* AdventLib */;
			targetProxy = 6BF3F20D200C976300ABCF3D /* PBXContainerItemProxy */;
		};
		OBJ_168 /* PBXTargetDependency */ = {
			isa = PBXTargetDependency;
			target = "AdventOfCode::AdventLib" /* AdventLib */;
			targetProxy = 6BF3F20E200C976300ABCF3D /* PBXContainerItemProxy */;
		};
		OBJ_177 /* PBXTargetDependency */ = {
			isa = PBXTargetDependency;
			target = "AdventOfCode::AdventLib" /* AdventLib */;
			targetProxy = 6BF3F20F200C976300ABCF3D /* PBXContainerItemProxy */;
		};
		OBJ_186 /* PBXTargetDependency */ = {
			isa = PBXTargetDependency;
			target = "AdventOfCode::AdventLib" /* AdventLib */;
			targetProxy = 6BF3F210200C976300ABCF3D /* PBXContainerItemProxy */;
		};
		OBJ_195 /* PBXTargetDependency */ = {
			isa = PBXTargetDependency;
			target = "AdventOfCode::AdventLib" /* AdventLib */;
			targetProxy = 6BF3F211200C976300ABCF3D /* PBXContainerItemProxy */;
		};
		OBJ_204 /* PBXTargetDependency */ = {
			isa = PBXTargetDependency;
			target = "AdventOfCode::AdventLib" /* AdventLib */;
			targetProxy = 6BF3F212200C976300ABCF3D /* PBXContainerItemProxy */;
		};
		OBJ_213 /* PBXTargetDependency */ = {
			isa = PBXTargetDependency;
			target = "AdventOfCode::AdventLib" /* AdventLib */;
			targetProxy = 6BF3F213200C976300ABCF3D /* PBXContainerItemProxy */;
		};
		OBJ_222 /* PBXTargetDependency */ = {
			isa = PBXTargetDependency;
			target = "AdventOfCode::AdventLib" /* AdventLib */;
			targetProxy = 6BF3F214200C976300ABCF3D /* PBXContainerItemProxy */;
		};
		OBJ_231 /* PBXTargetDependency */ = {
			isa = PBXTargetDependency;
			target = "AdventOfCode::AdventLib" /* AdventLib */;
			targetProxy = 6BF3F215200C976300ABCF3D /* PBXContainerItemProxy */;
		};
		OBJ_240 /* PBXTargetDependency */ = {
			isa = PBXTargetDependency;
			target = "AdventOfCode::AdventLib" /* AdventLib */;
			targetProxy = 6BF3F216200C976300ABCF3D /* PBXContainerItemProxy */;
		};
		OBJ_249 /* PBXTargetDependency */ = {
			isa = PBXTargetDependency;
			target = "AdventOfCode::AdventLib" /* AdventLib */;
			targetProxy = 6BF3F217200C976300ABCF3D /* PBXContainerItemProxy */;
		};
		OBJ_86 /* PBXTargetDependency */ = {
			isa = PBXTargetDependency;
			target = "AdventOfCode::AdventLib" /* AdventLib */;
			targetProxy = 6BF3F205200C976300ABCF3D /* PBXContainerItemProxy */;
		};
		OBJ_96 /* PBXTargetDependency */ = {
			isa = PBXTargetDependency;
			target = "AdventOfCode::AdventLib" /* AdventLib */;
			targetProxy = 6BF3F206200C976300ABCF3D /* PBXContainerItemProxy */;
		};
/* End PBXTargetDependency section */

/* Begin XCBuildConfiguration section */
		OBJ_100 /* Release */ = {
			isa = XCBuildConfiguration;
			buildSettings = {
				FRAMEWORK_SEARCH_PATHS = (
					"$(inherited)",
					"$(PLATFORM_DIR)/Developer/Library/Frameworks",
				);
				HEADER_SEARCH_PATHS = "$(inherited)";
				INFOPLIST_FILE = AdventOfCode.xcodeproj/_5_Nice_Info.plist;
				LD_RUNPATH_SEARCH_PATHS = "$(TOOLCHAIN_DIR)/usr/lib/swift/macosx @executable_path";
				OTHER_LDFLAGS = "$(inherited)";
				OTHER_SWIFT_FLAGS = "$(inherited)";
				SWIFT_FORCE_DYNAMIC_LINK_STDLIB = YES;
				SWIFT_FORCE_STATIC_LINK_STDLIB = NO;
				SWIFT_VERSION = 4.0;
				TARGET_NAME = "05-Nice";
			};
			name = Release;
		};
		OBJ_108 /* Debug */ = {
			isa = XCBuildConfiguration;
			buildSettings = {
				FRAMEWORK_SEARCH_PATHS = (
					"$(inherited)",
					"$(PLATFORM_DIR)/Developer/Library/Frameworks",
				);
				HEADER_SEARCH_PATHS = "$(inherited)";
				INFOPLIST_FILE = AdventOfCode.xcodeproj/_4_Hashing_Info.plist;
				LD_RUNPATH_SEARCH_PATHS = "$(TOOLCHAIN_DIR)/usr/lib/swift/macosx @executable_path";
				OTHER_LDFLAGS = "$(inherited)";
				OTHER_SWIFT_FLAGS = "$(inherited)";
				SWIFT_FORCE_DYNAMIC_LINK_STDLIB = YES;
				SWIFT_FORCE_STATIC_LINK_STDLIB = NO;
				SWIFT_VERSION = 4.0;
				TARGET_NAME = "04-Hashing";
			};
			name = Debug;
		};
		OBJ_109 /* Release */ = {
			isa = XCBuildConfiguration;
			buildSettings = {
				FRAMEWORK_SEARCH_PATHS = (
					"$(inherited)",
					"$(PLATFORM_DIR)/Developer/Library/Frameworks",
				);
				HEADER_SEARCH_PATHS = "$(inherited)";
				INFOPLIST_FILE = AdventOfCode.xcodeproj/_4_Hashing_Info.plist;
				LD_RUNPATH_SEARCH_PATHS = "$(TOOLCHAIN_DIR)/usr/lib/swift/macosx @executable_path";
				OTHER_LDFLAGS = "$(inherited)";
				OTHER_SWIFT_FLAGS = "$(inherited)";
				SWIFT_FORCE_DYNAMIC_LINK_STDLIB = YES;
				SWIFT_FORCE_STATIC_LINK_STDLIB = NO;
				SWIFT_VERSION = 4.0;
				TARGET_NAME = "04-Hashing";
			};
			name = Release;
		};
		OBJ_117 /* Debug */ = {
			isa = XCBuildConfiguration;
			buildSettings = {
				FRAMEWORK_SEARCH_PATHS = (
					"$(inherited)",
					"$(PLATFORM_DIR)/Developer/Library/Frameworks",
				);
				HEADER_SEARCH_PATHS = "$(inherited)";
				INFOPLIST_FILE = AdventOfCode.xcodeproj/_9_Routes_Info.plist;
				LD_RUNPATH_SEARCH_PATHS = "$(TOOLCHAIN_DIR)/usr/lib/swift/macosx @executable_path";
				OTHER_LDFLAGS = "$(inherited)";
				OTHER_SWIFT_FLAGS = "$(inherited)";
				SWIFT_FORCE_DYNAMIC_LINK_STDLIB = YES;
				SWIFT_FORCE_STATIC_LINK_STDLIB = NO;
				SWIFT_VERSION = 4.0;
				TARGET_NAME = "09-Routes";
			};
			name = Debug;
		};
		OBJ_118 /* Release */ = {
			isa = XCBuildConfiguration;
			buildSettings = {
				FRAMEWORK_SEARCH_PATHS = (
					"$(inherited)",
					"$(PLATFORM_DIR)/Developer/Library/Frameworks",
				);
				HEADER_SEARCH_PATHS = "$(inherited)";
				INFOPLIST_FILE = AdventOfCode.xcodeproj/_9_Routes_Info.plist;
				LD_RUNPATH_SEARCH_PATHS = "$(TOOLCHAIN_DIR)/usr/lib/swift/macosx @executable_path";
				OTHER_LDFLAGS = "$(inherited)";
				OTHER_SWIFT_FLAGS = "$(inherited)";
				SWIFT_FORCE_DYNAMIC_LINK_STDLIB = YES;
				SWIFT_FORCE_STATIC_LINK_STDLIB = NO;
				SWIFT_VERSION = 4.0;
				TARGET_NAME = "09-Routes";
			};
			name = Release;
		};
		OBJ_126 /* Debug */ = {
			isa = XCBuildConfiguration;
			buildSettings = {
				FRAMEWORK_SEARCH_PATHS = (
					"$(inherited)",
					"$(PLATFORM_DIR)/Developer/Library/Frameworks",
				);
				HEADER_SEARCH_PATHS = "$(inherited)";
				INFOPLIST_FILE = AdventOfCode.xcodeproj/_6_Sues_Info.plist;
				LD_RUNPATH_SEARCH_PATHS = "$(TOOLCHAIN_DIR)/usr/lib/swift/macosx @executable_path";
				OTHER_LDFLAGS = "$(inherited)";
				OTHER_SWIFT_FLAGS = "$(inherited)";
				SWIFT_FORCE_DYNAMIC_LINK_STDLIB = YES;
				SWIFT_FORCE_STATIC_LINK_STDLIB = NO;
				SWIFT_VERSION = 4.0;
				TARGET_NAME = "16-Sues";
			};
			name = Debug;
		};
		OBJ_127 /* Release */ = {
			isa = XCBuildConfiguration;
			buildSettings = {
				FRAMEWORK_SEARCH_PATHS = (
					"$(inherited)",
					"$(PLATFORM_DIR)/Developer/Library/Frameworks",
				);
				HEADER_SEARCH_PATHS = "$(inherited)";
				INFOPLIST_FILE = AdventOfCode.xcodeproj/_6_Sues_Info.plist;
				LD_RUNPATH_SEARCH_PATHS = "$(TOOLCHAIN_DIR)/usr/lib/swift/macosx @executable_path";
				OTHER_LDFLAGS = "$(inherited)";
				OTHER_SWIFT_FLAGS = "$(inherited)";
				SWIFT_FORCE_DYNAMIC_LINK_STDLIB = YES;
				SWIFT_FORCE_STATIC_LINK_STDLIB = NO;
				SWIFT_VERSION = 4.0;
				TARGET_NAME = "16-Sues";
			};
			name = Release;
		};
		OBJ_135 /* Debug */ = {
			isa = XCBuildConfiguration;
			buildSettings = {
				FRAMEWORK_SEARCH_PATHS = (
					"$(inherited)",
					"$(PLATFORM_DIR)/Developer/Library/Frameworks",
				);
				HEADER_SEARCH_PATHS = "$(inherited)";
				INFOPLIST_FILE = AdventOfCode.xcodeproj/_1_Passwords_Info.plist;
				LD_RUNPATH_SEARCH_PATHS = "$(TOOLCHAIN_DIR)/usr/lib/swift/macosx @executable_path";
				OTHER_LDFLAGS = "$(inherited)";
				OTHER_SWIFT_FLAGS = "$(inherited)";
				SWIFT_FORCE_DYNAMIC_LINK_STDLIB = YES;
				SWIFT_FORCE_STATIC_LINK_STDLIB = NO;
				SWIFT_VERSION = 4.0;
				TARGET_NAME = "11-Passwords";
			};
			name = Debug;
		};
		OBJ_136 /* Release */ = {
			isa = XCBuildConfiguration;
			buildSettings = {
				FRAMEWORK_SEARCH_PATHS = (
					"$(inherited)",
					"$(PLATFORM_DIR)/Developer/Library/Frameworks",
				);
				HEADER_SEARCH_PATHS = "$(inherited)";
				INFOPLIST_FILE = AdventOfCode.xcodeproj/_1_Passwords_Info.plist;
				LD_RUNPATH_SEARCH_PATHS = "$(TOOLCHAIN_DIR)/usr/lib/swift/macosx @executable_path";
				OTHER_LDFLAGS = "$(inherited)";
				OTHER_SWIFT_FLAGS = "$(inherited)";
				SWIFT_FORCE_DYNAMIC_LINK_STDLIB = YES;
				SWIFT_FORCE_STATIC_LINK_STDLIB = NO;
				SWIFT_VERSION = 4.0;
				TARGET_NAME = "11-Passwords";
			};
			name = Release;
		};
		OBJ_144 /* Debug */ = {
			isa = XCBuildConfiguration;
			buildSettings = {
				FRAMEWORK_SEARCH_PATHS = (
					"$(inherited)",
					"$(PLATFORM_DIR)/Developer/Library/Frameworks",
				);
				HEADER_SEARCH_PATHS = "$(inherited)";
				INFOPLIST_FILE = AdventOfCode.xcodeproj/_3_Seating_Info.plist;
				LD_RUNPATH_SEARCH_PATHS = "$(TOOLCHAIN_DIR)/usr/lib/swift/macosx @executable_path";
				OTHER_LDFLAGS = "$(inherited)";
				OTHER_SWIFT_FLAGS = "$(inherited)";
				SWIFT_FORCE_DYNAMIC_LINK_STDLIB = YES;
				SWIFT_FORCE_STATIC_LINK_STDLIB = NO;
				SWIFT_VERSION = 4.0;
				TARGET_NAME = "13-Seating";
			};
			name = Debug;
		};
		OBJ_145 /* Release */ = {
			isa = XCBuildConfiguration;
			buildSettings = {
				FRAMEWORK_SEARCH_PATHS = (
					"$(inherited)",
					"$(PLATFORM_DIR)/Developer/Library/Frameworks",
				);
				HEADER_SEARCH_PATHS = "$(inherited)";
				INFOPLIST_FILE = AdventOfCode.xcodeproj/_3_Seating_Info.plist;
				LD_RUNPATH_SEARCH_PATHS = "$(TOOLCHAIN_DIR)/usr/lib/swift/macosx @executable_path";
				OTHER_LDFLAGS = "$(inherited)";
				OTHER_SWIFT_FLAGS = "$(inherited)";
				SWIFT_FORCE_DYNAMIC_LINK_STDLIB = YES;
				SWIFT_FORCE_STATIC_LINK_STDLIB = NO;
				SWIFT_VERSION = 4.0;
				TARGET_NAME = "13-Seating";
			};
			name = Release;
		};
		OBJ_153 /* Debug */ = {
			isa = XCBuildConfiguration;
			buildSettings = {
				FRAMEWORK_SEARCH_PATHS = (
					"$(inherited)",
					"$(PLATFORM_DIR)/Developer/Library/Frameworks",
				);
				HEADER_SEARCH_PATHS = "$(inherited)";
				INFOPLIST_FILE = AdventOfCode.xcodeproj/_4_Reindeer_Info.plist;
				LD_RUNPATH_SEARCH_PATHS = "$(TOOLCHAIN_DIR)/usr/lib/swift/macosx @executable_path";
				OTHER_LDFLAGS = "$(inherited)";
				OTHER_SWIFT_FLAGS = "$(inherited)";
				SWIFT_FORCE_DYNAMIC_LINK_STDLIB = YES;
				SWIFT_FORCE_STATIC_LINK_STDLIB = NO;
				SWIFT_VERSION = 4.0;
				TARGET_NAME = "14-Reindeer";
			};
			name = Debug;
		};
		OBJ_154 /* Release */ = {
			isa = XCBuildConfiguration;
			buildSettings = {
				FRAMEWORK_SEARCH_PATHS = (
					"$(inherited)",
					"$(PLATFORM_DIR)/Developer/Library/Frameworks",
				);
				HEADER_SEARCH_PATHS = "$(inherited)";
				INFOPLIST_FILE = AdventOfCode.xcodeproj/_4_Reindeer_Info.plist;
				LD_RUNPATH_SEARCH_PATHS = "$(TOOLCHAIN_DIR)/usr/lib/swift/macosx @executable_path";
				OTHER_LDFLAGS = "$(inherited)";
				OTHER_SWIFT_FLAGS = "$(inherited)";
				SWIFT_FORCE_DYNAMIC_LINK_STDLIB = YES;
				SWIFT_FORCE_STATIC_LINK_STDLIB = NO;
				SWIFT_VERSION = 4.0;
				TARGET_NAME = "14-Reindeer";
			};
			name = Release;
		};
		OBJ_162 /* Debug */ = {
			isa = XCBuildConfiguration;
			buildSettings = {
				FRAMEWORK_SEARCH_PATHS = (
					"$(inherited)",
					"$(PLATFORM_DIR)/Developer/Library/Frameworks",
				);
				HEADER_SEARCH_PATHS = "$(inherited)";
				INFOPLIST_FILE = AdventOfCode.xcodeproj/Day19Molecules_Info.plist;
				LD_RUNPATH_SEARCH_PATHS = "$(TOOLCHAIN_DIR)/usr/lib/swift/macosx @executable_path";
				OTHER_LDFLAGS = "$(inherited)";
				OTHER_SWIFT_FLAGS = "$(inherited)";
				SWIFT_FORCE_DYNAMIC_LINK_STDLIB = YES;
				SWIFT_FORCE_STATIC_LINK_STDLIB = NO;
				SWIFT_VERSION = 4.0;
				TARGET_NAME = Day19Molecules;
			};
			name = Debug;
		};
		OBJ_163 /* Release */ = {
			isa = XCBuildConfiguration;
			buildSettings = {
				FRAMEWORK_SEARCH_PATHS = (
					"$(inherited)",
					"$(PLATFORM_DIR)/Developer/Library/Frameworks",
				);
				HEADER_SEARCH_PATHS = "$(inherited)";
				INFOPLIST_FILE = AdventOfCode.xcodeproj/Day19Molecules_Info.plist;
				LD_RUNPATH_SEARCH_PATHS = "$(TOOLCHAIN_DIR)/usr/lib/swift/macosx @executable_path";
				OTHER_LDFLAGS = "$(inherited)";
				OTHER_SWIFT_FLAGS = "$(inherited)";
				SWIFT_FORCE_DYNAMIC_LINK_STDLIB = YES;
				SWIFT_FORCE_STATIC_LINK_STDLIB = NO;
				SWIFT_VERSION = 4.0;
				TARGET_NAME = Day19Molecules;
			};
			name = Release;
		};
		OBJ_171 /* Debug */ = {
			isa = XCBuildConfiguration;
			buildSettings = {
				FRAMEWORK_SEARCH_PATHS = (
					"$(inherited)",
					"$(PLATFORM_DIR)/Developer/Library/Frameworks",
				);
				HEADER_SEARCH_PATHS = "$(inherited)";
				INFOPLIST_FILE = AdventOfCode.xcodeproj/_0_LookAndSay_Info.plist;
				LD_RUNPATH_SEARCH_PATHS = "$(TOOLCHAIN_DIR)/usr/lib/swift/macosx @executable_path";
				OTHER_LDFLAGS = "$(inherited)";
				OTHER_SWIFT_FLAGS = "$(inherited)";
				SWIFT_FORCE_DYNAMIC_LINK_STDLIB = YES;
				SWIFT_FORCE_STATIC_LINK_STDLIB = NO;
				SWIFT_VERSION = 4.0;
				TARGET_NAME = "10-LookAndSay";
			};
			name = Debug;
		};
		OBJ_172 /* Release */ = {
			isa = XCBuildConfiguration;
			buildSettings = {
				FRAMEWORK_SEARCH_PATHS = (
					"$(inherited)",
					"$(PLATFORM_DIR)/Developer/Library/Frameworks",
				);
				HEADER_SEARCH_PATHS = "$(inherited)";
				INFOPLIST_FILE = AdventOfCode.xcodeproj/_0_LookAndSay_Info.plist;
				LD_RUNPATH_SEARCH_PATHS = "$(TOOLCHAIN_DIR)/usr/lib/swift/macosx @executable_path";
				OTHER_LDFLAGS = "$(inherited)";
				OTHER_SWIFT_FLAGS = "$(inherited)";
				SWIFT_FORCE_DYNAMIC_LINK_STDLIB = YES;
				SWIFT_FORCE_STATIC_LINK_STDLIB = NO;
				SWIFT_VERSION = 4.0;
				TARGET_NAME = "10-LookAndSay";
			};
			name = Release;
		};
		OBJ_180 /* Debug */ = {
			isa = XCBuildConfiguration;
			buildSettings = {
				FRAMEWORK_SEARCH_PATHS = (
					"$(inherited)",
					"$(PLATFORM_DIR)/Developer/Library/Frameworks",
				);
				HEADER_SEARCH_PATHS = "$(inherited)";
				INFOPLIST_FILE = AdventOfCode.xcodeproj/Day20Elves_Info.plist;
				LD_RUNPATH_SEARCH_PATHS = "$(TOOLCHAIN_DIR)/usr/lib/swift/macosx @executable_path";
				OTHER_LDFLAGS = "$(inherited)";
				OTHER_SWIFT_FLAGS = "$(inherited)";
				SWIFT_FORCE_DYNAMIC_LINK_STDLIB = YES;
				SWIFT_FORCE_STATIC_LINK_STDLIB = NO;
				SWIFT_VERSION = 4.0;
				TARGET_NAME = Day20Elves;
			};
			name = Debug;
		};
		OBJ_181 /* Release */ = {
			isa = XCBuildConfiguration;
			buildSettings = {
				FRAMEWORK_SEARCH_PATHS = (
					"$(inherited)",
					"$(PLATFORM_DIR)/Developer/Library/Frameworks",
				);
				HEADER_SEARCH_PATHS = "$(inherited)";
				INFOPLIST_FILE = AdventOfCode.xcodeproj/Day20Elves_Info.plist;
				LD_RUNPATH_SEARCH_PATHS = "$(TOOLCHAIN_DIR)/usr/lib/swift/macosx @executable_path";
				OTHER_LDFLAGS = "$(inherited)";
				OTHER_SWIFT_FLAGS = "$(inherited)";
				SWIFT_FORCE_DYNAMIC_LINK_STDLIB = YES;
				SWIFT_FORCE_STATIC_LINK_STDLIB = NO;
				SWIFT_VERSION = 4.0;
				TARGET_NAME = Day20Elves;
			};
			name = Release;
		};
		OBJ_189 /* Debug */ = {
			isa = XCBuildConfiguration;
			buildSettings = {
				FRAMEWORK_SEARCH_PATHS = (
					"$(inherited)",
					"$(PLATFORM_DIR)/Developer/Library/Frameworks",
				);
				HEADER_SEARCH_PATHS = "$(inherited)";
				INFOPLIST_FILE = AdventOfCode.xcodeproj/_7_Wires_Info.plist;
				LD_RUNPATH_SEARCH_PATHS = "$(TOOLCHAIN_DIR)/usr/lib/swift/macosx @executable_path";
				OTHER_LDFLAGS = "$(inherited)";
				OTHER_SWIFT_FLAGS = "$(inherited)";
				SWIFT_FORCE_DYNAMIC_LINK_STDLIB = YES;
				SWIFT_FORCE_STATIC_LINK_STDLIB = NO;
				SWIFT_VERSION = 4.0;
				TARGET_NAME = "07-Wires";
			};
			name = Debug;
		};
		OBJ_190 /* Release */ = {
			isa = XCBuildConfiguration;
			buildSettings = {
				FRAMEWORK_SEARCH_PATHS = (
					"$(inherited)",
					"$(PLATFORM_DIR)/Developer/Library/Frameworks",
				);
				HEADER_SEARCH_PATHS = "$(inherited)";
				INFOPLIST_FILE = AdventOfCode.xcodeproj/_7_Wires_Info.plist;
				LD_RUNPATH_SEARCH_PATHS = "$(TOOLCHAIN_DIR)/usr/lib/swift/macosx @executable_path";
				OTHER_LDFLAGS = "$(inherited)";
				OTHER_SWIFT_FLAGS = "$(inherited)";
				SWIFT_FORCE_DYNAMIC_LINK_STDLIB = YES;
				SWIFT_FORCE_STATIC_LINK_STDLIB = NO;
				SWIFT_VERSION = 4.0;
				TARGET_NAME = "07-Wires";
			};
			name = Release;
		};
		OBJ_198 /* Debug */ = {
			isa = XCBuildConfiguration;
			buildSettings = {
				FRAMEWORK_SEARCH_PATHS = (
					"$(inherited)",
					"$(PLATFORM_DIR)/Developer/Library/Frameworks",
				);
				HEADER_SEARCH_PATHS = "$(inherited)";
				INFOPLIST_FILE = AdventOfCode.xcodeproj/_7_Eggnog_Info.plist;
				LD_RUNPATH_SEARCH_PATHS = "$(TOOLCHAIN_DIR)/usr/lib/swift/macosx @executable_path";
				OTHER_LDFLAGS = "$(inherited)";
				OTHER_SWIFT_FLAGS = "$(inherited)";
				SWIFT_FORCE_DYNAMIC_LINK_STDLIB = YES;
				SWIFT_FORCE_STATIC_LINK_STDLIB = NO;
				SWIFT_VERSION = 4.0;
				TARGET_NAME = "17-Eggnog";
			};
			name = Debug;
		};
		OBJ_199 /* Release */ = {
			isa = XCBuildConfiguration;
			buildSettings = {
				FRAMEWORK_SEARCH_PATHS = (
					"$(inherited)",
					"$(PLATFORM_DIR)/Developer/Library/Frameworks",
				);
				HEADER_SEARCH_PATHS = "$(inherited)";
				INFOPLIST_FILE = AdventOfCode.xcodeproj/_7_Eggnog_Info.plist;
				LD_RUNPATH_SEARCH_PATHS = "$(TOOLCHAIN_DIR)/usr/lib/swift/macosx @executable_path";
				OTHER_LDFLAGS = "$(inherited)";
				OTHER_SWIFT_FLAGS = "$(inherited)";
				SWIFT_FORCE_DYNAMIC_LINK_STDLIB = YES;
				SWIFT_FORCE_STATIC_LINK_STDLIB = NO;
				SWIFT_VERSION = 4.0;
				TARGET_NAME = "17-Eggnog";
			};
			name = Release;
		};
		OBJ_207 /* Debug */ = {
			isa = XCBuildConfiguration;
			buildSettings = {
				FRAMEWORK_SEARCH_PATHS = (
					"$(inherited)",
					"$(PLATFORM_DIR)/Developer/Library/Frameworks",
				);
				HEADER_SEARCH_PATHS = "$(inherited)";
				INFOPLIST_FILE = AdventOfCode.xcodeproj/_6_Lights_Info.plist;
				LD_RUNPATH_SEARCH_PATHS = "$(TOOLCHAIN_DIR)/usr/lib/swift/macosx @executable_path";
				OTHER_LDFLAGS = "$(inherited)";
				OTHER_SWIFT_FLAGS = "$(inherited)";
				SWIFT_FORCE_DYNAMIC_LINK_STDLIB = YES;
				SWIFT_FORCE_STATIC_LINK_STDLIB = NO;
				SWIFT_VERSION = 4.0;
				TARGET_NAME = "06-Lights";
			};
			name = Debug;
		};
		OBJ_208 /* Release */ = {
			isa = XCBuildConfiguration;
			buildSettings = {
				FRAMEWORK_SEARCH_PATHS = (
					"$(inherited)",
					"$(PLATFORM_DIR)/Developer/Library/Frameworks",
				);
				HEADER_SEARCH_PATHS = "$(inherited)";
				INFOPLIST_FILE = AdventOfCode.xcodeproj/_6_Lights_Info.plist;
				LD_RUNPATH_SEARCH_PATHS = "$(TOOLCHAIN_DIR)/usr/lib/swift/macosx @executable_path";
				OTHER_LDFLAGS = "$(inherited)";
				OTHER_SWIFT_FLAGS = "$(inherited)";
				SWIFT_FORCE_DYNAMIC_LINK_STDLIB = YES;
				SWIFT_FORCE_STATIC_LINK_STDLIB = NO;
				SWIFT_VERSION = 4.0;
				TARGET_NAME = "06-Lights";
			};
			name = Release;
		};
		OBJ_216 /* Debug */ = {
			isa = XCBuildConfiguration;
			buildSettings = {
				FRAMEWORK_SEARCH_PATHS = (
					"$(inherited)",
					"$(PLATFORM_DIR)/Developer/Library/Frameworks",
				);
				HEADER_SEARCH_PATHS = "$(inherited)";
				INFOPLIST_FILE = AdventOfCode.xcodeproj/_8_Matchsticks_Info.plist;
				LD_RUNPATH_SEARCH_PATHS = "$(TOOLCHAIN_DIR)/usr/lib/swift/macosx @executable_path";
				OTHER_LDFLAGS = "$(inherited)";
				OTHER_SWIFT_FLAGS = "$(inherited)";
				SWIFT_FORCE_DYNAMIC_LINK_STDLIB = YES;
				SWIFT_FORCE_STATIC_LINK_STDLIB = NO;
				SWIFT_VERSION = 4.0;
				TARGET_NAME = "08-Matchsticks";
			};
			name = Debug;
		};
		OBJ_217 /* Release */ = {
			isa = XCBuildConfiguration;
			buildSettings = {
				FRAMEWORK_SEARCH_PATHS = (
					"$(inherited)",
					"$(PLATFORM_DIR)/Developer/Library/Frameworks",
				);
				HEADER_SEARCH_PATHS = "$(inherited)";
				INFOPLIST_FILE = AdventOfCode.xcodeproj/_8_Matchsticks_Info.plist;
				LD_RUNPATH_SEARCH_PATHS = "$(TOOLCHAIN_DIR)/usr/lib/swift/macosx @executable_path";
				OTHER_LDFLAGS = "$(inherited)";
				OTHER_SWIFT_FLAGS = "$(inherited)";
				SWIFT_FORCE_DYNAMIC_LINK_STDLIB = YES;
				SWIFT_FORCE_STATIC_LINK_STDLIB = NO;
				SWIFT_VERSION = 4.0;
				TARGET_NAME = "08-Matchsticks";
			};
			name = Release;
		};
		OBJ_225 /* Debug */ = {
			isa = XCBuildConfiguration;
			buildSettings = {
				FRAMEWORK_SEARCH_PATHS = (
					"$(inherited)",
					"$(PLATFORM_DIR)/Developer/Library/Frameworks",
				);
				HEADER_SEARCH_PATHS = "$(inherited)";
				INFOPLIST_FILE = AdventOfCode.xcodeproj/_8_GIF_Info.plist;
				LD_RUNPATH_SEARCH_PATHS = "$(TOOLCHAIN_DIR)/usr/lib/swift/macosx @executable_path";
				OTHER_LDFLAGS = "$(inherited)";
				OTHER_SWIFT_FLAGS = "$(inherited)";
				SWIFT_FORCE_DYNAMIC_LINK_STDLIB = YES;
				SWIFT_FORCE_STATIC_LINK_STDLIB = NO;
				SWIFT_VERSION = 4.0;
				TARGET_NAME = "18-GIF";
			};
			name = Debug;
		};
		OBJ_226 /* Release */ = {
			isa = XCBuildConfiguration;
			buildSettings = {
				FRAMEWORK_SEARCH_PATHS = (
					"$(inherited)",
					"$(PLATFORM_DIR)/Developer/Library/Frameworks",
				);
				HEADER_SEARCH_PATHS = "$(inherited)";
				INFOPLIST_FILE = AdventOfCode.xcodeproj/_8_GIF_Info.plist;
				LD_RUNPATH_SEARCH_PATHS = "$(TOOLCHAIN_DIR)/usr/lib/swift/macosx @executable_path";
				OTHER_LDFLAGS = "$(inherited)";
				OTHER_SWIFT_FLAGS = "$(inherited)";
				SWIFT_FORCE_DYNAMIC_LINK_STDLIB = YES;
				SWIFT_FORCE_STATIC_LINK_STDLIB = NO;
				SWIFT_VERSION = 4.0;
				TARGET_NAME = "18-GIF";
			};
			name = Release;
		};
		OBJ_234 /* Debug */ = {
			isa = XCBuildConfiguration;
			buildSettings = {
				FRAMEWORK_SEARCH_PATHS = (
					"$(inherited)",
					"$(PLATFORM_DIR)/Developer/Library/Frameworks",
				);
				HEADER_SEARCH_PATHS = "$(inherited)";
				INFOPLIST_FILE = AdventOfCode.xcodeproj/_2_Presents_Info.plist;
				LD_RUNPATH_SEARCH_PATHS = "$(TOOLCHAIN_DIR)/usr/lib/swift/macosx @executable_path";
				OTHER_LDFLAGS = "$(inherited)";
				OTHER_SWIFT_FLAGS = "$(inherited)";
				SWIFT_FORCE_DYNAMIC_LINK_STDLIB = YES;
				SWIFT_FORCE_STATIC_LINK_STDLIB = NO;
				SWIFT_VERSION = 4.0;
				TARGET_NAME = "02-Presents";
			};
			name = Debug;
		};
		OBJ_235 /* Release */ = {
			isa = XCBuildConfiguration;
			buildSettings = {
				FRAMEWORK_SEARCH_PATHS = (
					"$(inherited)",
					"$(PLATFORM_DIR)/Developer/Library/Frameworks",
				);
				HEADER_SEARCH_PATHS = "$(inherited)";
				INFOPLIST_FILE = AdventOfCode.xcodeproj/_2_Presents_Info.plist;
				LD_RUNPATH_SEARCH_PATHS = "$(TOOLCHAIN_DIR)/usr/lib/swift/macosx @executable_path";
				OTHER_LDFLAGS = "$(inherited)";
				OTHER_SWIFT_FLAGS = "$(inherited)";
				SWIFT_FORCE_DYNAMIC_LINK_STDLIB = YES;
				SWIFT_FORCE_STATIC_LINK_STDLIB = NO;
				SWIFT_VERSION = 4.0;
				TARGET_NAME = "02-Presents";
			};
			name = Release;
		};
		OBJ_243 /* Debug */ = {
			isa = XCBuildConfiguration;
			buildSettings = {
				FRAMEWORK_SEARCH_PATHS = (
					"$(inherited)",
					"$(PLATFORM_DIR)/Developer/Library/Frameworks",
				);
				HEADER_SEARCH_PATHS = "$(inherited)";
				INFOPLIST_FILE = AdventOfCode.xcodeproj/Day01Floors_Info.plist;
				LD_RUNPATH_SEARCH_PATHS = "$(TOOLCHAIN_DIR)/usr/lib/swift/macosx @executable_path";
				OTHER_LDFLAGS = "$(inherited)";
				OTHER_SWIFT_FLAGS = "$(inherited)";
				SWIFT_FORCE_DYNAMIC_LINK_STDLIB = YES;
				SWIFT_FORCE_STATIC_LINK_STDLIB = NO;
				SWIFT_VERSION = 4.0;
				TARGET_NAME = Day01Floors;
			};
			name = Debug;
		};
		OBJ_244 /* Release */ = {
			isa = XCBuildConfiguration;
			buildSettings = {
				FRAMEWORK_SEARCH_PATHS = (
					"$(inherited)",
					"$(PLATFORM_DIR)/Developer/Library/Frameworks",
				);
				HEADER_SEARCH_PATHS = "$(inherited)";
				INFOPLIST_FILE = AdventOfCode.xcodeproj/Day01Floors_Info.plist;
				LD_RUNPATH_SEARCH_PATHS = "$(TOOLCHAIN_DIR)/usr/lib/swift/macosx @executable_path";
				OTHER_LDFLAGS = "$(inherited)";
				OTHER_SWIFT_FLAGS = "$(inherited)";
				SWIFT_FORCE_DYNAMIC_LINK_STDLIB = YES;
				SWIFT_FORCE_STATIC_LINK_STDLIB = NO;
				SWIFT_VERSION = 4.0;
				TARGET_NAME = Day01Floors;
			};
			name = Release;
		};
		OBJ_251 /* Debug */ = {
			isa = XCBuildConfiguration;
			buildSettings = {
				ENABLE_TESTABILITY = YES;
				FRAMEWORK_SEARCH_PATHS = (
					"$(inherited)",
					"$(PLATFORM_DIR)/Developer/Library/Frameworks",
				);
				HEADER_SEARCH_PATHS = "$(inherited)";
				INFOPLIST_FILE = AdventOfCode.xcodeproj/AdventLib_Info.plist;
				LD_RUNPATH_SEARCH_PATHS = "$(TOOLCHAIN_DIR)/usr/lib/swift/macosx";
				OTHER_LDFLAGS = "$(inherited)";
				OTHER_SWIFT_FLAGS = "$(inherited)";
				PRODUCT_BUNDLE_IDENTIFIER = AdventLib;
				PRODUCT_MODULE_NAME = "$(TARGET_NAME:c99extidentifier)";
				PRODUCT_NAME = "$(TARGET_NAME:c99extidentifier)";
				SKIP_INSTALL = YES;
				SWIFT_VERSION = 4.0;
				TARGET_NAME = AdventLib;
			};
			name = Debug;
		};
		OBJ_252 /* Release */ = {
			isa = XCBuildConfiguration;
			buildSettings = {
				ENABLE_TESTABILITY = YES;
				FRAMEWORK_SEARCH_PATHS = (
					"$(inherited)",
					"$(PLATFORM_DIR)/Developer/Library/Frameworks",
				);
				HEADER_SEARCH_PATHS = "$(inherited)";
				INFOPLIST_FILE = AdventOfCode.xcodeproj/AdventLib_Info.plist;
				LD_RUNPATH_SEARCH_PATHS = "$(TOOLCHAIN_DIR)/usr/lib/swift/macosx";
				OTHER_LDFLAGS = "$(inherited)";
				OTHER_SWIFT_FLAGS = "$(inherited)";
				PRODUCT_BUNDLE_IDENTIFIER = AdventLib;
				PRODUCT_MODULE_NAME = "$(TARGET_NAME:c99extidentifier)";
				PRODUCT_NAME = "$(TARGET_NAME:c99extidentifier)";
				SKIP_INSTALL = YES;
				SWIFT_VERSION = 4.0;
				TARGET_NAME = AdventLib;
			};
			name = Release;
		};
		OBJ_3 /* Debug */ = {
			isa = XCBuildConfiguration;
			buildSettings = {
				CLANG_ENABLE_OBJC_ARC = YES;
				COMBINE_HIDPI_IMAGES = YES;
				COPY_PHASE_STRIP = NO;
				DEBUG_INFORMATION_FORMAT = dwarf;
				DYLIB_INSTALL_NAME_BASE = "@rpath";
				ENABLE_NS_ASSERTIONS = YES;
				GCC_OPTIMIZATION_LEVEL = 0;
				MACOSX_DEPLOYMENT_TARGET = 10.10;
				ONLY_ACTIVE_ARCH = YES;
				OTHER_SWIFT_FLAGS = "-DXcode";
				PRODUCT_NAME = "$(TARGET_NAME)";
				SDKROOT = macosx;
				SUPPORTED_PLATFORMS = "macosx iphoneos iphonesimulator appletvos appletvsimulator watchos watchsimulator";
				SWIFT_ACTIVE_COMPILATION_CONDITIONS = SWIFT_PACKAGE;
				SWIFT_OPTIMIZATION_LEVEL = "-Onone";
				USE_HEADERMAP = NO;
			};
			name = Debug;
		};
		OBJ_4 /* Release */ = {
			isa = XCBuildConfiguration;
			buildSettings = {
				CLANG_ENABLE_OBJC_ARC = YES;
				COMBINE_HIDPI_IMAGES = YES;
				COPY_PHASE_STRIP = YES;
				DEBUG_INFORMATION_FORMAT = "dwarf-with-dsym";
				DYLIB_INSTALL_NAME_BASE = "@rpath";
				GCC_OPTIMIZATION_LEVEL = s;
				MACOSX_DEPLOYMENT_TARGET = 10.10;
				OTHER_SWIFT_FLAGS = "-DXcode";
				PRODUCT_NAME = "$(TARGET_NAME)";
				SDKROOT = macosx;
				SUPPORTED_PLATFORMS = "macosx iphoneos iphonesimulator appletvos appletvsimulator watchos watchsimulator";
				SWIFT_ACTIVE_COMPILATION_CONDITIONS = SWIFT_PACKAGE;
				SWIFT_OPTIMIZATION_LEVEL = "-Owholemodule";
				USE_HEADERMAP = NO;
			};
			name = Release;
		};
		OBJ_74 /* Debug */ = {
			isa = XCBuildConfiguration;
			buildSettings = {
				LD = /usr/bin/true;
				OTHER_SWIFT_FLAGS = "-swift-version 4 -I /Applications/Xcode.app/Contents/Developer/Toolchains/XcodeDefault.xctoolchain/usr/lib/swift/pm/4 -target x86_64-apple-macosx10.10 -sdk /Applications/Xcode.app/Contents/Developer/Platforms/MacOSX.platform/Developer/SDKs/MacOSX10.13.sdk";
				SWIFT_VERSION = 4.0;
			};
			name = Debug;
		};
		OBJ_75 /* Release */ = {
			isa = XCBuildConfiguration;
			buildSettings = {
				LD = /usr/bin/true;
				OTHER_SWIFT_FLAGS = "-swift-version 4 -I /Applications/Xcode.app/Contents/Developer/Toolchains/XcodeDefault.xctoolchain/usr/lib/swift/pm/4 -target x86_64-apple-macosx10.10 -sdk /Applications/Xcode.app/Contents/Developer/Platforms/MacOSX.platform/Developer/SDKs/MacOSX10.13.sdk";
				SWIFT_VERSION = 4.0;
			};
			name = Release;
		};
		OBJ_80 /* Debug */ = {
			isa = XCBuildConfiguration;
			buildSettings = {
				FRAMEWORK_SEARCH_PATHS = (
					"$(inherited)",
					"$(PLATFORM_DIR)/Developer/Library/Frameworks",
				);
				HEADER_SEARCH_PATHS = "$(inherited)";
				INFOPLIST_FILE = AdventOfCode.xcodeproj/_3_Visits_Info.plist;
				LD_RUNPATH_SEARCH_PATHS = "$(TOOLCHAIN_DIR)/usr/lib/swift/macosx @executable_path";
				OTHER_LDFLAGS = "$(inherited)";
				OTHER_SWIFT_FLAGS = "$(inherited)";
				SWIFT_FORCE_DYNAMIC_LINK_STDLIB = YES;
				SWIFT_FORCE_STATIC_LINK_STDLIB = NO;
				SWIFT_VERSION = 4.0;
				TARGET_NAME = "03-Visits";
			};
			name = Debug;
		};
		OBJ_81 /* Release */ = {
			isa = XCBuildConfiguration;
			buildSettings = {
				FRAMEWORK_SEARCH_PATHS = (
					"$(inherited)",
					"$(PLATFORM_DIR)/Developer/Library/Frameworks",
				);
				HEADER_SEARCH_PATHS = "$(inherited)";
				INFOPLIST_FILE = AdventOfCode.xcodeproj/_3_Visits_Info.plist;
				LD_RUNPATH_SEARCH_PATHS = "$(TOOLCHAIN_DIR)/usr/lib/swift/macosx @executable_path";
				OTHER_LDFLAGS = "$(inherited)";
				OTHER_SWIFT_FLAGS = "$(inherited)";
				SWIFT_FORCE_DYNAMIC_LINK_STDLIB = YES;
				SWIFT_FORCE_STATIC_LINK_STDLIB = NO;
				SWIFT_VERSION = 4.0;
				TARGET_NAME = "03-Visits";
			};
			name = Release;
		};
		OBJ_90 /* Debug */ = {
			isa = XCBuildConfiguration;
			buildSettings = {
				FRAMEWORK_SEARCH_PATHS = (
					"$(inherited)",
					"$(PLATFORM_DIR)/Developer/Library/Frameworks",
				);
				HEADER_SEARCH_PATHS = "$(inherited)";
				INFOPLIST_FILE = AdventOfCode.xcodeproj/_5_Cookie_Info.plist;
				LD_RUNPATH_SEARCH_PATHS = "$(TOOLCHAIN_DIR)/usr/lib/swift/macosx @executable_path";
				OTHER_LDFLAGS = "$(inherited)";
				OTHER_SWIFT_FLAGS = "$(inherited)";
				SWIFT_FORCE_DYNAMIC_LINK_STDLIB = YES;
				SWIFT_FORCE_STATIC_LINK_STDLIB = NO;
				SWIFT_VERSION = 4.0;
				TARGET_NAME = "15-Cookie";
			};
			name = Debug;
		};
		OBJ_91 /* Release */ = {
			isa = XCBuildConfiguration;
			buildSettings = {
				FRAMEWORK_SEARCH_PATHS = (
					"$(inherited)",
					"$(PLATFORM_DIR)/Developer/Library/Frameworks",
				);
				HEADER_SEARCH_PATHS = "$(inherited)";
				INFOPLIST_FILE = AdventOfCode.xcodeproj/_5_Cookie_Info.plist;
				LD_RUNPATH_SEARCH_PATHS = "$(TOOLCHAIN_DIR)/usr/lib/swift/macosx @executable_path";
				OTHER_LDFLAGS = "$(inherited)";
				OTHER_SWIFT_FLAGS = "$(inherited)";
				SWIFT_FORCE_DYNAMIC_LINK_STDLIB = YES;
				SWIFT_FORCE_STATIC_LINK_STDLIB = NO;
				SWIFT_VERSION = 4.0;
				TARGET_NAME = "15-Cookie";
			};
			name = Release;
		};
		OBJ_99 /* Debug */ = {
			isa = XCBuildConfiguration;
			buildSettings = {
				FRAMEWORK_SEARCH_PATHS = (
					"$(inherited)",
					"$(PLATFORM_DIR)/Developer/Library/Frameworks",
				);
				HEADER_SEARCH_PATHS = "$(inherited)";
				INFOPLIST_FILE = AdventOfCode.xcodeproj/_5_Nice_Info.plist;
				LD_RUNPATH_SEARCH_PATHS = "$(TOOLCHAIN_DIR)/usr/lib/swift/macosx @executable_path";
				OTHER_LDFLAGS = "$(inherited)";
				OTHER_SWIFT_FLAGS = "$(inherited)";
				SWIFT_FORCE_DYNAMIC_LINK_STDLIB = YES;
				SWIFT_FORCE_STATIC_LINK_STDLIB = NO;
				SWIFT_VERSION = 4.0;
				TARGET_NAME = "05-Nice";
			};
			name = Debug;
		};
/* End XCBuildConfiguration section */

/* Begin XCConfigurationList section */
		OBJ_107 /* Build configuration list for PBXNativeTarget "04-Hashing" */ = {
			isa = XCConfigurationList;
			buildConfigurations = (
				OBJ_108 /* Debug */,
				OBJ_109 /* Release */,
			);
			defaultConfigurationIsVisible = 0;
			defaultConfigurationName = Debug;
		};
		OBJ_116 /* Build configuration list for PBXNativeTarget "09-Routes" */ = {
			isa = XCConfigurationList;
			buildConfigurations = (
				OBJ_117 /* Debug */,
				OBJ_118 /* Release */,
			);
			defaultConfigurationIsVisible = 0;
			defaultConfigurationName = Debug;
		};
		OBJ_125 /* Build configuration list for PBXNativeTarget "16-Sues" */ = {
			isa = XCConfigurationList;
			buildConfigurations = (
				OBJ_126 /* Debug */,
				OBJ_127 /* Release */,
			);
			defaultConfigurationIsVisible = 0;
			defaultConfigurationName = Debug;
		};
		OBJ_134 /* Build configuration list for PBXNativeTarget "11-Passwords" */ = {
			isa = XCConfigurationList;
			buildConfigurations = (
				OBJ_135 /* Debug */,
				OBJ_136 /* Release */,
			);
			defaultConfigurationIsVisible = 0;
			defaultConfigurationName = Debug;
		};
		OBJ_143 /* Build configuration list for PBXNativeTarget "13-Seating" */ = {
			isa = XCConfigurationList;
			buildConfigurations = (
				OBJ_144 /* Debug */,
				OBJ_145 /* Release */,
			);
			defaultConfigurationIsVisible = 0;
			defaultConfigurationName = Debug;
		};
		OBJ_152 /* Build configuration list for PBXNativeTarget "14-Reindeer" */ = {
			isa = XCConfigurationList;
			buildConfigurations = (
				OBJ_153 /* Debug */,
				OBJ_154 /* Release */,
			);
			defaultConfigurationIsVisible = 0;
			defaultConfigurationName = Debug;
		};
		OBJ_161 /* Build configuration list for PBXNativeTarget "Day19Molecules" */ = {
			isa = XCConfigurationList;
			buildConfigurations = (
				OBJ_162 /* Debug */,
				OBJ_163 /* Release */,
			);
			defaultConfigurationIsVisible = 0;
			defaultConfigurationName = Debug;
		};
		OBJ_170 /* Build configuration list for PBXNativeTarget "10-LookAndSay" */ = {
			isa = XCConfigurationList;
			buildConfigurations = (
				OBJ_171 /* Debug */,
				OBJ_172 /* Release */,
			);
			defaultConfigurationIsVisible = 0;
			defaultConfigurationName = Debug;
		};
		OBJ_179 /* Build configuration list for PBXNativeTarget "Day20Elves" */ = {
			isa = XCConfigurationList;
			buildConfigurations = (
				OBJ_180 /* Debug */,
				OBJ_181 /* Release */,
			);
			defaultConfigurationIsVisible = 0;
			defaultConfigurationName = Debug;
		};
		OBJ_188 /* Build configuration list for PBXNativeTarget "07-Wires" */ = {
			isa = XCConfigurationList;
			buildConfigurations = (
				OBJ_189 /* Debug */,
				OBJ_190 /* Release */,
			);
			defaultConfigurationIsVisible = 0;
			defaultConfigurationName = Debug;
		};
		OBJ_197 /* Build configuration list for PBXNativeTarget "17-Eggnog" */ = {
			isa = XCConfigurationList;
			buildConfigurations = (
				OBJ_198 /* Debug */,
				OBJ_199 /* Release */,
			);
			defaultConfigurationIsVisible = 0;
			defaultConfigurationName = Debug;
		};
		OBJ_2 /* Build configuration list for PBXProject "AdventOfCode" */ = {
			isa = XCConfigurationList;
			buildConfigurations = (
				OBJ_3 /* Debug */,
				OBJ_4 /* Release */,
			);
			defaultConfigurationIsVisible = 0;
			defaultConfigurationName = Debug;
		};
		OBJ_206 /* Build configuration list for PBXNativeTarget "06-Lights" */ = {
			isa = XCConfigurationList;
			buildConfigurations = (
				OBJ_207 /* Debug */,
				OBJ_208 /* Release */,
			);
			defaultConfigurationIsVisible = 0;
			defaultConfigurationName = Debug;
		};
		OBJ_215 /* Build configuration list for PBXNativeTarget "08-Matchsticks" */ = {
			isa = XCConfigurationList;
			buildConfigurations = (
				OBJ_216 /* Debug */,
				OBJ_217 /* Release */,
			);
			defaultConfigurationIsVisible = 0;
			defaultConfigurationName = Debug;
		};
		OBJ_224 /* Build configuration list for PBXNativeTarget "18-GIF" */ = {
			isa = XCConfigurationList;
			buildConfigurations = (
				OBJ_225 /* Debug */,
				OBJ_226 /* Release */,
			);
			defaultConfigurationIsVisible = 0;
			defaultConfigurationName = Debug;
		};
		OBJ_233 /* Build configuration list for PBXNativeTarget "02-Presents" */ = {
			isa = XCConfigurationList;
			buildConfigurations = (
				OBJ_234 /* Debug */,
				OBJ_235 /* Release */,
			);
			defaultConfigurationIsVisible = 0;
			defaultConfigurationName = Debug;
		};
		OBJ_242 /* Build configuration list for PBXNativeTarget "Day01Floors" */ = {
			isa = XCConfigurationList;
			buildConfigurations = (
				OBJ_243 /* Debug */,
				OBJ_244 /* Release */,
			);
			defaultConfigurationIsVisible = 0;
			defaultConfigurationName = Debug;
		};
		OBJ_250 /* Build configuration list for PBXNativeTarget "AdventLib" */ = {
			isa = XCConfigurationList;
			buildConfigurations = (
				OBJ_251 /* Debug */,
				OBJ_252 /* Release */,
			);
			defaultConfigurationIsVisible = 0;
			defaultConfigurationName = Debug;
		};
		OBJ_73 /* Build configuration list for PBXNativeTarget "AdventOfCodePackageDescription" */ = {
			isa = XCConfigurationList;
			buildConfigurations = (
				OBJ_74 /* Debug */,
				OBJ_75 /* Release */,
			);
			defaultConfigurationIsVisible = 0;
			defaultConfigurationName = Debug;
		};
		OBJ_79 /* Build configuration list for PBXNativeTarget "03-Visits" */ = {
			isa = XCConfigurationList;
			buildConfigurations = (
				OBJ_80 /* Debug */,
				OBJ_81 /* Release */,
			);
			defaultConfigurationIsVisible = 0;
			defaultConfigurationName = Debug;
		};
		OBJ_89 /* Build configuration list for PBXNativeTarget "15-Cookie" */ = {
			isa = XCConfigurationList;
			buildConfigurations = (
				OBJ_90 /* Debug */,
				OBJ_91 /* Release */,
			);
			defaultConfigurationIsVisible = 0;
			defaultConfigurationName = Debug;
		};
		OBJ_98 /* Build configuration list for PBXNativeTarget "05-Nice" */ = {
			isa = XCConfigurationList;
			buildConfigurations = (
				OBJ_99 /* Debug */,
				OBJ_100 /* Release */,
			);
			defaultConfigurationIsVisible = 0;
			defaultConfigurationName = Debug;
		};
/* End XCConfigurationList section */
	};
	rootObject = OBJ_1 /* Project object */;
}
