// !$*UTF8*$!
{
	archiveVersion = 1;
	classes = {
	};
	objectVersion = 46;
	objects = {

/* Begin PBXBuildFile section */
		OBJ_101 /* main.swift in Sources */ = {isa = PBXBuildFile; fileRef = OBJ_44 /* main.swift */; };
		OBJ_103 /* AdventLib.framework in Frameworks */ = {isa = PBXBuildFile; fileRef = "AdventOfCode::AdventLib::Product" /* AdventLib.framework */; };
		OBJ_110 /* main.swift in Sources */ = {isa = PBXBuildFile; fileRef = OBJ_42 /* main.swift */; };
		OBJ_112 /* AdventLib.framework in Frameworks */ = {isa = PBXBuildFile; fileRef = "AdventOfCode::AdventLib::Product" /* AdventLib.framework */; };
		OBJ_119 /* main.swift in Sources */ = {isa = PBXBuildFile; fileRef = OBJ_40 /* main.swift */; };
		OBJ_121 /* AdventLib.framework in Frameworks */ = {isa = PBXBuildFile; fileRef = "AdventOfCode::AdventLib::Product" /* AdventLib.framework */; };
		OBJ_128 /* main.swift in Sources */ = {isa = PBXBuildFile; fileRef = OBJ_38 /* main.swift */; };
		OBJ_130 /* AdventLib.framework in Frameworks */ = {isa = PBXBuildFile; fileRef = "AdventOfCode::AdventLib::Product" /* AdventLib.framework */; };
		OBJ_137 /* main.swift in Sources */ = {isa = PBXBuildFile; fileRef = OBJ_36 /* main.swift */; };
		OBJ_139 /* AdventLib.framework in Frameworks */ = {isa = PBXBuildFile; fileRef = "AdventOfCode::AdventLib::Product" /* AdventLib.framework */; };
		OBJ_146 /* main.swift in Sources */ = {isa = PBXBuildFile; fileRef = OBJ_34 /* main.swift */; };
		OBJ_148 /* AdventLib.framework in Frameworks */ = {isa = PBXBuildFile; fileRef = "AdventOfCode::AdventLib::Product" /* AdventLib.framework */; };
		OBJ_155 /* main.swift in Sources */ = {isa = PBXBuildFile; fileRef = OBJ_32 /* main.swift */; };
		OBJ_157 /* AdventLib.framework in Frameworks */ = {isa = PBXBuildFile; fileRef = "AdventOfCode::AdventLib::Product" /* AdventLib.framework */; };
		OBJ_164 /* main.swift in Sources */ = {isa = PBXBuildFile; fileRef = OBJ_30 /* main.swift */; };
		OBJ_166 /* AdventLib.framework in Frameworks */ = {isa = PBXBuildFile; fileRef = "AdventOfCode::AdventLib::Product" /* AdventLib.framework */; };
		OBJ_173 /* main.swift in Sources */ = {isa = PBXBuildFile; fileRef = OBJ_28 /* main.swift */; };
		OBJ_175 /* AdventLib.framework in Frameworks */ = {isa = PBXBuildFile; fileRef = "AdventOfCode::AdventLib::Product" /* AdventLib.framework */; };
		OBJ_182 /* main.swift in Sources */ = {isa = PBXBuildFile; fileRef = OBJ_26 /* main.swift */; };
		OBJ_184 /* AdventLib.framework in Frameworks */ = {isa = PBXBuildFile; fileRef = "AdventOfCode::AdventLib::Product" /* AdventLib.framework */; };
		OBJ_191 /* main.swift in Sources */ = {isa = PBXBuildFile; fileRef = OBJ_24 /* main.swift */; };
		OBJ_193 /* AdventLib.framework in Frameworks */ = {isa = PBXBuildFile; fileRef = "AdventOfCode::AdventLib::Product" /* AdventLib.framework */; };
		OBJ_200 /* main.swift in Sources */ = {isa = PBXBuildFile; fileRef = OBJ_22 /* main.swift */; };
		OBJ_202 /* AdventLib.framework in Frameworks */ = {isa = PBXBuildFile; fileRef = "AdventOfCode::AdventLib::Product" /* AdventLib.framework */; };
		OBJ_209 /* main.swift in Sources */ = {isa = PBXBuildFile; fileRef = OBJ_20 /* main.swift */; };
		OBJ_211 /* AdventLib.framework in Frameworks */ = {isa = PBXBuildFile; fileRef = "AdventOfCode::AdventLib::Product" /* AdventLib.framework */; };
		OBJ_218 /* main.swift in Sources */ = {isa = PBXBuildFile; fileRef = OBJ_18 /* main.swift */; };
		OBJ_220 /* AdventLib.framework in Frameworks */ = {isa = PBXBuildFile; fileRef = "AdventOfCode::AdventLib::Product" /* AdventLib.framework */; };
		OBJ_227 /* main.swift in Sources */ = {isa = PBXBuildFile; fileRef = OBJ_16 /* main.swift */; };
		OBJ_229 /* AdventLib.framework in Frameworks */ = {isa = PBXBuildFile; fileRef = "AdventOfCode::AdventLib::Product" /* AdventLib.framework */; };
		OBJ_236 /* main.swift in Sources */ = {isa = PBXBuildFile; fileRef = OBJ_14 /* main.swift */; };
		OBJ_238 /* AdventLib.framework in Frameworks */ = {isa = PBXBuildFile; fileRef = "AdventOfCode::AdventLib::Product" /* AdventLib.framework */; };
		OBJ_245 /* main.swift in Sources */ = {isa = PBXBuildFile; fileRef = OBJ_12 /* main.swift */; };
		OBJ_247 /* AdventLib.framework in Frameworks */ = {isa = PBXBuildFile; fileRef = "AdventOfCode::AdventLib::Product" /* AdventLib.framework */; };
		OBJ_253 /* Regex.swift in Sources */ = {isa = PBXBuildFile; fileRef = OBJ_9 /* Regex.swift */; };
		OBJ_254 /* TextFile.swift in Sources */ = {isa = PBXBuildFile; fileRef = OBJ_10 /* TextFile.swift */; };
		OBJ_76 /* Package.swift in Sources */ = {isa = PBXBuildFile; fileRef = OBJ_6 /* Package.swift */; };
		OBJ_82 /* main.swift in Sources */ = {isa = PBXBuildFile; fileRef = OBJ_48 /* main.swift */; };
		OBJ_84 /* AdventLib.framework in Frameworks */ = {isa = PBXBuildFile; fileRef = "AdventOfCode::AdventLib::Product" /* AdventLib.framework */; };
		OBJ_92 /* main.swift in Sources */ = {isa = PBXBuildFile; fileRef = OBJ_46 /* main.swift */; };
		OBJ_94 /* AdventLib.framework in Frameworks */ = {isa = PBXBuildFile; fileRef = "AdventOfCode::AdventLib::Product" /* AdventLib.framework */; };
/* End PBXBuildFile section */

/* Begin PBXContainerItemProxy section */
		6B9361A2200B037200D4D00C /* PBXContainerItemProxy */ = {
			isa = PBXContainerItemProxy;
			containerPortal = OBJ_1 /* Project object */;
			proxyType = 1;
			remoteGlobalIDString = "AdventOfCode::AdventLib";
			remoteInfo = AdventLib;
		};
		6B9361A3200B037200D4D00C /* PBXContainerItemProxy */ = {
			isa = PBXContainerItemProxy;
			containerPortal = OBJ_1 /* Project object */;
			proxyType = 1;
			remoteGlobalIDString = "AdventOfCode::AdventLib";
			remoteInfo = AdventLib;
		};
		6B9361A4200B037200D4D00C /* PBXContainerItemProxy */ = {
			isa = PBXContainerItemProxy;
			containerPortal = OBJ_1 /* Project object */;
			proxyType = 1;
			remoteGlobalIDString = "AdventOfCode::AdventLib";
			remoteInfo = AdventLib;
		};
		6B9361A5200B037200D4D00C /* PBXContainerItemProxy */ = {
			isa = PBXContainerItemProxy;
			containerPortal = OBJ_1 /* Project object */;
			proxyType = 1;
			remoteGlobalIDString = "AdventOfCode::AdventLib";
			remoteInfo = AdventLib;
		};
		6B9361A6200B037200D4D00C /* PBXContainerItemProxy */ = {
			isa = PBXContainerItemProxy;
			containerPortal = OBJ_1 /* Project object */;
			proxyType = 1;
			remoteGlobalIDString = "AdventOfCode::AdventLib";
			remoteInfo = AdventLib;
		};
		6B9361A7200B037200D4D00C /* PBXContainerItemProxy */ = {
			isa = PBXContainerItemProxy;
			containerPortal = OBJ_1 /* Project object */;
			proxyType = 1;
			remoteGlobalIDString = "AdventOfCode::AdventLib";
			remoteInfo = AdventLib;
		};
		6B9361A8200B037200D4D00C /* PBXContainerItemProxy */ = {
			isa = PBXContainerItemProxy;
			containerPortal = OBJ_1 /* Project object */;
			proxyType = 1;
			remoteGlobalIDString = "AdventOfCode::AdventLib";
			remoteInfo = AdventLib;
		};
		6B9361A9200B037200D4D00C /* PBXContainerItemProxy */ = {
			isa = PBXContainerItemProxy;
			containerPortal = OBJ_1 /* Project object */;
			proxyType = 1;
			remoteGlobalIDString = "AdventOfCode::AdventLib";
			remoteInfo = AdventLib;
		};
		6B9361AA200B037200D4D00C /* PBXContainerItemProxy */ = {
			isa = PBXContainerItemProxy;
			containerPortal = OBJ_1 /* Project object */;
			proxyType = 1;
			remoteGlobalIDString = "AdventOfCode::AdventLib";
			remoteInfo = AdventLib;
		};
		6B9361AB200B037200D4D00C /* PBXContainerItemProxy */ = {
			isa = PBXContainerItemProxy;
			containerPortal = OBJ_1 /* Project object */;
			proxyType = 1;
			remoteGlobalIDString = "AdventOfCode::AdventLib";
			remoteInfo = AdventLib;
		};
		6B9361AC200B037200D4D00C /* PBXContainerItemProxy */ = {
			isa = PBXContainerItemProxy;
			containerPortal = OBJ_1 /* Project object */;
			proxyType = 1;
			remoteGlobalIDString = "AdventOfCode::AdventLib";
			remoteInfo = AdventLib;
		};
		6B9361AD200B037200D4D00C /* PBXContainerItemProxy */ = {
			isa = PBXContainerItemProxy;
			containerPortal = OBJ_1 /* Project object */;
			proxyType = 1;
			remoteGlobalIDString = "AdventOfCode::AdventLib";
			remoteInfo = AdventLib;
		};
		6B9361AE200B037200D4D00C /* PBXContainerItemProxy */ = {
			isa = PBXContainerItemProxy;
			containerPortal = OBJ_1 /* Project object */;
			proxyType = 1;
			remoteGlobalIDString = "AdventOfCode::AdventLib";
			remoteInfo = AdventLib;
		};
		6B9361AF200B037200D4D00C /* PBXContainerItemProxy */ = {
			isa = PBXContainerItemProxy;
			containerPortal = OBJ_1 /* Project object */;
			proxyType = 1;
			remoteGlobalIDString = "AdventOfCode::AdventLib";
			remoteInfo = AdventLib;
		};
		6B9361B0200B037200D4D00C /* PBXContainerItemProxy */ = {
			isa = PBXContainerItemProxy;
			containerPortal = OBJ_1 /* Project object */;
			proxyType = 1;
			remoteGlobalIDString = "AdventOfCode::AdventLib";
			remoteInfo = AdventLib;
		};
		6B9361B1200B037200D4D00C /* PBXContainerItemProxy */ = {
			isa = PBXContainerItemProxy;
			containerPortal = OBJ_1 /* Project object */;
			proxyType = 1;
			remoteGlobalIDString = "AdventOfCode::AdventLib";
			remoteInfo = AdventLib;
		};
		6B9361B2200B037200D4D00C /* PBXContainerItemProxy */ = {
			isa = PBXContainerItemProxy;
			containerPortal = OBJ_1 /* Project object */;
			proxyType = 1;
			remoteGlobalIDString = "AdventOfCode::AdventLib";
			remoteInfo = AdventLib;
		};
		6B9361B3200B037200D4D00C /* PBXContainerItemProxy */ = {
			isa = PBXContainerItemProxy;
			containerPortal = OBJ_1 /* Project object */;
			proxyType = 1;
			remoteGlobalIDString = "AdventOfCode::AdventLib";
			remoteInfo = AdventLib;
		};
		6B9361B4200B037200D4D00C /* PBXContainerItemProxy */ = {
			isa = PBXContainerItemProxy;
			containerPortal = OBJ_1 /* Project object */;
			proxyType = 1;
			remoteGlobalIDString = "AdventOfCode::AdventLib";
			remoteInfo = AdventLib;
		};
/* End PBXContainerItemProxy section */

/* Begin PBXFileReference section */
		"AdventOfCode::02-Presents::Product" /* 02-Presents */ = {isa = PBXFileReference; lastKnownFileType = text; path = "02-Presents"; sourceTree = BUILT_PRODUCTS_DIR; };
		"AdventOfCode::03-Visits::Product" /* 03-Visits */ = {isa = PBXFileReference; lastKnownFileType = text; path = "03-Visits"; sourceTree = BUILT_PRODUCTS_DIR; };
		"AdventOfCode::04-Hashing::Product" /* 04-Hashing */ = {isa = PBXFileReference; lastKnownFileType = text; path = "04-Hashing"; sourceTree = BUILT_PRODUCTS_DIR; };
		"AdventOfCode::05-Nice::Product" /* 05-Nice */ = {isa = PBXFileReference; lastKnownFileType = text; path = "05-Nice"; sourceTree = BUILT_PRODUCTS_DIR; };
		"AdventOfCode::06-Lights::Product" /* 06-Lights */ = {isa = PBXFileReference; lastKnownFileType = text; path = "06-Lights"; sourceTree = BUILT_PRODUCTS_DIR; };
		"AdventOfCode::07-Wires::Product" /* 07-Wires */ = {isa = PBXFileReference; lastKnownFileType = text; path = "07-Wires"; sourceTree = BUILT_PRODUCTS_DIR; };
		"AdventOfCode::08-Matchsticks::Product" /* 08-Matchsticks */ = {isa = PBXFileReference; lastKnownFileType = text; path = "08-Matchsticks"; sourceTree = BUILT_PRODUCTS_DIR; };
		"AdventOfCode::09-Routes::Product" /* 09-Routes */ = {isa = PBXFileReference; lastKnownFileType = text; path = "09-Routes"; sourceTree = BUILT_PRODUCTS_DIR; };
		"AdventOfCode::10-LookAndSay::Product" /* 10-LookAndSay */ = {isa = PBXFileReference; lastKnownFileType = text; path = "10-LookAndSay"; sourceTree = BUILT_PRODUCTS_DIR; };
		"AdventOfCode::11-Passwords::Product" /* 11-Passwords */ = {isa = PBXFileReference; lastKnownFileType = text; path = "11-Passwords"; sourceTree = BUILT_PRODUCTS_DIR; };
		"AdventOfCode::13-Seating::Product" /* 13-Seating */ = {isa = PBXFileReference; lastKnownFileType = text; path = "13-Seating"; sourceTree = BUILT_PRODUCTS_DIR; };
		"AdventOfCode::14-Reindeer::Product" /* 14-Reindeer */ = {isa = PBXFileReference; lastKnownFileType = text; path = "14-Reindeer"; sourceTree = BUILT_PRODUCTS_DIR; };
		"AdventOfCode::15-Cookie::Product" /* 15-Cookie */ = {isa = PBXFileReference; lastKnownFileType = text; path = "15-Cookie"; sourceTree = BUILT_PRODUCTS_DIR; };
		"AdventOfCode::16-Sues::Product" /* 16-Sues */ = {isa = PBXFileReference; lastKnownFileType = text; path = "16-Sues"; sourceTree = BUILT_PRODUCTS_DIR; };
		"AdventOfCode::17-Eggnog::Product" /* 17-Eggnog */ = {isa = PBXFileReference; lastKnownFileType = text; path = "17-Eggnog"; sourceTree = BUILT_PRODUCTS_DIR; };
		"AdventOfCode::18-GIF::Product" /* 18-GIF */ = {isa = PBXFileReference; lastKnownFileType = text; path = "18-GIF"; sourceTree = BUILT_PRODUCTS_DIR; };
		"AdventOfCode::AdventLib::Product" /* AdventLib.framework */ = {isa = PBXFileReference; explicitFileType = wrapper.framework; path = AdventLib.framework; sourceTree = BUILT_PRODUCTS_DIR; };
		"AdventOfCode::Day01Floors::Product" /* Day01Floors */ = {isa = PBXFileReference; lastKnownFileType = text; path = Day01Floors; sourceTree = BUILT_PRODUCTS_DIR; };
		"AdventOfCode::Day19Molecules::Product" /* Day19Molecules */ = {isa = PBXFileReference; lastKnownFileType = text; path = Day19Molecules; sourceTree = BUILT_PRODUCTS_DIR; };
		"AdventOfCode::Day20Elves::Product" /* Day20Elves */ = {isa = PBXFileReference; lastKnownFileType = text; path = Day20Elves; sourceTree = BUILT_PRODUCTS_DIR; };
		OBJ_10 /* TextFile.swift */ = {isa = PBXFileReference; lastKnownFileType = sourcecode.swift; path = TextFile.swift; sourceTree = "<group>"; };
		OBJ_12 /* main.swift */ = {isa = PBXFileReference; lastKnownFileType = sourcecode.swift; path = main.swift; sourceTree = "<group>"; };
		OBJ_14 /* main.swift */ = {isa = PBXFileReference; lastKnownFileType = sourcecode.swift; path = main.swift; sourceTree = "<group>"; };
		OBJ_16 /* main.swift */ = {isa = PBXFileReference; lastKnownFileType = sourcecode.swift; path = main.swift; sourceTree = "<group>"; };
		OBJ_18 /* main.swift */ = {isa = PBXFileReference; lastKnownFileType = sourcecode.swift; path = main.swift; sourceTree = "<group>"; };
		OBJ_20 /* main.swift */ = {isa = PBXFileReference; lastKnownFileType = sourcecode.swift; path = main.swift; sourceTree = "<group>"; };
		OBJ_22 /* main.swift */ = {isa = PBXFileReference; lastKnownFileType = sourcecode.swift; path = main.swift; sourceTree = "<group>"; };
		OBJ_24 /* main.swift */ = {isa = PBXFileReference; lastKnownFileType = sourcecode.swift; path = main.swift; sourceTree = "<group>"; };
		OBJ_26 /* main.swift */ = {isa = PBXFileReference; lastKnownFileType = sourcecode.swift; path = main.swift; sourceTree = "<group>"; };
		OBJ_28 /* main.swift */ = {isa = PBXFileReference; lastKnownFileType = sourcecode.swift; path = main.swift; sourceTree = "<group>"; };
		OBJ_30 /* main.swift */ = {isa = PBXFileReference; lastKnownFileType = sourcecode.swift; path = main.swift; sourceTree = "<group>"; };
		OBJ_32 /* main.swift */ = {isa = PBXFileReference; lastKnownFileType = sourcecode.swift; path = main.swift; sourceTree = "<group>"; };
		OBJ_34 /* main.swift */ = {isa = PBXFileReference; lastKnownFileType = sourcecode.swift; path = main.swift; sourceTree = "<group>"; };
		OBJ_36 /* main.swift */ = {isa = PBXFileReference; lastKnownFileType = sourcecode.swift; path = main.swift; sourceTree = "<group>"; };
		OBJ_38 /* main.swift */ = {isa = PBXFileReference; lastKnownFileType = sourcecode.swift; path = main.swift; sourceTree = "<group>"; };
		OBJ_40 /* main.swift */ = {isa = PBXFileReference; lastKnownFileType = sourcecode.swift; path = main.swift; sourceTree = "<group>"; };
		OBJ_42 /* main.swift */ = {isa = PBXFileReference; lastKnownFileType = sourcecode.swift; path = main.swift; sourceTree = "<group>"; };
		OBJ_44 /* main.swift */ = {isa = PBXFileReference; lastKnownFileType = sourcecode.swift; path = main.swift; sourceTree = "<group>"; };
		OBJ_46 /* main.swift */ = {isa = PBXFileReference; lastKnownFileType = sourcecode.swift; path = main.swift; sourceTree = "<group>"; };
		OBJ_48 /* main.swift */ = {isa = PBXFileReference; lastKnownFileType = sourcecode.swift; path = main.swift; sourceTree = "<group>"; };
		OBJ_6 /* Package.swift */ = {isa = PBXFileReference; explicitFileType = sourcecode.swift; path = Package.swift; sourceTree = "<group>"; };
		OBJ_9 /* Regex.swift */ = {isa = PBXFileReference; lastKnownFileType = sourcecode.swift; path = Regex.swift; sourceTree = "<group>"; };
/* End PBXFileReference section */

/* Begin PBXFrameworksBuildPhase section */
		OBJ_102 /* Frameworks */ = {
			isa = PBXFrameworksBuildPhase;
			buildActionMask = 0;
			files = (
				OBJ_103 /* AdventLib.framework in Frameworks */,
			);
			runOnlyForDeploymentPostprocessing = 0;
		};
		OBJ_111 /* Frameworks */ = {
			isa = PBXFrameworksBuildPhase;
			buildActionMask = 0;
			files = (
				OBJ_112 /* AdventLib.framework in Frameworks */,
			);
			runOnlyForDeploymentPostprocessing = 0;
		};
		OBJ_120 /* Frameworks */ = {
			isa = PBXFrameworksBuildPhase;
			buildActionMask = 0;
			files = (
				OBJ_121 /* AdventLib.framework in Frameworks */,
			);
			runOnlyForDeploymentPostprocessing = 0;
		};
		OBJ_129 /* Frameworks */ = {
			isa = PBXFrameworksBuildPhase;
			buildActionMask = 0;
			files = (
				OBJ_130 /* AdventLib.framework in Frameworks */,
			);
			runOnlyForDeploymentPostprocessing = 0;
		};
		OBJ_138 /* Frameworks */ = {
			isa = PBXFrameworksBuildPhase;
			buildActionMask = 0;
			files = (
				OBJ_139 /* AdventLib.framework in Frameworks */,
			);
			runOnlyForDeploymentPostprocessing = 0;
		};
		OBJ_147 /* Frameworks */ = {
			isa = PBXFrameworksBuildPhase;
			buildActionMask = 0;
			files = (
				OBJ_148 /* AdventLib.framework in Frameworks */,
			);
			runOnlyForDeploymentPostprocessing = 0;
		};
		OBJ_156 /* Frameworks */ = {
			isa = PBXFrameworksBuildPhase;
			buildActionMask = 0;
			files = (
				OBJ_157 /* AdventLib.framework in Frameworks */,
			);
			runOnlyForDeploymentPostprocessing = 0;
		};
		OBJ_165 /* Frameworks */ = {
			isa = PBXFrameworksBuildPhase;
			buildActionMask = 0;
			files = (
				OBJ_166 /* AdventLib.framework in Frameworks */,
			);
			runOnlyForDeploymentPostprocessing = 0;
		};
		OBJ_174 /* Frameworks */ = {
			isa = PBXFrameworksBuildPhase;
			buildActionMask = 0;
			files = (
				OBJ_175 /* AdventLib.framework in Frameworks */,
			);
			runOnlyForDeploymentPostprocessing = 0;
		};
		OBJ_183 /* Frameworks */ = {
			isa = PBXFrameworksBuildPhase;
			buildActionMask = 0;
			files = (
				OBJ_184 /* AdventLib.framework in Frameworks */,
			);
			runOnlyForDeploymentPostprocessing = 0;
		};
		OBJ_192 /* Frameworks */ = {
			isa = PBXFrameworksBuildPhase;
			buildActionMask = 0;
			files = (
				OBJ_193 /* AdventLib.framework in Frameworks */,
			);
			runOnlyForDeploymentPostprocessing = 0;
		};
		OBJ_201 /* Frameworks */ = {
			isa = PBXFrameworksBuildPhase;
			buildActionMask = 0;
			files = (
				OBJ_202 /* AdventLib.framework in Frameworks */,
			);
			runOnlyForDeploymentPostprocessing = 0;
		};
		OBJ_210 /* Frameworks */ = {
			isa = PBXFrameworksBuildPhase;
			buildActionMask = 0;
			files = (
				OBJ_211 /* AdventLib.framework in Frameworks */,
			);
			runOnlyForDeploymentPostprocessing = 0;
		};
		OBJ_219 /* Frameworks */ = {
			isa = PBXFrameworksBuildPhase;
			buildActionMask = 0;
			files = (
				OBJ_220 /* AdventLib.framework in Frameworks */,
			);
			runOnlyForDeploymentPostprocessing = 0;
		};
		OBJ_228 /* Frameworks */ = {
			isa = PBXFrameworksBuildPhase;
			buildActionMask = 0;
			files = (
				OBJ_229 /* AdventLib.framework in Frameworks */,
			);
			runOnlyForDeploymentPostprocessing = 0;
		};
		OBJ_237 /* Frameworks */ = {
			isa = PBXFrameworksBuildPhase;
			buildActionMask = 0;
			files = (
				OBJ_238 /* AdventLib.framework in Frameworks */,
			);
			runOnlyForDeploymentPostprocessing = 0;
		};
		OBJ_246 /* Frameworks */ = {
			isa = PBXFrameworksBuildPhase;
			buildActionMask = 0;
			files = (
				OBJ_247 /* AdventLib.framework in Frameworks */,
			);
			runOnlyForDeploymentPostprocessing = 0;
		};
		OBJ_255 /* Frameworks */ = {
			isa = PBXFrameworksBuildPhase;
			buildActionMask = 0;
			files = (
			);
			runOnlyForDeploymentPostprocessing = 0;
		};
		OBJ_83 /* Frameworks */ = {
			isa = PBXFrameworksBuildPhase;
			buildActionMask = 0;
			files = (
				OBJ_84 /* AdventLib.framework in Frameworks */,
			);
			runOnlyForDeploymentPostprocessing = 0;
		};
		OBJ_93 /* Frameworks */ = {
			isa = PBXFrameworksBuildPhase;
			buildActionMask = 0;
			files = (
				OBJ_94 /* AdventLib.framework in Frameworks */,
			);
			runOnlyForDeploymentPostprocessing = 0;
		};
/* End PBXFrameworksBuildPhase section */

/* Begin PBXGroup section */
		OBJ_11 /* Day01Floors */ = {
			isa = PBXGroup;
			children = (
				OBJ_12 /* main.swift */,
			);
			name = Day01Floors;
			path = Sources/Day01Floors;
			sourceTree = SOURCE_ROOT;
		};
		OBJ_13 /* 02-Presents */ = {
			isa = PBXGroup;
			children = (
				OBJ_14 /* main.swift */,
			);
			name = "02-Presents";
			path = "Sources/02-Presents";
			sourceTree = SOURCE_ROOT;
		};
		OBJ_15 /* 18-GIF */ = {
			isa = PBXGroup;
			children = (
				OBJ_16 /* main.swift */,
			);
			name = "18-GIF";
			path = "Sources/18-GIF";
			sourceTree = SOURCE_ROOT;
		};
		OBJ_17 /* 08-Matchsticks */ = {
			isa = PBXGroup;
			children = (
				OBJ_18 /* main.swift */,
			);
			name = "08-Matchsticks";
			path = "Sources/08-Matchsticks";
			sourceTree = SOURCE_ROOT;
		};
		OBJ_19 /* 06-Lights */ = {
			isa = PBXGroup;
			children = (
				OBJ_20 /* main.swift */,
			);
			name = "06-Lights";
			path = "Sources/06-Lights";
			sourceTree = SOURCE_ROOT;
		};
		OBJ_21 /* 17-Eggnog */ = {
			isa = PBXGroup;
			children = (
				OBJ_22 /* main.swift */,
			);
			name = "17-Eggnog";
			path = "Sources/17-Eggnog";
			sourceTree = SOURCE_ROOT;
		};
		OBJ_23 /* 07-Wires */ = {
			isa = PBXGroup;
			children = (
				OBJ_24 /* main.swift */,
			);
			name = "07-Wires";
			path = "Sources/07-Wires";
			sourceTree = SOURCE_ROOT;
		};
		OBJ_25 /* Day20Elves */ = {
			isa = PBXGroup;
			children = (
				OBJ_26 /* main.swift */,
			);
			name = Day20Elves;
			path = Sources/Day20Elves;
			sourceTree = SOURCE_ROOT;
		};
		OBJ_27 /* 10-LookAndSay */ = {
			isa = PBXGroup;
			children = (
				OBJ_28 /* main.swift */,
			);
			name = "10-LookAndSay";
			path = "Sources/10-LookAndSay";
			sourceTree = SOURCE_ROOT;
		};
		OBJ_29 /* Day19Molecules */ = {
			isa = PBXGroup;
			children = (
				OBJ_30 /* main.swift */,
			);
			name = Day19Molecules;
			path = Sources/Day19Molecules;
			sourceTree = SOURCE_ROOT;
		};
		OBJ_31 /* 14-Reindeer */ = {
			isa = PBXGroup;
			children = (
				OBJ_32 /* main.swift */,
			);
			name = "14-Reindeer";
			path = "Sources/14-Reindeer";
			sourceTree = SOURCE_ROOT;
		};
		OBJ_33 /* 13-Seating */ = {
			isa = PBXGroup;
			children = (
				OBJ_34 /* main.swift */,
			);
			name = "13-Seating";
			path = "Sources/13-Seating";
			sourceTree = SOURCE_ROOT;
		};
		OBJ_35 /* 11-Passwords */ = {
			isa = PBXGroup;
			children = (
				OBJ_36 /* main.swift */,
			);
			name = "11-Passwords";
			path = "Sources/11-Passwords";
			sourceTree = SOURCE_ROOT;
		};
		OBJ_37 /* 16-Sues */ = {
			isa = PBXGroup;
			children = (
				OBJ_38 /* main.swift */,
			);
			name = "16-Sues";
			path = "Sources/16-Sues";
			sourceTree = SOURCE_ROOT;
		};
		OBJ_39 /* 09-Routes */ = {
			isa = PBXGroup;
			children = (
				OBJ_40 /* main.swift */,
			);
			name = "09-Routes";
			path = "Sources/09-Routes";
			sourceTree = SOURCE_ROOT;
		};
		OBJ_41 /* 04-Hashing */ = {
			isa = PBXGroup;
			children = (
				OBJ_42 /* main.swift */,
			);
			name = "04-Hashing";
			path = "Sources/04-Hashing";
			sourceTree = SOURCE_ROOT;
		};
		OBJ_43 /* 05-Nice */ = {
			isa = PBXGroup;
			children = (
				OBJ_44 /* main.swift */,
			);
			name = "05-Nice";
			path = "Sources/05-Nice";
			sourceTree = SOURCE_ROOT;
		};
		OBJ_45 /* 15-Cookie */ = {
			isa = PBXGroup;
			children = (
				OBJ_46 /* main.swift */,
			);
			name = "15-Cookie";
			path = "Sources/15-Cookie";
			sourceTree = SOURCE_ROOT;
		};
		OBJ_47 /* 03-Visits */ = {
			isa = PBXGroup;
			children = (
				OBJ_48 /* main.swift */,
			);
			name = "03-Visits";
			path = "Sources/03-Visits";
			sourceTree = SOURCE_ROOT;
		};
		OBJ_49 /* Tests */ = {
			isa = PBXGroup;
			children = (
			);
			name = Tests;
			sourceTree = SOURCE_ROOT;
		};
		OBJ_5 /*  */ = {
			isa = PBXGroup;
			children = (
				OBJ_6 /* Package.swift */,
				OBJ_7 /* Sources */,
				OBJ_49 /* Tests */,
				OBJ_50 /* Products */,
			);
			name = "";
			sourceTree = "<group>";
		};
		OBJ_50 /* Products */ = {
			isa = PBXGroup;
			children = (
				"AdventOfCode::03-Visits::Product" /* 03-Visits */,
				"AdventOfCode::15-Cookie::Product" /* 15-Cookie */,
				"AdventOfCode::05-Nice::Product" /* 05-Nice */,
				"AdventOfCode::04-Hashing::Product" /* 04-Hashing */,
				"AdventOfCode::09-Routes::Product" /* 09-Routes */,
				"AdventOfCode::16-Sues::Product" /* 16-Sues */,
				"AdventOfCode::11-Passwords::Product" /* 11-Passwords */,
				"AdventOfCode::13-Seating::Product" /* 13-Seating */,
				"AdventOfCode::14-Reindeer::Product" /* 14-Reindeer */,
				"AdventOfCode::Day19Molecules::Product" /* Day19Molecules */,
				"AdventOfCode::10-LookAndSay::Product" /* 10-LookAndSay */,
				"AdventOfCode::Day20Elves::Product" /* Day20Elves */,
				"AdventOfCode::07-Wires::Product" /* 07-Wires */,
				"AdventOfCode::17-Eggnog::Product" /* 17-Eggnog */,
				"AdventOfCode::06-Lights::Product" /* 06-Lights */,
				"AdventOfCode::08-Matchsticks::Product" /* 08-Matchsticks */,
				"AdventOfCode::18-GIF::Product" /* 18-GIF */,
				"AdventOfCode::02-Presents::Product" /* 02-Presents */,
				"AdventOfCode::Day01Floors::Product" /* Day01Floors */,
				"AdventOfCode::AdventLib::Product" /* AdventLib.framework */,
			);
			name = Products;
			sourceTree = BUILT_PRODUCTS_DIR;
		};
		OBJ_7 /* Sources */ = {
			isa = PBXGroup;
			children = (
				OBJ_8 /* AdventLib */,
				OBJ_11 /* Day01Floors */,
				OBJ_13 /* 02-Presents */,
				OBJ_15 /* 18-GIF */,
				OBJ_17 /* 08-Matchsticks */,
				OBJ_19 /* 06-Lights */,
				OBJ_21 /* 17-Eggnog */,
				OBJ_23 /* 07-Wires */,
				OBJ_25 /* Day20Elves */,
				OBJ_27 /* 10-LookAndSay */,
				OBJ_29 /* Day19Molecules */,
				OBJ_31 /* 14-Reindeer */,
				OBJ_33 /* 13-Seating */,
				OBJ_35 /* 11-Passwords */,
				OBJ_37 /* 16-Sues */,
				OBJ_39 /* 09-Routes */,
				OBJ_41 /* 04-Hashing */,
				OBJ_43 /* 05-Nice */,
				OBJ_45 /* 15-Cookie */,
				OBJ_47 /* 03-Visits */,
			);
			name = Sources;
			sourceTree = SOURCE_ROOT;
		};
		OBJ_8 /* AdventLib */ = {
			isa = PBXGroup;
			children = (
				OBJ_9 /* Regex.swift */,
				OBJ_10 /* TextFile.swift */,
			);
			name = AdventLib;
			path = Sources/AdventLib;
			sourceTree = SOURCE_ROOT;
		};
/* End PBXGroup section */

/* Begin PBXNativeTarget section */
		"AdventOfCode::02-Presents" /* 02-Presents */ = {
			isa = PBXNativeTarget;
			buildConfigurationList = OBJ_232 /* Build configuration list for PBXNativeTarget "02-Presents" */;
			buildPhases = (
				OBJ_235 /* Sources */,
				OBJ_237 /* Frameworks */,
			);
			buildRules = (
			);
			dependencies = (
				OBJ_239 /* PBXTargetDependency */,
			);
			name = "02-Presents";
			productName = _2_Presents;
			productReference = "AdventOfCode::02-Presents::Product" /* 02-Presents */;
			productType = "com.apple.product-type.tool";
		};
		"AdventOfCode::03-Visits" /* 03-Visits */ = {
			isa = PBXNativeTarget;
			buildConfigurationList = OBJ_78 /* Build configuration list for PBXNativeTarget "03-Visits" */;
			buildPhases = (
				OBJ_81 /* Sources */,
				OBJ_83 /* Frameworks */,
			);
			buildRules = (
			);
			dependencies = (
				OBJ_85 /* PBXTargetDependency */,
			);
			name = "03-Visits";
			productName = _3_Visits;
			productReference = "AdventOfCode::03-Visits::Product" /* 03-Visits */;
			productType = "com.apple.product-type.tool";
		};
		"AdventOfCode::04-Hashing" /* 04-Hashing */ = {
			isa = PBXNativeTarget;
			buildConfigurationList = OBJ_106 /* Build configuration list for PBXNativeTarget "04-Hashing" */;
			buildPhases = (
				OBJ_109 /* Sources */,
				OBJ_111 /* Frameworks */,
			);
			buildRules = (
			);
			dependencies = (
				OBJ_113 /* PBXTargetDependency */,
			);
			name = "04-Hashing";
			productName = _4_Hashing;
			productReference = "AdventOfCode::04-Hashing::Product" /* 04-Hashing */;
			productType = "com.apple.product-type.tool";
		};
		"AdventOfCode::05-Nice" /* 05-Nice */ = {
			isa = PBXNativeTarget;
			buildConfigurationList = OBJ_97 /* Build configuration list for PBXNativeTarget "05-Nice" */;
			buildPhases = (
				OBJ_100 /* Sources */,
				OBJ_102 /* Frameworks */,
			);
			buildRules = (
			);
			dependencies = (
				OBJ_104 /* PBXTargetDependency */,
			);
			name = "05-Nice";
			productName = _5_Nice;
			productReference = "AdventOfCode::05-Nice::Product" /* 05-Nice */;
			productType = "com.apple.product-type.tool";
		};
		"AdventOfCode::06-Lights" /* 06-Lights */ = {
			isa = PBXNativeTarget;
			buildConfigurationList = OBJ_205 /* Build configuration list for PBXNativeTarget "06-Lights" */;
			buildPhases = (
				OBJ_208 /* Sources */,
				OBJ_210 /* Frameworks */,
			);
			buildRules = (
			);
			dependencies = (
				OBJ_212 /* PBXTargetDependency */,
			);
			name = "06-Lights";
			productName = _6_Lights;
			productReference = "AdventOfCode::06-Lights::Product" /* 06-Lights */;
			productType = "com.apple.product-type.tool";
		};
		"AdventOfCode::07-Wires" /* 07-Wires */ = {
			isa = PBXNativeTarget;
			buildConfigurationList = OBJ_187 /* Build configuration list for PBXNativeTarget "07-Wires" */;
			buildPhases = (
				OBJ_190 /* Sources */,
				OBJ_192 /* Frameworks */,
			);
			buildRules = (
			);
			dependencies = (
				OBJ_194 /* PBXTargetDependency */,
			);
			name = "07-Wires";
			productName = _7_Wires;
			productReference = "AdventOfCode::07-Wires::Product" /* 07-Wires */;
			productType = "com.apple.product-type.tool";
		};
		"AdventOfCode::08-Matchsticks" /* 08-Matchsticks */ = {
			isa = PBXNativeTarget;
			buildConfigurationList = OBJ_214 /* Build configuration list for PBXNativeTarget "08-Matchsticks" */;
			buildPhases = (
				OBJ_217 /* Sources */,
				OBJ_219 /* Frameworks */,
			);
			buildRules = (
			);
			dependencies = (
				OBJ_221 /* PBXTargetDependency */,
			);
			name = "08-Matchsticks";
			productName = _8_Matchsticks;
			productReference = "AdventOfCode::08-Matchsticks::Product" /* 08-Matchsticks */;
			productType = "com.apple.product-type.tool";
		};
		"AdventOfCode::09-Routes" /* 09-Routes */ = {
			isa = PBXNativeTarget;
			buildConfigurationList = OBJ_115 /* Build configuration list for PBXNativeTarget "09-Routes" */;
			buildPhases = (
				OBJ_118 /* Sources */,
				OBJ_120 /* Frameworks */,
			);
			buildRules = (
			);
			dependencies = (
				OBJ_122 /* PBXTargetDependency */,
			);
			name = "09-Routes";
			productName = _9_Routes;
			productReference = "AdventOfCode::09-Routes::Product" /* 09-Routes */;
			productType = "com.apple.product-type.tool";
		};
		"AdventOfCode::10-LookAndSay" /* 10-LookAndSay */ = {
			isa = PBXNativeTarget;
			buildConfigurationList = OBJ_169 /* Build configuration list for PBXNativeTarget "10-LookAndSay" */;
			buildPhases = (
				OBJ_172 /* Sources */,
				OBJ_174 /* Frameworks */,
			);
			buildRules = (
			);
			dependencies = (
				OBJ_176 /* PBXTargetDependency */,
			);
			name = "10-LookAndSay";
			productName = _0_LookAndSay;
			productReference = "AdventOfCode::10-LookAndSay::Product" /* 10-LookAndSay */;
			productType = "com.apple.product-type.tool";
		};
		"AdventOfCode::11-Passwords" /* 11-Passwords */ = {
			isa = PBXNativeTarget;
			buildConfigurationList = OBJ_133 /* Build configuration list for PBXNativeTarget "11-Passwords" */;
			buildPhases = (
				OBJ_136 /* Sources */,
				OBJ_138 /* Frameworks */,
			);
			buildRules = (
			);
			dependencies = (
				OBJ_140 /* PBXTargetDependency */,
			);
			name = "11-Passwords";
			productName = _1_Passwords;
			productReference = "AdventOfCode::11-Passwords::Product" /* 11-Passwords */;
			productType = "com.apple.product-type.tool";
		};
		"AdventOfCode::13-Seating" /* 13-Seating */ = {
			isa = PBXNativeTarget;
			buildConfigurationList = OBJ_142 /* Build configuration list for PBXNativeTarget "13-Seating" */;
			buildPhases = (
				OBJ_145 /* Sources */,
				OBJ_147 /* Frameworks */,
			);
			buildRules = (
			);
			dependencies = (
				OBJ_149 /* PBXTargetDependency */,
			);
			name = "13-Seating";
			productName = _3_Seating;
			productReference = "AdventOfCode::13-Seating::Product" /* 13-Seating */;
			productType = "com.apple.product-type.tool";
		};
		"AdventOfCode::14-Reindeer" /* 14-Reindeer */ = {
			isa = PBXNativeTarget;
			buildConfigurationList = OBJ_151 /* Build configuration list for PBXNativeTarget "14-Reindeer" */;
			buildPhases = (
				OBJ_154 /* Sources */,
				OBJ_156 /* Frameworks */,
			);
			buildRules = (
			);
			dependencies = (
				OBJ_158 /* PBXTargetDependency */,
			);
			name = "14-Reindeer";
			productName = _4_Reindeer;
			productReference = "AdventOfCode::14-Reindeer::Product" /* 14-Reindeer */;
			productType = "com.apple.product-type.tool";
		};
		"AdventOfCode::15-Cookie" /* 15-Cookie */ = {
			isa = PBXNativeTarget;
			buildConfigurationList = OBJ_88 /* Build configuration list for PBXNativeTarget "15-Cookie" */;
			buildPhases = (
				OBJ_91 /* Sources */,
				OBJ_93 /* Frameworks */,
			);
			buildRules = (
			);
			dependencies = (
				OBJ_95 /* PBXTargetDependency */,
			);
			name = "15-Cookie";
			productName = _5_Cookie;
			productReference = "AdventOfCode::15-Cookie::Product" /* 15-Cookie */;
			productType = "com.apple.product-type.tool";
		};
		"AdventOfCode::16-Sues" /* 16-Sues */ = {
			isa = PBXNativeTarget;
			buildConfigurationList = OBJ_124 /* Build configuration list for PBXNativeTarget "16-Sues" */;
			buildPhases = (
				OBJ_127 /* Sources */,
				OBJ_129 /* Frameworks */,
			);
			buildRules = (
			);
			dependencies = (
				OBJ_131 /* PBXTargetDependency */,
			);
			name = "16-Sues";
			productName = _6_Sues;
			productReference = "AdventOfCode::16-Sues::Product" /* 16-Sues */;
			productType = "com.apple.product-type.tool";
		};
		"AdventOfCode::17-Eggnog" /* 17-Eggnog */ = {
			isa = PBXNativeTarget;
			buildConfigurationList = OBJ_196 /* Build configuration list for PBXNativeTarget "17-Eggnog" */;
			buildPhases = (
				OBJ_199 /* Sources */,
				OBJ_201 /* Frameworks */,
			);
			buildRules = (
			);
			dependencies = (
				OBJ_203 /* PBXTargetDependency */,
			);
			name = "17-Eggnog";
			productName = _7_Eggnog;
			productReference = "AdventOfCode::17-Eggnog::Product" /* 17-Eggnog */;
			productType = "com.apple.product-type.tool";
		};
		"AdventOfCode::18-GIF" /* 18-GIF */ = {
			isa = PBXNativeTarget;
			buildConfigurationList = OBJ_223 /* Build configuration list for PBXNativeTarget "18-GIF" */;
			buildPhases = (
				OBJ_226 /* Sources */,
				OBJ_228 /* Frameworks */,
			);
			buildRules = (
			);
			dependencies = (
				OBJ_230 /* PBXTargetDependency */,
			);
			name = "18-GIF";
			productName = _8_GIF;
			productReference = "AdventOfCode::18-GIF::Product" /* 18-GIF */;
			productType = "com.apple.product-type.tool";
		};
		"AdventOfCode::AdventLib" /* AdventLib */ = {
			isa = PBXNativeTarget;
			buildConfigurationList = OBJ_249 /* Build configuration list for PBXNativeTarget "AdventLib" */;
			buildPhases = (
				OBJ_252 /* Sources */,
				OBJ_255 /* Frameworks */,
			);
			buildRules = (
			);
			dependencies = (
			);
			name = AdventLib;
			productName = AdventLib;
			productReference = "AdventOfCode::AdventLib::Product" /* AdventLib.framework */;
			productType = "com.apple.product-type.framework";
		};
		"AdventOfCode::Day01Floors" /* Day01Floors */ = {
			isa = PBXNativeTarget;
			buildConfigurationList = OBJ_241 /* Build configuration list for PBXNativeTarget "Day01Floors" */;
			buildPhases = (
				OBJ_244 /* Sources */,
				OBJ_246 /* Frameworks */,
			);
			buildRules = (
			);
			dependencies = (
				OBJ_248 /* PBXTargetDependency */,
			);
			name = Day01Floors;
			productName = Day01Floors;
			productReference = "AdventOfCode::Day01Floors::Product" /* Day01Floors */;
			productType = "com.apple.product-type.tool";
		};
		"AdventOfCode::Day19Molecules" /* Day19Molecules */ = {
			isa = PBXNativeTarget;
			buildConfigurationList = OBJ_160 /* Build configuration list for PBXNativeTarget "Day19Molecules" */;
			buildPhases = (
				OBJ_163 /* Sources */,
				OBJ_165 /* Frameworks */,
			);
			buildRules = (
			);
			dependencies = (
				OBJ_167 /* PBXTargetDependency */,
			);
			name = Day19Molecules;
			productName = Day19Molecules;
			productReference = "AdventOfCode::Day19Molecules::Product" /* Day19Molecules */;
			productType = "com.apple.product-type.tool";
		};
		"AdventOfCode::Day20Elves" /* Day20Elves */ = {
			isa = PBXNativeTarget;
			buildConfigurationList = OBJ_178 /* Build configuration list for PBXNativeTarget "Day20Elves" */;
			buildPhases = (
				OBJ_181 /* Sources */,
				OBJ_183 /* Frameworks */,
			);
			buildRules = (
			);
			dependencies = (
				OBJ_185 /* PBXTargetDependency */,
			);
			name = Day20Elves;
			productName = Day20Elves;
			productReference = "AdventOfCode::Day20Elves::Product" /* Day20Elves */;
			productType = "com.apple.product-type.tool";
		};
		"AdventOfCode::SwiftPMPackageDescription" /* AdventOfCodePackageDescription */ = {
			isa = PBXNativeTarget;
			buildConfigurationList = OBJ_72 /* Build configuration list for PBXNativeTarget "AdventOfCodePackageDescription" */;
			buildPhases = (
				OBJ_75 /* Sources */,
			);
			buildRules = (
			);
			dependencies = (
			);
			name = AdventOfCodePackageDescription;
			productName = AdventOfCodePackageDescription;
			productType = "com.apple.product-type.framework";
		};
/* End PBXNativeTarget section */

/* Begin PBXProject section */
		OBJ_1 /* Project object */ = {
			isa = PBXProject;
			attributes = {
				LastUpgradeCheck = 9999;
			};
			buildConfigurationList = OBJ_2 /* Build configuration list for PBXProject "AdventOfCode" */;
			compatibilityVersion = "Xcode 3.2";
			developmentRegion = English;
			hasScannedForEncodings = 0;
			knownRegions = (
				en,
			);
			mainGroup = OBJ_5 /*  */;
			productRefGroup = OBJ_50 /* Products */;
			projectDirPath = "";
			projectRoot = "";
			targets = (
				"AdventOfCode::SwiftPMPackageDescription" /* AdventOfCodePackageDescription */,
				"AdventOfCode::03-Visits" /* 03-Visits */,
				"AdventOfCode::15-Cookie" /* 15-Cookie */,
				"AdventOfCode::05-Nice" /* 05-Nice */,
				"AdventOfCode::04-Hashing" /* 04-Hashing */,
				"AdventOfCode::09-Routes" /* 09-Routes */,
				"AdventOfCode::16-Sues" /* 16-Sues */,
				"AdventOfCode::11-Passwords" /* 11-Passwords */,
				"AdventOfCode::13-Seating" /* 13-Seating */,
				"AdventOfCode::14-Reindeer" /* 14-Reindeer */,
				"AdventOfCode::Day19Molecules" /* Day19Molecules */,
				"AdventOfCode::10-LookAndSay" /* 10-LookAndSay */,
				"AdventOfCode::Day20Elves" /* Day20Elves */,
				"AdventOfCode::07-Wires" /* 07-Wires */,
				"AdventOfCode::17-Eggnog" /* 17-Eggnog */,
				"AdventOfCode::06-Lights" /* 06-Lights */,
				"AdventOfCode::08-Matchsticks" /* 08-Matchsticks */,
				"AdventOfCode::18-GIF" /* 18-GIF */,
				"AdventOfCode::02-Presents" /* 02-Presents */,
				"AdventOfCode::Day01Floors" /* Day01Floors */,
				"AdventOfCode::AdventLib" /* AdventLib */,
			);
		};
/* End PBXProject section */

/* Begin PBXSourcesBuildPhase section */
		OBJ_100 /* Sources */ = {
			isa = PBXSourcesBuildPhase;
			buildActionMask = 0;
			files = (
				OBJ_101 /* main.swift in Sources */,
			);
			runOnlyForDeploymentPostprocessing = 0;
		};
		OBJ_109 /* Sources */ = {
			isa = PBXSourcesBuildPhase;
			buildActionMask = 0;
			files = (
				OBJ_110 /* main.swift in Sources */,
			);
			runOnlyForDeploymentPostprocessing = 0;
		};
		OBJ_118 /* Sources */ = {
			isa = PBXSourcesBuildPhase;
			buildActionMask = 0;
			files = (
				OBJ_119 /* main.swift in Sources */,
			);
			runOnlyForDeploymentPostprocessing = 0;
		};
		OBJ_127 /* Sources */ = {
			isa = PBXSourcesBuildPhase;
			buildActionMask = 0;
			files = (
				OBJ_128 /* main.swift in Sources */,
			);
			runOnlyForDeploymentPostprocessing = 0;
		};
		OBJ_136 /* Sources */ = {
			isa = PBXSourcesBuildPhase;
			buildActionMask = 0;
			files = (
				OBJ_137 /* main.swift in Sources */,
			);
			runOnlyForDeploymentPostprocessing = 0;
		};
		OBJ_145 /* Sources */ = {
			isa = PBXSourcesBuildPhase;
			buildActionMask = 0;
			files = (
				OBJ_146 /* main.swift in Sources */,
			);
			runOnlyForDeploymentPostprocessing = 0;
		};
		OBJ_154 /* Sources */ = {
			isa = PBXSourcesBuildPhase;
			buildActionMask = 0;
			files = (
				OBJ_155 /* main.swift in Sources */,
			);
			runOnlyForDeploymentPostprocessing = 0;
		};
		OBJ_163 /* Sources */ = {
			isa = PBXSourcesBuildPhase;
			buildActionMask = 0;
			files = (
				OBJ_164 /* main.swift in Sources */,
			);
			runOnlyForDeploymentPostprocessing = 0;
		};
		OBJ_172 /* Sources */ = {
			isa = PBXSourcesBuildPhase;
			buildActionMask = 0;
			files = (
				OBJ_173 /* main.swift in Sources */,
			);
			runOnlyForDeploymentPostprocessing = 0;
		};
		OBJ_181 /* Sources */ = {
			isa = PBXSourcesBuildPhase;
			buildActionMask = 0;
			files = (
				OBJ_182 /* main.swift in Sources */,
			);
			runOnlyForDeploymentPostprocessing = 0;
		};
		OBJ_190 /* Sources */ = {
			isa = PBXSourcesBuildPhase;
			buildActionMask = 0;
			files = (
				OBJ_191 /* main.swift in Sources */,
			);
			runOnlyForDeploymentPostprocessing = 0;
		};
		OBJ_199 /* Sources */ = {
			isa = PBXSourcesBuildPhase;
			buildActionMask = 0;
			files = (
				OBJ_200 /* main.swift in Sources */,
			);
			runOnlyForDeploymentPostprocessing = 0;
		};
		OBJ_208 /* Sources */ = {
			isa = PBXSourcesBuildPhase;
			buildActionMask = 0;
			files = (
				OBJ_209 /* main.swift in Sources */,
			);
			runOnlyForDeploymentPostprocessing = 0;
		};
		OBJ_217 /* Sources */ = {
			isa = PBXSourcesBuildPhase;
			buildActionMask = 0;
			files = (
				OBJ_218 /* main.swift in Sources */,
			);
			runOnlyForDeploymentPostprocessing = 0;
		};
		OBJ_226 /* Sources */ = {
			isa = PBXSourcesBuildPhase;
			buildActionMask = 0;
			files = (
				OBJ_227 /* main.swift in Sources */,
			);
			runOnlyForDeploymentPostprocessing = 0;
		};
		OBJ_235 /* Sources */ = {
			isa = PBXSourcesBuildPhase;
			buildActionMask = 0;
			files = (
				OBJ_236 /* main.swift in Sources */,
			);
			runOnlyForDeploymentPostprocessing = 0;
		};
		OBJ_244 /* Sources */ = {
			isa = PBXSourcesBuildPhase;
			buildActionMask = 0;
			files = (
				OBJ_245 /* main.swift in Sources */,
			);
			runOnlyForDeploymentPostprocessing = 0;
		};
		OBJ_252 /* Sources */ = {
			isa = PBXSourcesBuildPhase;
			buildActionMask = 0;
			files = (
				OBJ_253 /* Regex.swift in Sources */,
				OBJ_254 /* TextFile.swift in Sources */,
			);
			runOnlyForDeploymentPostprocessing = 0;
		};
		OBJ_75 /* Sources */ = {
			isa = PBXSourcesBuildPhase;
			buildActionMask = 0;
			files = (
				OBJ_76 /* Package.swift in Sources */,
			);
			runOnlyForDeploymentPostprocessing = 0;
		};
		OBJ_81 /* Sources */ = {
			isa = PBXSourcesBuildPhase;
			buildActionMask = 0;
			files = (
				OBJ_82 /* main.swift in Sources */,
			);
			runOnlyForDeploymentPostprocessing = 0;
		};
		OBJ_91 /* Sources */ = {
			isa = PBXSourcesBuildPhase;
			buildActionMask = 0;
			files = (
				OBJ_92 /* main.swift in Sources */,
			);
			runOnlyForDeploymentPostprocessing = 0;
		};
/* End PBXSourcesBuildPhase section */

/* Begin PBXTargetDependency section */
		OBJ_104 /* PBXTargetDependency */ = {
			isa = PBXTargetDependency;
			target = "AdventOfCode::AdventLib" /* AdventLib */;
			targetProxy = 6B9361A4200B037200D4D00C /* PBXContainerItemProxy */;
		};
		OBJ_113 /* PBXTargetDependency */ = {
			isa = PBXTargetDependency;
			target = "AdventOfCode::AdventLib" /* AdventLib */;
			targetProxy = 6B9361A5200B037200D4D00C /* PBXContainerItemProxy */;
		};
		OBJ_122 /* PBXTargetDependency */ = {
			isa = PBXTargetDependency;
			target = "AdventOfCode::AdventLib" /* AdventLib */;
			targetProxy = 6B9361A6200B037200D4D00C /* PBXContainerItemProxy */;
		};
		OBJ_131 /* PBXTargetDependency */ = {
			isa = PBXTargetDependency;
			target = "AdventOfCode::AdventLib" /* AdventLib */;
			targetProxy = 6B9361A7200B037200D4D00C /* PBXContainerItemProxy */;
		};
		OBJ_140 /* PBXTargetDependency */ = {
			isa = PBXTargetDependency;
			target = "AdventOfCode::AdventLib" /* AdventLib */;
			targetProxy = 6B9361A8200B037200D4D00C /* PBXContainerItemProxy */;
		};
		OBJ_149 /* PBXTargetDependency */ = {
			isa = PBXTargetDependency;
			target = "AdventOfCode::AdventLib" /* AdventLib */;
			targetProxy = 6B9361A9200B037200D4D00C /* PBXContainerItemProxy */;
		};
		OBJ_158 /* PBXTargetDependency */ = {
			isa = PBXTargetDependency;
			target = "AdventOfCode::AdventLib" /* AdventLib */;
			targetProxy = 6B9361AA200B037200D4D00C /* PBXContainerItemProxy */;
		};
		OBJ_167 /* PBXTargetDependency */ = {
			isa = PBXTargetDependency;
			target = "AdventOfCode::AdventLib" /* AdventLib */;
			targetProxy = 6B9361AB200B037200D4D00C /* PBXContainerItemProxy */;
		};
		OBJ_176 /* PBXTargetDependency */ = {
			isa = PBXTargetDependency;
			target = "AdventOfCode::AdventLib" /* AdventLib */;
			targetProxy = 6B9361AC200B037200D4D00C /* PBXContainerItemProxy */;
		};
		OBJ_185 /* PBXTargetDependency */ = {
			isa = PBXTargetDependency;
			target = "AdventOfCode::AdventLib" /* AdventLib */;
			targetProxy = 6B9361AD200B037200D4D00C /* PBXContainerItemProxy */;
		};
		OBJ_194 /* PBXTargetDependency */ = {
			isa = PBXTargetDependency;
			target = "AdventOfCode::AdventLib" /* AdventLib */;
			targetProxy = 6B9361AE200B037200D4D00C /* PBXContainerItemProxy */;
		};
		OBJ_203 /* PBXTargetDependency */ = {
			isa = PBXTargetDependency;
			target = "AdventOfCode::AdventLib" /* AdventLib */;
			targetProxy = 6B9361AF200B037200D4D00C /* PBXContainerItemProxy */;
		};
		OBJ_212 /* PBXTargetDependency */ = {
			isa = PBXTargetDependency;
			target = "AdventOfCode::AdventLib" /* AdventLib */;
			targetProxy = 6B9361B0200B037200D4D00C /* PBXContainerItemProxy */;
		};
		OBJ_221 /* PBXTargetDependency */ = {
			isa = PBXTargetDependency;
			target = "AdventOfCode::AdventLib" /* AdventLib */;
			targetProxy = 6B9361B1200B037200D4D00C /* PBXContainerItemProxy */;
		};
		OBJ_230 /* PBXTargetDependency */ = {
			isa = PBXTargetDependency;
			target = "AdventOfCode::AdventLib" /* AdventLib */;
			targetProxy = 6B9361B2200B037200D4D00C /* PBXContainerItemProxy */;
		};
		OBJ_239 /* PBXTargetDependency */ = {
			isa = PBXTargetDependency;
			target = "AdventOfCode::AdventLib" /* AdventLib */;
			targetProxy = 6B9361B3200B037200D4D00C /* PBXContainerItemProxy */;
		};
		OBJ_248 /* PBXTargetDependency */ = {
			isa = PBXTargetDependency;
			target = "AdventOfCode::AdventLib" /* AdventLib */;
			targetProxy = 6B9361B4200B037200D4D00C /* PBXContainerItemProxy */;
		};
		OBJ_85 /* PBXTargetDependency */ = {
			isa = PBXTargetDependency;
			target = "AdventOfCode::AdventLib" /* AdventLib */;
			targetProxy = 6B9361A2200B037200D4D00C /* PBXContainerItemProxy */;
		};
		OBJ_95 /* PBXTargetDependency */ = {
			isa = PBXTargetDependency;
			target = "AdventOfCode::AdventLib" /* AdventLib */;
			targetProxy = 6B9361A3200B037200D4D00C /* PBXContainerItemProxy */;
		};
/* End PBXTargetDependency section */

/* Begin XCBuildConfiguration section */
		OBJ_107 /* Debug */ = {
			isa = XCBuildConfiguration;
			buildSettings = {
				FRAMEWORK_SEARCH_PATHS = (
					"$(inherited)",
					"$(PLATFORM_DIR)/Developer/Library/Frameworks",
				);
				HEADER_SEARCH_PATHS = "$(inherited)";
				INFOPLIST_FILE = AdventOfCode.xcodeproj/_4_Hashing_Info.plist;
				LD_RUNPATH_SEARCH_PATHS = "$(TOOLCHAIN_DIR)/usr/lib/swift/macosx @executable_path";
				OTHER_LDFLAGS = "$(inherited)";
				OTHER_SWIFT_FLAGS = "$(inherited)";
				SWIFT_FORCE_DYNAMIC_LINK_STDLIB = YES;
				SWIFT_FORCE_STATIC_LINK_STDLIB = NO;
				SWIFT_VERSION = 4.0;
				TARGET_NAME = "04-Hashing";
			};
			name = Debug;
		};
		OBJ_108 /* Release */ = {
			isa = XCBuildConfiguration;
			buildSettings = {
				FRAMEWORK_SEARCH_PATHS = (
					"$(inherited)",
					"$(PLATFORM_DIR)/Developer/Library/Frameworks",
				);
				HEADER_SEARCH_PATHS = "$(inherited)";
				INFOPLIST_FILE = AdventOfCode.xcodeproj/_4_Hashing_Info.plist;
				LD_RUNPATH_SEARCH_PATHS = "$(TOOLCHAIN_DIR)/usr/lib/swift/macosx @executable_path";
				OTHER_LDFLAGS = "$(inherited)";
				OTHER_SWIFT_FLAGS = "$(inherited)";
				SWIFT_FORCE_DYNAMIC_LINK_STDLIB = YES;
				SWIFT_FORCE_STATIC_LINK_STDLIB = NO;
				SWIFT_VERSION = 4.0;
				TARGET_NAME = "04-Hashing";
			};
			name = Release;
		};
		OBJ_116 /* Debug */ = {
			isa = XCBuildConfiguration;
			buildSettings = {
				FRAMEWORK_SEARCH_PATHS = (
					"$(inherited)",
					"$(PLATFORM_DIR)/Developer/Library/Frameworks",
				);
				HEADER_SEARCH_PATHS = "$(inherited)";
				INFOPLIST_FILE = AdventOfCode.xcodeproj/_9_Routes_Info.plist;
				LD_RUNPATH_SEARCH_PATHS = "$(TOOLCHAIN_DIR)/usr/lib/swift/macosx @executable_path";
				OTHER_LDFLAGS = "$(inherited)";
				OTHER_SWIFT_FLAGS = "$(inherited)";
				SWIFT_FORCE_DYNAMIC_LINK_STDLIB = YES;
				SWIFT_FORCE_STATIC_LINK_STDLIB = NO;
				SWIFT_VERSION = 4.0;
				TARGET_NAME = "09-Routes";
			};
			name = Debug;
		};
		OBJ_117 /* Release */ = {
			isa = XCBuildConfiguration;
			buildSettings = {
				FRAMEWORK_SEARCH_PATHS = (
					"$(inherited)",
					"$(PLATFORM_DIR)/Developer/Library/Frameworks",
				);
				HEADER_SEARCH_PATHS = "$(inherited)";
				INFOPLIST_FILE = AdventOfCode.xcodeproj/_9_Routes_Info.plist;
				LD_RUNPATH_SEARCH_PATHS = "$(TOOLCHAIN_DIR)/usr/lib/swift/macosx @executable_path";
				OTHER_LDFLAGS = "$(inherited)";
				OTHER_SWIFT_FLAGS = "$(inherited)";
				SWIFT_FORCE_DYNAMIC_LINK_STDLIB = YES;
				SWIFT_FORCE_STATIC_LINK_STDLIB = NO;
				SWIFT_VERSION = 4.0;
				TARGET_NAME = "09-Routes";
			};
			name = Release;
		};
		OBJ_125 /* Debug */ = {
			isa = XCBuildConfiguration;
			buildSettings = {
				FRAMEWORK_SEARCH_PATHS = (
					"$(inherited)",
					"$(PLATFORM_DIR)/Developer/Library/Frameworks",
				);
				HEADER_SEARCH_PATHS = "$(inherited)";
				INFOPLIST_FILE = AdventOfCode.xcodeproj/_6_Sues_Info.plist;
				LD_RUNPATH_SEARCH_PATHS = "$(TOOLCHAIN_DIR)/usr/lib/swift/macosx @executable_path";
				OTHER_LDFLAGS = "$(inherited)";
				OTHER_SWIFT_FLAGS = "$(inherited)";
				SWIFT_FORCE_DYNAMIC_LINK_STDLIB = YES;
				SWIFT_FORCE_STATIC_LINK_STDLIB = NO;
				SWIFT_VERSION = 4.0;
				TARGET_NAME = "16-Sues";
			};
			name = Debug;
		};
		OBJ_126 /* Release */ = {
			isa = XCBuildConfiguration;
			buildSettings = {
				FRAMEWORK_SEARCH_PATHS = (
					"$(inherited)",
					"$(PLATFORM_DIR)/Developer/Library/Frameworks",
				);
				HEADER_SEARCH_PATHS = "$(inherited)";
				INFOPLIST_FILE = AdventOfCode.xcodeproj/_6_Sues_Info.plist;
				LD_RUNPATH_SEARCH_PATHS = "$(TOOLCHAIN_DIR)/usr/lib/swift/macosx @executable_path";
				OTHER_LDFLAGS = "$(inherited)";
				OTHER_SWIFT_FLAGS = "$(inherited)";
				SWIFT_FORCE_DYNAMIC_LINK_STDLIB = YES;
				SWIFT_FORCE_STATIC_LINK_STDLIB = NO;
				SWIFT_VERSION = 4.0;
				TARGET_NAME = "16-Sues";
			};
			name = Release;
		};
		OBJ_134 /* Debug */ = {
			isa = XCBuildConfiguration;
			buildSettings = {
				FRAMEWORK_SEARCH_PATHS = (
					"$(inherited)",
					"$(PLATFORM_DIR)/Developer/Library/Frameworks",
				);
				HEADER_SEARCH_PATHS = "$(inherited)";
				INFOPLIST_FILE = AdventOfCode.xcodeproj/_1_Passwords_Info.plist;
				LD_RUNPATH_SEARCH_PATHS = "$(TOOLCHAIN_DIR)/usr/lib/swift/macosx @executable_path";
				OTHER_LDFLAGS = "$(inherited)";
				OTHER_SWIFT_FLAGS = "$(inherited)";
				SWIFT_FORCE_DYNAMIC_LINK_STDLIB = YES;
				SWIFT_FORCE_STATIC_LINK_STDLIB = NO;
				SWIFT_VERSION = 4.0;
				TARGET_NAME = "11-Passwords";
			};
			name = Debug;
		};
		OBJ_135 /* Release */ = {
			isa = XCBuildConfiguration;
			buildSettings = {
				FRAMEWORK_SEARCH_PATHS = (
					"$(inherited)",
					"$(PLATFORM_DIR)/Developer/Library/Frameworks",
				);
				HEADER_SEARCH_PATHS = "$(inherited)";
				INFOPLIST_FILE = AdventOfCode.xcodeproj/_1_Passwords_Info.plist;
				LD_RUNPATH_SEARCH_PATHS = "$(TOOLCHAIN_DIR)/usr/lib/swift/macosx @executable_path";
				OTHER_LDFLAGS = "$(inherited)";
				OTHER_SWIFT_FLAGS = "$(inherited)";
				SWIFT_FORCE_DYNAMIC_LINK_STDLIB = YES;
				SWIFT_FORCE_STATIC_LINK_STDLIB = NO;
				SWIFT_VERSION = 4.0;
				TARGET_NAME = "11-Passwords";
			};
			name = Release;
		};
		OBJ_143 /* Debug */ = {
			isa = XCBuildConfiguration;
			buildSettings = {
				FRAMEWORK_SEARCH_PATHS = (
					"$(inherited)",
					"$(PLATFORM_DIR)/Developer/Library/Frameworks",
				);
				HEADER_SEARCH_PATHS = "$(inherited)";
				INFOPLIST_FILE = AdventOfCode.xcodeproj/_3_Seating_Info.plist;
				LD_RUNPATH_SEARCH_PATHS = "$(TOOLCHAIN_DIR)/usr/lib/swift/macosx @executable_path";
				OTHER_LDFLAGS = "$(inherited)";
				OTHER_SWIFT_FLAGS = "$(inherited)";
				SWIFT_FORCE_DYNAMIC_LINK_STDLIB = YES;
				SWIFT_FORCE_STATIC_LINK_STDLIB = NO;
				SWIFT_VERSION = 4.0;
				TARGET_NAME = "13-Seating";
			};
			name = Debug;
		};
		OBJ_144 /* Release */ = {
			isa = XCBuildConfiguration;
			buildSettings = {
				FRAMEWORK_SEARCH_PATHS = (
					"$(inherited)",
					"$(PLATFORM_DIR)/Developer/Library/Frameworks",
				);
				HEADER_SEARCH_PATHS = "$(inherited)";
				INFOPLIST_FILE = AdventOfCode.xcodeproj/_3_Seating_Info.plist;
				LD_RUNPATH_SEARCH_PATHS = "$(TOOLCHAIN_DIR)/usr/lib/swift/macosx @executable_path";
				OTHER_LDFLAGS = "$(inherited)";
				OTHER_SWIFT_FLAGS = "$(inherited)";
				SWIFT_FORCE_DYNAMIC_LINK_STDLIB = YES;
				SWIFT_FORCE_STATIC_LINK_STDLIB = NO;
				SWIFT_VERSION = 4.0;
				TARGET_NAME = "13-Seating";
			};
			name = Release;
		};
		OBJ_152 /* Debug */ = {
			isa = XCBuildConfiguration;
			buildSettings = {
				FRAMEWORK_SEARCH_PATHS = (
					"$(inherited)",
					"$(PLATFORM_DIR)/Developer/Library/Frameworks",
				);
				HEADER_SEARCH_PATHS = "$(inherited)";
				INFOPLIST_FILE = AdventOfCode.xcodeproj/_4_Reindeer_Info.plist;
				LD_RUNPATH_SEARCH_PATHS = "$(TOOLCHAIN_DIR)/usr/lib/swift/macosx @executable_path";
				OTHER_LDFLAGS = "$(inherited)";
				OTHER_SWIFT_FLAGS = "$(inherited)";
				SWIFT_FORCE_DYNAMIC_LINK_STDLIB = YES;
				SWIFT_FORCE_STATIC_LINK_STDLIB = NO;
				SWIFT_VERSION = 4.0;
				TARGET_NAME = "14-Reindeer";
			};
			name = Debug;
		};
		OBJ_153 /* Release */ = {
			isa = XCBuildConfiguration;
			buildSettings = {
				FRAMEWORK_SEARCH_PATHS = (
					"$(inherited)",
					"$(PLATFORM_DIR)/Developer/Library/Frameworks",
				);
				HEADER_SEARCH_PATHS = "$(inherited)";
				INFOPLIST_FILE = AdventOfCode.xcodeproj/_4_Reindeer_Info.plist;
				LD_RUNPATH_SEARCH_PATHS = "$(TOOLCHAIN_DIR)/usr/lib/swift/macosx @executable_path";
				OTHER_LDFLAGS = "$(inherited)";
				OTHER_SWIFT_FLAGS = "$(inherited)";
				SWIFT_FORCE_DYNAMIC_LINK_STDLIB = YES;
				SWIFT_FORCE_STATIC_LINK_STDLIB = NO;
				SWIFT_VERSION = 4.0;
				TARGET_NAME = "14-Reindeer";
			};
			name = Release;
		};
		OBJ_161 /* Debug */ = {
			isa = XCBuildConfiguration;
			buildSettings = {
				FRAMEWORK_SEARCH_PATHS = (
					"$(inherited)",
					"$(PLATFORM_DIR)/Developer/Library/Frameworks",
				);
				HEADER_SEARCH_PATHS = "$(inherited)";
				INFOPLIST_FILE = AdventOfCode.xcodeproj/Day19Molecules_Info.plist;
				LD_RUNPATH_SEARCH_PATHS = "$(TOOLCHAIN_DIR)/usr/lib/swift/macosx @executable_path";
				OTHER_LDFLAGS = "$(inherited)";
				OTHER_SWIFT_FLAGS = "$(inherited)";
				SWIFT_FORCE_DYNAMIC_LINK_STDLIB = YES;
				SWIFT_FORCE_STATIC_LINK_STDLIB = NO;
				SWIFT_VERSION = 4.0;
				TARGET_NAME = Day19Molecules;
			};
			name = Debug;
		};
		OBJ_162 /* Release */ = {
			isa = XCBuildConfiguration;
			buildSettings = {
				FRAMEWORK_SEARCH_PATHS = (
					"$(inherited)",
					"$(PLATFORM_DIR)/Developer/Library/Frameworks",
				);
				HEADER_SEARCH_PATHS = "$(inherited)";
				INFOPLIST_FILE = AdventOfCode.xcodeproj/Day19Molecules_Info.plist;
				LD_RUNPATH_SEARCH_PATHS = "$(TOOLCHAIN_DIR)/usr/lib/swift/macosx @executable_path";
				OTHER_LDFLAGS = "$(inherited)";
				OTHER_SWIFT_FLAGS = "$(inherited)";
				SWIFT_FORCE_DYNAMIC_LINK_STDLIB = YES;
				SWIFT_FORCE_STATIC_LINK_STDLIB = NO;
				SWIFT_VERSION = 4.0;
				TARGET_NAME = Day19Molecules;
			};
			name = Release;
		};
		OBJ_170 /* Debug */ = {
			isa = XCBuildConfiguration;
			buildSettings = {
				FRAMEWORK_SEARCH_PATHS = (
					"$(inherited)",
					"$(PLATFORM_DIR)/Developer/Library/Frameworks",
				);
				HEADER_SEARCH_PATHS = "$(inherited)";
				INFOPLIST_FILE = AdventOfCode.xcodeproj/_0_LookAndSay_Info.plist;
				LD_RUNPATH_SEARCH_PATHS = "$(TOOLCHAIN_DIR)/usr/lib/swift/macosx @executable_path";
				OTHER_LDFLAGS = "$(inherited)";
				OTHER_SWIFT_FLAGS = "$(inherited)";
				SWIFT_FORCE_DYNAMIC_LINK_STDLIB = YES;
				SWIFT_FORCE_STATIC_LINK_STDLIB = NO;
				SWIFT_VERSION = 4.0;
				TARGET_NAME = "10-LookAndSay";
			};
			name = Debug;
		};
		OBJ_171 /* Release */ = {
			isa = XCBuildConfiguration;
			buildSettings = {
				FRAMEWORK_SEARCH_PATHS = (
					"$(inherited)",
					"$(PLATFORM_DIR)/Developer/Library/Frameworks",
				);
				HEADER_SEARCH_PATHS = "$(inherited)";
				INFOPLIST_FILE = AdventOfCode.xcodeproj/_0_LookAndSay_Info.plist;
				LD_RUNPATH_SEARCH_PATHS = "$(TOOLCHAIN_DIR)/usr/lib/swift/macosx @executable_path";
				OTHER_LDFLAGS = "$(inherited)";
				OTHER_SWIFT_FLAGS = "$(inherited)";
				SWIFT_FORCE_DYNAMIC_LINK_STDLIB = YES;
				SWIFT_FORCE_STATIC_LINK_STDLIB = NO;
				SWIFT_VERSION = 4.0;
				TARGET_NAME = "10-LookAndSay";
			};
			name = Release;
		};
		OBJ_179 /* Debug */ = {
			isa = XCBuildConfiguration;
			buildSettings = {
				FRAMEWORK_SEARCH_PATHS = (
					"$(inherited)",
					"$(PLATFORM_DIR)/Developer/Library/Frameworks",
				);
				HEADER_SEARCH_PATHS = "$(inherited)";
				INFOPLIST_FILE = AdventOfCode.xcodeproj/Day20Elves_Info.plist;
				LD_RUNPATH_SEARCH_PATHS = "$(TOOLCHAIN_DIR)/usr/lib/swift/macosx @executable_path";
				OTHER_LDFLAGS = "$(inherited)";
				OTHER_SWIFT_FLAGS = "$(inherited)";
				SWIFT_FORCE_DYNAMIC_LINK_STDLIB = YES;
				SWIFT_FORCE_STATIC_LINK_STDLIB = NO;
				SWIFT_VERSION = 4.0;
				TARGET_NAME = Day20Elves;
			};
			name = Debug;
		};
		OBJ_180 /* Release */ = {
			isa = XCBuildConfiguration;
			buildSettings = {
				FRAMEWORK_SEARCH_PATHS = (
					"$(inherited)",
					"$(PLATFORM_DIR)/Developer/Library/Frameworks",
				);
				HEADER_SEARCH_PATHS = "$(inherited)";
				INFOPLIST_FILE = AdventOfCode.xcodeproj/Day20Elves_Info.plist;
				LD_RUNPATH_SEARCH_PATHS = "$(TOOLCHAIN_DIR)/usr/lib/swift/macosx @executable_path";
				OTHER_LDFLAGS = "$(inherited)";
				OTHER_SWIFT_FLAGS = "$(inherited)";
				SWIFT_FORCE_DYNAMIC_LINK_STDLIB = YES;
				SWIFT_FORCE_STATIC_LINK_STDLIB = NO;
				SWIFT_VERSION = 4.0;
				TARGET_NAME = Day20Elves;
			};
			name = Release;
		};
		OBJ_188 /* Debug */ = {
			isa = XCBuildConfiguration;
			buildSettings = {
				FRAMEWORK_SEARCH_PATHS = (
					"$(inherited)",
					"$(PLATFORM_DIR)/Developer/Library/Frameworks",
				);
				HEADER_SEARCH_PATHS = "$(inherited)";
				INFOPLIST_FILE = AdventOfCode.xcodeproj/_7_Wires_Info.plist;
				LD_RUNPATH_SEARCH_PATHS = "$(TOOLCHAIN_DIR)/usr/lib/swift/macosx @executable_path";
				OTHER_LDFLAGS = "$(inherited)";
				OTHER_SWIFT_FLAGS = "$(inherited)";
				SWIFT_FORCE_DYNAMIC_LINK_STDLIB = YES;
				SWIFT_FORCE_STATIC_LINK_STDLIB = NO;
				SWIFT_VERSION = 4.0;
				TARGET_NAME = "07-Wires";
			};
			name = Debug;
		};
		OBJ_189 /* Release */ = {
			isa = XCBuildConfiguration;
			buildSettings = {
				FRAMEWORK_SEARCH_PATHS = (
					"$(inherited)",
					"$(PLATFORM_DIR)/Developer/Library/Frameworks",
				);
				HEADER_SEARCH_PATHS = "$(inherited)";
				INFOPLIST_FILE = AdventOfCode.xcodeproj/_7_Wires_Info.plist;
				LD_RUNPATH_SEARCH_PATHS = "$(TOOLCHAIN_DIR)/usr/lib/swift/macosx @executable_path";
				OTHER_LDFLAGS = "$(inherited)";
				OTHER_SWIFT_FLAGS = "$(inherited)";
				SWIFT_FORCE_DYNAMIC_LINK_STDLIB = YES;
				SWIFT_FORCE_STATIC_LINK_STDLIB = NO;
				SWIFT_VERSION = 4.0;
				TARGET_NAME = "07-Wires";
			};
			name = Release;
		};
		OBJ_197 /* Debug */ = {
			isa = XCBuildConfiguration;
			buildSettings = {
				FRAMEWORK_SEARCH_PATHS = (
					"$(inherited)",
					"$(PLATFORM_DIR)/Developer/Library/Frameworks",
				);
				HEADER_SEARCH_PATHS = "$(inherited)";
				INFOPLIST_FILE = AdventOfCode.xcodeproj/_7_Eggnog_Info.plist;
				LD_RUNPATH_SEARCH_PATHS = "$(TOOLCHAIN_DIR)/usr/lib/swift/macosx @executable_path";
				OTHER_LDFLAGS = "$(inherited)";
				OTHER_SWIFT_FLAGS = "$(inherited)";
				SWIFT_FORCE_DYNAMIC_LINK_STDLIB = YES;
				SWIFT_FORCE_STATIC_LINK_STDLIB = NO;
				SWIFT_VERSION = 4.0;
				TARGET_NAME = "17-Eggnog";
			};
			name = Debug;
		};
		OBJ_198 /* Release */ = {
			isa = XCBuildConfiguration;
			buildSettings = {
				FRAMEWORK_SEARCH_PATHS = (
					"$(inherited)",
					"$(PLATFORM_DIR)/Developer/Library/Frameworks",
				);
				HEADER_SEARCH_PATHS = "$(inherited)";
				INFOPLIST_FILE = AdventOfCode.xcodeproj/_7_Eggnog_Info.plist;
				LD_RUNPATH_SEARCH_PATHS = "$(TOOLCHAIN_DIR)/usr/lib/swift/macosx @executable_path";
				OTHER_LDFLAGS = "$(inherited)";
				OTHER_SWIFT_FLAGS = "$(inherited)";
				SWIFT_FORCE_DYNAMIC_LINK_STDLIB = YES;
				SWIFT_FORCE_STATIC_LINK_STDLIB = NO;
				SWIFT_VERSION = 4.0;
				TARGET_NAME = "17-Eggnog";
			};
			name = Release;
		};
		OBJ_206 /* Debug */ = {
			isa = XCBuildConfiguration;
			buildSettings = {
				FRAMEWORK_SEARCH_PATHS = (
					"$(inherited)",
					"$(PLATFORM_DIR)/Developer/Library/Frameworks",
				);
				HEADER_SEARCH_PATHS = "$(inherited)";
				INFOPLIST_FILE = AdventOfCode.xcodeproj/_6_Lights_Info.plist;
				LD_RUNPATH_SEARCH_PATHS = "$(TOOLCHAIN_DIR)/usr/lib/swift/macosx @executable_path";
				OTHER_LDFLAGS = "$(inherited)";
				OTHER_SWIFT_FLAGS = "$(inherited)";
				SWIFT_FORCE_DYNAMIC_LINK_STDLIB = YES;
				SWIFT_FORCE_STATIC_LINK_STDLIB = NO;
				SWIFT_VERSION = 4.0;
				TARGET_NAME = "06-Lights";
			};
			name = Debug;
		};
		OBJ_207 /* Release */ = {
			isa = XCBuildConfiguration;
			buildSettings = {
				FRAMEWORK_SEARCH_PATHS = (
					"$(inherited)",
					"$(PLATFORM_DIR)/Developer/Library/Frameworks",
				);
				HEADER_SEARCH_PATHS = "$(inherited)";
				INFOPLIST_FILE = AdventOfCode.xcodeproj/_6_Lights_Info.plist;
				LD_RUNPATH_SEARCH_PATHS = "$(TOOLCHAIN_DIR)/usr/lib/swift/macosx @executable_path";
				OTHER_LDFLAGS = "$(inherited)";
				OTHER_SWIFT_FLAGS = "$(inherited)";
				SWIFT_FORCE_DYNAMIC_LINK_STDLIB = YES;
				SWIFT_FORCE_STATIC_LINK_STDLIB = NO;
				SWIFT_VERSION = 4.0;
				TARGET_NAME = "06-Lights";
			};
			name = Release;
		};
		OBJ_215 /* Debug */ = {
			isa = XCBuildConfiguration;
			buildSettings = {
				FRAMEWORK_SEARCH_PATHS = (
					"$(inherited)",
					"$(PLATFORM_DIR)/Developer/Library/Frameworks",
				);
				HEADER_SEARCH_PATHS = "$(inherited)";
				INFOPLIST_FILE = AdventOfCode.xcodeproj/_8_Matchsticks_Info.plist;
				LD_RUNPATH_SEARCH_PATHS = "$(TOOLCHAIN_DIR)/usr/lib/swift/macosx @executable_path";
				OTHER_LDFLAGS = "$(inherited)";
				OTHER_SWIFT_FLAGS = "$(inherited)";
				SWIFT_FORCE_DYNAMIC_LINK_STDLIB = YES;
				SWIFT_FORCE_STATIC_LINK_STDLIB = NO;
				SWIFT_VERSION = 4.0;
				TARGET_NAME = "08-Matchsticks";
			};
			name = Debug;
		};
		OBJ_216 /* Release */ = {
			isa = XCBuildConfiguration;
			buildSettings = {
				FRAMEWORK_SEARCH_PATHS = (
					"$(inherited)",
					"$(PLATFORM_DIR)/Developer/Library/Frameworks",
				);
				HEADER_SEARCH_PATHS = "$(inherited)";
				INFOPLIST_FILE = AdventOfCode.xcodeproj/_8_Matchsticks_Info.plist;
				LD_RUNPATH_SEARCH_PATHS = "$(TOOLCHAIN_DIR)/usr/lib/swift/macosx @executable_path";
				OTHER_LDFLAGS = "$(inherited)";
				OTHER_SWIFT_FLAGS = "$(inherited)";
				SWIFT_FORCE_DYNAMIC_LINK_STDLIB = YES;
				SWIFT_FORCE_STATIC_LINK_STDLIB = NO;
				SWIFT_VERSION = 4.0;
				TARGET_NAME = "08-Matchsticks";
			};
			name = Release;
		};
		OBJ_224 /* Debug */ = {
			isa = XCBuildConfiguration;
			buildSettings = {
				FRAMEWORK_SEARCH_PATHS = (
					"$(inherited)",
					"$(PLATFORM_DIR)/Developer/Library/Frameworks",
				);
				HEADER_SEARCH_PATHS = "$(inherited)";
				INFOPLIST_FILE = AdventOfCode.xcodeproj/_8_GIF_Info.plist;
				LD_RUNPATH_SEARCH_PATHS = "$(TOOLCHAIN_DIR)/usr/lib/swift/macosx @executable_path";
				OTHER_LDFLAGS = "$(inherited)";
				OTHER_SWIFT_FLAGS = "$(inherited)";
				SWIFT_FORCE_DYNAMIC_LINK_STDLIB = YES;
				SWIFT_FORCE_STATIC_LINK_STDLIB = NO;
				SWIFT_VERSION = 4.0;
				TARGET_NAME = "18-GIF";
			};
			name = Debug;
		};
		OBJ_225 /* Release */ = {
			isa = XCBuildConfiguration;
			buildSettings = {
				FRAMEWORK_SEARCH_PATHS = (
					"$(inherited)",
					"$(PLATFORM_DIR)/Developer/Library/Frameworks",
				);
				HEADER_SEARCH_PATHS = "$(inherited)";
				INFOPLIST_FILE = AdventOfCode.xcodeproj/_8_GIF_Info.plist;
				LD_RUNPATH_SEARCH_PATHS = "$(TOOLCHAIN_DIR)/usr/lib/swift/macosx @executable_path";
				OTHER_LDFLAGS = "$(inherited)";
				OTHER_SWIFT_FLAGS = "$(inherited)";
				SWIFT_FORCE_DYNAMIC_LINK_STDLIB = YES;
				SWIFT_FORCE_STATIC_LINK_STDLIB = NO;
				SWIFT_VERSION = 4.0;
				TARGET_NAME = "18-GIF";
			};
			name = Release;
		};
		OBJ_233 /* Debug */ = {
			isa = XCBuildConfiguration;
			buildSettings = {
				FRAMEWORK_SEARCH_PATHS = (
					"$(inherited)",
					"$(PLATFORM_DIR)/Developer/Library/Frameworks",
				);
				HEADER_SEARCH_PATHS = "$(inherited)";
				INFOPLIST_FILE = AdventOfCode.xcodeproj/_2_Presents_Info.plist;
				LD_RUNPATH_SEARCH_PATHS = "$(TOOLCHAIN_DIR)/usr/lib/swift/macosx @executable_path";
				OTHER_LDFLAGS = "$(inherited)";
				OTHER_SWIFT_FLAGS = "$(inherited)";
				SWIFT_FORCE_DYNAMIC_LINK_STDLIB = YES;
				SWIFT_FORCE_STATIC_LINK_STDLIB = NO;
				SWIFT_VERSION = 4.0;
				TARGET_NAME = "02-Presents";
			};
			name = Debug;
		};
		OBJ_234 /* Release */ = {
			isa = XCBuildConfiguration;
			buildSettings = {
				FRAMEWORK_SEARCH_PATHS = (
					"$(inherited)",
					"$(PLATFORM_DIR)/Developer/Library/Frameworks",
				);
				HEADER_SEARCH_PATHS = "$(inherited)";
				INFOPLIST_FILE = AdventOfCode.xcodeproj/_2_Presents_Info.plist;
				LD_RUNPATH_SEARCH_PATHS = "$(TOOLCHAIN_DIR)/usr/lib/swift/macosx @executable_path";
				OTHER_LDFLAGS = "$(inherited)";
				OTHER_SWIFT_FLAGS = "$(inherited)";
				SWIFT_FORCE_DYNAMIC_LINK_STDLIB = YES;
				SWIFT_FORCE_STATIC_LINK_STDLIB = NO;
				SWIFT_VERSION = 4.0;
				TARGET_NAME = "02-Presents";
			};
			name = Release;
		};
		OBJ_242 /* Debug */ = {
			isa = XCBuildConfiguration;
			buildSettings = {
				FRAMEWORK_SEARCH_PATHS = (
					"$(inherited)",
					"$(PLATFORM_DIR)/Developer/Library/Frameworks",
				);
				HEADER_SEARCH_PATHS = "$(inherited)";
				INFOPLIST_FILE = AdventOfCode.xcodeproj/Day01Floors_Info.plist;
				LD_RUNPATH_SEARCH_PATHS = "$(TOOLCHAIN_DIR)/usr/lib/swift/macosx @executable_path";
				OTHER_LDFLAGS = "$(inherited)";
				OTHER_SWIFT_FLAGS = "$(inherited)";
				SWIFT_FORCE_DYNAMIC_LINK_STDLIB = YES;
				SWIFT_FORCE_STATIC_LINK_STDLIB = NO;
				SWIFT_VERSION = 4.0;
				TARGET_NAME = Day01Floors;
			};
			name = Debug;
		};
		OBJ_243 /* Release */ = {
			isa = XCBuildConfiguration;
			buildSettings = {
				FRAMEWORK_SEARCH_PATHS = (
					"$(inherited)",
					"$(PLATFORM_DIR)/Developer/Library/Frameworks",
				);
				HEADER_SEARCH_PATHS = "$(inherited)";
				INFOPLIST_FILE = AdventOfCode.xcodeproj/Day01Floors_Info.plist;
				LD_RUNPATH_SEARCH_PATHS = "$(TOOLCHAIN_DIR)/usr/lib/swift/macosx @executable_path";
				OTHER_LDFLAGS = "$(inherited)";
				OTHER_SWIFT_FLAGS = "$(inherited)";
				SWIFT_FORCE_DYNAMIC_LINK_STDLIB = YES;
				SWIFT_FORCE_STATIC_LINK_STDLIB = NO;
				SWIFT_VERSION = 4.0;
				TARGET_NAME = Day01Floors;
			};
			name = Release;
		};
		OBJ_250 /* Debug */ = {
			isa = XCBuildConfiguration;
			buildSettings = {
				ENABLE_TESTABILITY = YES;
				FRAMEWORK_SEARCH_PATHS = (
					"$(inherited)",
					"$(PLATFORM_DIR)/Developer/Library/Frameworks",
				);
				HEADER_SEARCH_PATHS = "$(inherited)";
				INFOPLIST_FILE = AdventOfCode.xcodeproj/AdventLib_Info.plist;
				LD_RUNPATH_SEARCH_PATHS = "$(TOOLCHAIN_DIR)/usr/lib/swift/macosx";
				OTHER_LDFLAGS = "$(inherited)";
				OTHER_SWIFT_FLAGS = "$(inherited)";
				PRODUCT_BUNDLE_IDENTIFIER = AdventLib;
				PRODUCT_MODULE_NAME = "$(TARGET_NAME:c99extidentifier)";
				PRODUCT_NAME = "$(TARGET_NAME:c99extidentifier)";
				SKIP_INSTALL = YES;
				SWIFT_VERSION = 4.0;
				TARGET_NAME = AdventLib;
			};
			name = Debug;
		};
		OBJ_251 /* Release */ = {
			isa = XCBuildConfiguration;
			buildSettings = {
				ENABLE_TESTABILITY = YES;
				FRAMEWORK_SEARCH_PATHS = (
					"$(inherited)",
					"$(PLATFORM_DIR)/Developer/Library/Frameworks",
				);
				HEADER_SEARCH_PATHS = "$(inherited)";
				INFOPLIST_FILE = AdventOfCode.xcodeproj/AdventLib_Info.plist;
				LD_RUNPATH_SEARCH_PATHS = "$(TOOLCHAIN_DIR)/usr/lib/swift/macosx";
				OTHER_LDFLAGS = "$(inherited)";
				OTHER_SWIFT_FLAGS = "$(inherited)";
				PRODUCT_BUNDLE_IDENTIFIER = AdventLib;
				PRODUCT_MODULE_NAME = "$(TARGET_NAME:c99extidentifier)";
				PRODUCT_NAME = "$(TARGET_NAME:c99extidentifier)";
				SKIP_INSTALL = YES;
				SWIFT_VERSION = 4.0;
				TARGET_NAME = AdventLib;
			};
			name = Release;
		};
		OBJ_3 /* Debug */ = {
			isa = XCBuildConfiguration;
			buildSettings = {
				CLANG_ENABLE_OBJC_ARC = YES;
				COMBINE_HIDPI_IMAGES = YES;
				COPY_PHASE_STRIP = NO;
				DEBUG_INFORMATION_FORMAT = dwarf;
				DYLIB_INSTALL_NAME_BASE = "@rpath";
				ENABLE_NS_ASSERTIONS = YES;
				GCC_OPTIMIZATION_LEVEL = 0;
				MACOSX_DEPLOYMENT_TARGET = 10.10;
				ONLY_ACTIVE_ARCH = YES;
				OTHER_SWIFT_FLAGS = "-DXcode";
				PRODUCT_NAME = "$(TARGET_NAME)";
				SDKROOT = macosx;
				SUPPORTED_PLATFORMS = "macosx iphoneos iphonesimulator appletvos appletvsimulator watchos watchsimulator";
				SWIFT_ACTIVE_COMPILATION_CONDITIONS = SWIFT_PACKAGE;
				SWIFT_OPTIMIZATION_LEVEL = "-Onone";
				USE_HEADERMAP = NO;
			};
			name = Debug;
		};
		OBJ_4 /* Release */ = {
			isa = XCBuildConfiguration;
			buildSettings = {
				CLANG_ENABLE_OBJC_ARC = YES;
				COMBINE_HIDPI_IMAGES = YES;
				COPY_PHASE_STRIP = YES;
				DEBUG_INFORMATION_FORMAT = "dwarf-with-dsym";
				DYLIB_INSTALL_NAME_BASE = "@rpath";
				GCC_OPTIMIZATION_LEVEL = s;
				MACOSX_DEPLOYMENT_TARGET = 10.10;
				OTHER_SWIFT_FLAGS = "-DXcode";
				PRODUCT_NAME = "$(TARGET_NAME)";
				SDKROOT = macosx;
				SUPPORTED_PLATFORMS = "macosx iphoneos iphonesimulator appletvos appletvsimulator watchos watchsimulator";
				SWIFT_ACTIVE_COMPILATION_CONDITIONS = SWIFT_PACKAGE;
				SWIFT_OPTIMIZATION_LEVEL = "-Owholemodule";
				USE_HEADERMAP = NO;
			};
			name = Release;
		};
		OBJ_73 /* Debug */ = {
			isa = XCBuildConfiguration;
			buildSettings = {
				LD = /usr/bin/true;
				OTHER_SWIFT_FLAGS = "-swift-version 4 -I /Applications/Xcode.app/Contents/Developer/Toolchains/XcodeDefault.xctoolchain/usr/lib/swift/pm/4 -target x86_64-apple-macosx10.10 -sdk /Applications/Xcode.app/Contents/Developer/Platforms/MacOSX.platform/Developer/SDKs/MacOSX10.13.sdk";
				SWIFT_VERSION = 4.0;
			};
			name = Debug;
		};
		OBJ_74 /* Release */ = {
			isa = XCBuildConfiguration;
			buildSettings = {
				LD = /usr/bin/true;
				OTHER_SWIFT_FLAGS = "-swift-version 4 -I /Applications/Xcode.app/Contents/Developer/Toolchains/XcodeDefault.xctoolchain/usr/lib/swift/pm/4 -target x86_64-apple-macosx10.10 -sdk /Applications/Xcode.app/Contents/Developer/Platforms/MacOSX.platform/Developer/SDKs/MacOSX10.13.sdk";
				SWIFT_VERSION = 4.0;
			};
			name = Release;
		};
		OBJ_79 /* Debug */ = {
			isa = XCBuildConfiguration;
			buildSettings = {
				FRAMEWORK_SEARCH_PATHS = (
					"$(inherited)",
					"$(PLATFORM_DIR)/Developer/Library/Frameworks",
				);
				HEADER_SEARCH_PATHS = "$(inherited)";
				INFOPLIST_FILE = AdventOfCode.xcodeproj/_3_Visits_Info.plist;
				LD_RUNPATH_SEARCH_PATHS = "$(TOOLCHAIN_DIR)/usr/lib/swift/macosx @executable_path";
				OTHER_LDFLAGS = "$(inherited)";
				OTHER_SWIFT_FLAGS = "$(inherited)";
				SWIFT_FORCE_DYNAMIC_LINK_STDLIB = YES;
				SWIFT_FORCE_STATIC_LINK_STDLIB = NO;
				SWIFT_VERSION = 4.0;
				TARGET_NAME = "03-Visits";
			};
			name = Debug;
		};
		OBJ_80 /* Release */ = {
			isa = XCBuildConfiguration;
			buildSettings = {
				FRAMEWORK_SEARCH_PATHS = (
					"$(inherited)",
					"$(PLATFORM_DIR)/Developer/Library/Frameworks",
				);
				HEADER_SEARCH_PATHS = "$(inherited)";
				INFOPLIST_FILE = AdventOfCode.xcodeproj/_3_Visits_Info.plist;
				LD_RUNPATH_SEARCH_PATHS = "$(TOOLCHAIN_DIR)/usr/lib/swift/macosx @executable_path";
				OTHER_LDFLAGS = "$(inherited)";
				OTHER_SWIFT_FLAGS = "$(inherited)";
				SWIFT_FORCE_DYNAMIC_LINK_STDLIB = YES;
				SWIFT_FORCE_STATIC_LINK_STDLIB = NO;
				SWIFT_VERSION = 4.0;
				TARGET_NAME = "03-Visits";
			};
			name = Release;
		};
		OBJ_89 /* Debug */ = {
			isa = XCBuildConfiguration;
			buildSettings = {
				FRAMEWORK_SEARCH_PATHS = (
					"$(inherited)",
					"$(PLATFORM_DIR)/Developer/Library/Frameworks",
				);
				HEADER_SEARCH_PATHS = "$(inherited)";
				INFOPLIST_FILE = AdventOfCode.xcodeproj/_5_Cookie_Info.plist;
				LD_RUNPATH_SEARCH_PATHS = "$(TOOLCHAIN_DIR)/usr/lib/swift/macosx @executable_path";
				OTHER_LDFLAGS = "$(inherited)";
				OTHER_SWIFT_FLAGS = "$(inherited)";
				SWIFT_FORCE_DYNAMIC_LINK_STDLIB = YES;
				SWIFT_FORCE_STATIC_LINK_STDLIB = NO;
				SWIFT_VERSION = 4.0;
				TARGET_NAME = "15-Cookie";
			};
			name = Debug;
		};
		OBJ_90 /* Release */ = {
			isa = XCBuildConfiguration;
			buildSettings = {
				FRAMEWORK_SEARCH_PATHS = (
					"$(inherited)",
					"$(PLATFORM_DIR)/Developer/Library/Frameworks",
				);
				HEADER_SEARCH_PATHS = "$(inherited)";
				INFOPLIST_FILE = AdventOfCode.xcodeproj/_5_Cookie_Info.plist;
				LD_RUNPATH_SEARCH_PATHS = "$(TOOLCHAIN_DIR)/usr/lib/swift/macosx @executable_path";
				OTHER_LDFLAGS = "$(inherited)";
				OTHER_SWIFT_FLAGS = "$(inherited)";
				SWIFT_FORCE_DYNAMIC_LINK_STDLIB = YES;
				SWIFT_FORCE_STATIC_LINK_STDLIB = NO;
				SWIFT_VERSION = 4.0;
				TARGET_NAME = "15-Cookie";
			};
			name = Release;
		};
		OBJ_98 /* Debug */ = {
			isa = XCBuildConfiguration;
			buildSettings = {
				FRAMEWORK_SEARCH_PATHS = (
					"$(inherited)",
					"$(PLATFORM_DIR)/Developer/Library/Frameworks",
				);
				HEADER_SEARCH_PATHS = "$(inherited)";
				INFOPLIST_FILE = AdventOfCode.xcodeproj/_5_Nice_Info.plist;
				LD_RUNPATH_SEARCH_PATHS = "$(TOOLCHAIN_DIR)/usr/lib/swift/macosx @executable_path";
				OTHER_LDFLAGS = "$(inherited)";
				OTHER_SWIFT_FLAGS = "$(inherited)";
				SWIFT_FORCE_DYNAMIC_LINK_STDLIB = YES;
				SWIFT_FORCE_STATIC_LINK_STDLIB = NO;
				SWIFT_VERSION = 4.0;
				TARGET_NAME = "05-Nice";
			};
			name = Debug;
		};
		OBJ_99 /* Release */ = {
			isa = XCBuildConfiguration;
			buildSettings = {
				FRAMEWORK_SEARCH_PATHS = (
					"$(inherited)",
					"$(PLATFORM_DIR)/Developer/Library/Frameworks",
				);
				HEADER_SEARCH_PATHS = "$(inherited)";
				INFOPLIST_FILE = AdventOfCode.xcodeproj/_5_Nice_Info.plist;
				LD_RUNPATH_SEARCH_PATHS = "$(TOOLCHAIN_DIR)/usr/lib/swift/macosx @executable_path";
				OTHER_LDFLAGS = "$(inherited)";
				OTHER_SWIFT_FLAGS = "$(inherited)";
				SWIFT_FORCE_DYNAMIC_LINK_STDLIB = YES;
				SWIFT_FORCE_STATIC_LINK_STDLIB = NO;
				SWIFT_VERSION = 4.0;
				TARGET_NAME = "05-Nice";
			};
			name = Release;
		};
/* End XCBuildConfiguration section */

/* Begin XCConfigurationList section */
		OBJ_106 /* Build configuration list for PBXNativeTarget "04-Hashing" */ = {
			isa = XCConfigurationList;
			buildConfigurations = (
				OBJ_107 /* Debug */,
				OBJ_108 /* Release */,
			);
			defaultConfigurationIsVisible = 0;
			defaultConfigurationName = Debug;
		};
		OBJ_115 /* Build configuration list for PBXNativeTarget "09-Routes" */ = {
			isa = XCConfigurationList;
			buildConfigurations = (
				OBJ_116 /* Debug */,
				OBJ_117 /* Release */,
			);
			defaultConfigurationIsVisible = 0;
			defaultConfigurationName = Debug;
		};
		OBJ_124 /* Build configuration list for PBXNativeTarget "16-Sues" */ = {
			isa = XCConfigurationList;
			buildConfigurations = (
				OBJ_125 /* Debug */,
				OBJ_126 /* Release */,
			);
			defaultConfigurationIsVisible = 0;
			defaultConfigurationName = Debug;
		};
		OBJ_133 /* Build configuration list for PBXNativeTarget "11-Passwords" */ = {
			isa = XCConfigurationList;
			buildConfigurations = (
				OBJ_134 /* Debug */,
				OBJ_135 /* Release */,
			);
			defaultConfigurationIsVisible = 0;
			defaultConfigurationName = Debug;
		};
		OBJ_142 /* Build configuration list for PBXNativeTarget "13-Seating" */ = {
			isa = XCConfigurationList;
			buildConfigurations = (
				OBJ_143 /* Debug */,
				OBJ_144 /* Release */,
			);
			defaultConfigurationIsVisible = 0;
			defaultConfigurationName = Debug;
		};
		OBJ_151 /* Build configuration list for PBXNativeTarget "14-Reindeer" */ = {
			isa = XCConfigurationList;
			buildConfigurations = (
				OBJ_152 /* Debug */,
				OBJ_153 /* Release */,
			);
			defaultConfigurationIsVisible = 0;
			defaultConfigurationName = Debug;
		};
		OBJ_160 /* Build configuration list for PBXNativeTarget "Day19Molecules" */ = {
			isa = XCConfigurationList;
			buildConfigurations = (
				OBJ_161 /* Debug */,
				OBJ_162 /* Release */,
			);
			defaultConfigurationIsVisible = 0;
			defaultConfigurationName = Debug;
		};
		OBJ_169 /* Build configuration list for PBXNativeTarget "10-LookAndSay" */ = {
			isa = XCConfigurationList;
			buildConfigurations = (
				OBJ_170 /* Debug */,
				OBJ_171 /* Release */,
			);
			defaultConfigurationIsVisible = 0;
			defaultConfigurationName = Debug;
		};
		OBJ_178 /* Build configuration list for PBXNativeTarget "Day20Elves" */ = {
			isa = XCConfigurationList;
			buildConfigurations = (
				OBJ_179 /* Debug */,
				OBJ_180 /* Release */,
			);
			defaultConfigurationIsVisible = 0;
			defaultConfigurationName = Debug;
		};
		OBJ_187 /* Build configuration list for PBXNativeTarget "07-Wires" */ = {
			isa = XCConfigurationList;
			buildConfigurations = (
				OBJ_188 /* Debug */,
				OBJ_189 /* Release */,
			);
			defaultConfigurationIsVisible = 0;
			defaultConfigurationName = Debug;
		};
		OBJ_196 /* Build configuration list for PBXNativeTarget "17-Eggnog" */ = {
			isa = XCConfigurationList;
			buildConfigurations = (
				OBJ_197 /* Debug */,
				OBJ_198 /* Release */,
			);
			defaultConfigurationIsVisible = 0;
			defaultConfigurationName = Debug;
		};
		OBJ_2 /* Build configuration list for PBXProject "AdventOfCode" */ = {
			isa = XCConfigurationList;
			buildConfigurations = (
				OBJ_3 /* Debug */,
				OBJ_4 /* Release */,
			);
			defaultConfigurationIsVisible = 0;
			defaultConfigurationName = Debug;
		};
		OBJ_205 /* Build configuration list for PBXNativeTarget "06-Lights" */ = {
			isa = XCConfigurationList;
			buildConfigurations = (
				OBJ_206 /* Debug */,
				OBJ_207 /* Release */,
			);
			defaultConfigurationIsVisible = 0;
			defaultConfigurationName = Debug;
		};
		OBJ_214 /* Build configuration list for PBXNativeTarget "08-Matchsticks" */ = {
			isa = XCConfigurationList;
			buildConfigurations = (
				OBJ_215 /* Debug */,
				OBJ_216 /* Release */,
			);
			defaultConfigurationIsVisible = 0;
			defaultConfigurationName = Debug;
		};
		OBJ_223 /* Build configuration list for PBXNativeTarget "18-GIF" */ = {
			isa = XCConfigurationList;
			buildConfigurations = (
				OBJ_224 /* Debug */,
				OBJ_225 /* Release */,
			);
			defaultConfigurationIsVisible = 0;
			defaultConfigurationName = Debug;
		};
		OBJ_232 /* Build configuration list for PBXNativeTarget "02-Presents" */ = {
			isa = XCConfigurationList;
			buildConfigurations = (
				OBJ_233 /* Debug */,
				OBJ_234 /* Release */,
			);
			defaultConfigurationIsVisible = 0;
			defaultConfigurationName = Debug;
		};
		OBJ_241 /* Build configuration list for PBXNativeTarget "Day01Floors" */ = {
			isa = XCConfigurationList;
			buildConfigurations = (
				OBJ_242 /* Debug */,
				OBJ_243 /* Release */,
			);
			defaultConfigurationIsVisible = 0;
			defaultConfigurationName = Debug;
		};
		OBJ_249 /* Build configuration list for PBXNativeTarget "AdventLib" */ = {
			isa = XCConfigurationList;
			buildConfigurations = (
				OBJ_250 /* Debug */,
				OBJ_251 /* Release */,
			);
			defaultConfigurationIsVisible = 0;
			defaultConfigurationName = Debug;
		};
		OBJ_72 /* Build configuration list for PBXNativeTarget "AdventOfCodePackageDescription" */ = {
			isa = XCConfigurationList;
			buildConfigurations = (
				OBJ_73 /* Debug */,
				OBJ_74 /* Release */,
			);
			defaultConfigurationIsVisible = 0;
			defaultConfigurationName = Debug;
		};
		OBJ_78 /* Build configuration list for PBXNativeTarget "03-Visits" */ = {
			isa = XCConfigurationList;
			buildConfigurations = (
				OBJ_79 /* Debug */,
				OBJ_80 /* Release */,
			);
			defaultConfigurationIsVisible = 0;
			defaultConfigurationName = Debug;
		};
		OBJ_88 /* Build configuration list for PBXNativeTarget "15-Cookie" */ = {
			isa = XCConfigurationList;
			buildConfigurations = (
				OBJ_89 /* Debug */,
				OBJ_90 /* Release */,
			);
			defaultConfigurationIsVisible = 0;
			defaultConfigurationName = Debug;
		};
		OBJ_97 /* Build configuration list for PBXNativeTarget "05-Nice" */ = {
			isa = XCConfigurationList;
			buildConfigurations = (
				OBJ_98 /* Debug */,
				OBJ_99 /* Release */,
			);
			defaultConfigurationIsVisible = 0;
			defaultConfigurationName = Debug;
		};
/* End XCConfigurationList section */
	};
	rootObject = OBJ_1 /* Project object */;
}
